// !$*UTF8*$!
{
	archiveVersion = 1;
	classes = {
	};
	objectVersion = 46;
	objects = {

/* Begin PBXBuildFile section */
		5253027514AF2625000AECB4 /* SKStackExchangeStore.h in Headers */ = {isa = PBXBuildFile; fileRef = 5253027314AF2624000AECB4 /* SKStackExchangeStore.h */; settings = {ATTRIBUTES = (Private, ); }; };
		5253027614AF2626000AECB4 /* SKStackExchangeStore.m in Sources */ = {isa = PBXBuildFile; fileRef = 5253027414AF2625000AECB4 /* SKStackExchangeStore.m */; };
		5253027D14AF303B000AECB4 /* CoreData.framework in Frameworks */ = {isa = PBXBuildFile; fileRef = 5253027B14AF302D000AECB4 /* CoreData.framework */; };
		5253027E14AF305D000AECB4 /* StackKit.framework in Frameworks */ = {isa = PBXBuildFile; fileRef = 8DC2EF5B0486A6940098B216 /* StackKit.framework */; };
		5253027F14AF3062000AECB4 /* CoreData.framework in Frameworks */ = {isa = PBXBuildFile; fileRef = 5253027B14AF302D000AECB4 /* CoreData.framework */; };
		550C66F214B2761F0000B216 /* SKTag.h in Headers */ = {isa = PBXBuildFile; fileRef = 550C66F014B2761F0000B216 /* SKTag.h */; settings = {ATTRIBUTES = (Public, ); }; };
		550C66F314B2761F0000B216 /* SKTag.m in Sources */ = {isa = PBXBuildFile; fileRef = 550C66F114B2761F0000B216 /* SKTag.m */; };
		550C66F614B2A01C0000B216 /* SKBadge.h in Headers */ = {isa = PBXBuildFile; fileRef = 550C66F414B2A01C0000B216 /* SKBadge.h */; settings = {ATTRIBUTES = (Public, ); }; };
		550C66F714B2A01C0000B216 /* SKBadge.m in Sources */ = {isa = PBXBuildFile; fileRef = 550C66F514B2A01C0000B216 /* SKBadge.m */; };
		550D447E14AE1BBF00AD6022 /* SKConstants.h in Headers */ = {isa = PBXBuildFile; fileRef = 550D447C14AE1BBF00AD6022 /* SKConstants.h */; settings = {ATTRIBUTES = (Private, ); }; };
		550D447F14AE1BBF00AD6022 /* SKConstants.m in Sources */ = {isa = PBXBuildFile; fileRef = 550D447D14AE1BBF00AD6022 /* SKConstants.m */; };
		550D448114AE1FC700AD6022 /* SKMacros.h in Headers */ = {isa = PBXBuildFile; fileRef = 550D448014AE1FC700AD6022 /* SKMacros.h */; settings = {ATTRIBUTES = (Private, ); }; };
		5533AA1F12DA432600F755F7 /* Dummy.m in Sources */ = {isa = PBXBuildFile; fileRef = 5533AA1E12DA432600F755F7 /* Dummy.m */; };
		5547A6B511C8281000CE89E1 /* StackKit.framework in Copy Frameworks */ = {isa = PBXBuildFile; fileRef = 8DC2EF5B0486A6940098B216 /* StackKit.framework */; };
		5547A6FF11C82F5F00CE89E1 /* SKCommentTest.m in Sources */ = {isa = PBXBuildFile; fileRef = 5547A6FE11C82F5F00CE89E1 /* SKCommentTest.m */; };
		557B137A14AED74900BD2DFD /* StackKit.xcdatamodeld in Sources */ = {isa = PBXBuildFile; fileRef = 557B137814AED74900BD2DFD /* StackKit.xcdatamodeld */; };
		557B137D14AEE9A900BD2DFD /* SKUser.h in Headers */ = {isa = PBXBuildFile; fileRef = 557B137B14AEE9A900BD2DFD /* SKUser.h */; settings = {ATTRIBUTES = (Public, ); }; };
		557B137E14AEE9A900BD2DFD /* SKUser.m in Sources */ = {isa = PBXBuildFile; fileRef = 557B137C14AEE9A900BD2DFD /* SKUser.m */; };
		557B138114AEEFDD00BD2DFD /* SKObject.h in Headers */ = {isa = PBXBuildFile; fileRef = 557B137F14AEEFDD00BD2DFD /* SKObject.h */; settings = {ATTRIBUTES = (Public, ); }; };
		557B138214AEEFDD00BD2DFD /* SKObject.m in Sources */ = {isa = PBXBuildFile; fileRef = 557B138014AEEFDD00BD2DFD /* SKObject.m */; };
		557B138414AEF13F00BD2DFD /* SKObject_Internal.h in Headers */ = {isa = PBXBuildFile; fileRef = 557B138314AEF13F00BD2DFD /* SKObject_Internal.h */; settings = {ATTRIBUTES = (Private, ); }; };
		557B138E14AF962100BD2DFD /* SKFetchRequest.h in Headers */ = {isa = PBXBuildFile; fileRef = 557B138C14AF962100BD2DFD /* SKFetchRequest.h */; settings = {ATTRIBUTES = (Public, ); }; };
		557B138F14AF962100BD2DFD /* SKFetchRequest.m in Sources */ = {isa = PBXBuildFile; fileRef = 557B138D14AF962100BD2DFD /* SKFetchRequest.m */; };
		557B139114AF9BC200BD2DFD /* SKFetchRequest_Internal.h in Headers */ = {isa = PBXBuildFile; fileRef = 557B139014AF9BC200BD2DFD /* SKFetchRequest_Internal.h */; settings = {ATTRIBUTES = (Private, ); }; };
		557B139514AFCB6400BD2DFD /* SKSite_Internal.h in Headers */ = {isa = PBXBuildFile; fileRef = 557B139414AFCB6400BD2DFD /* SKSite_Internal.h */; };
		5580C25811BAE79B0056E17C /* SKQuestionTest.m in Sources */ = {isa = PBXBuildFile; fileRef = 55A2E70F110EBAA60038E510 /* SKQuestionTest.m */; };
		55910F9014E383D5008AAE44 /* SKUserFetchRequest.h in Headers */ = {isa = PBXBuildFile; fileRef = 55910F8E14E383D5008AAE44 /* SKUserFetchRequest.h */; settings = {ATTRIBUTES = (Private, ); }; };
		55910F9114E383D5008AAE44 /* SKUserFetchRequest.m in Sources */ = {isa = PBXBuildFile; fileRef = 55910F8F14E383D5008AAE44 /* SKUserFetchRequest.m */; };
		55910F9514E384D3008AAE44 /* SKTagFetchRequest.h in Headers */ = {isa = PBXBuildFile; fileRef = 55910F9314E384D3008AAE44 /* SKTagFetchRequest.h */; settings = {ATTRIBUTES = (Private, ); }; };
		55910F9614E384D3008AAE44 /* SKTagFetchRequest.m in Sources */ = {isa = PBXBuildFile; fileRef = 55910F9414E384D3008AAE44 /* SKTagFetchRequest.m */; };
		55910F9914E38560008AAE44 /* SKBadgeFetchRequest.h in Headers */ = {isa = PBXBuildFile; fileRef = 55910F9714E38560008AAE44 /* SKBadgeFetchRequest.h */; };
		55910F9A14E38560008AAE44 /* SKBadgeFetchRequest.m in Sources */ = {isa = PBXBuildFile; fileRef = 55910F9814E38560008AAE44 /* SKBadgeFetchRequest.m */; };
		55910FB314E391E6008AAE44 /* SKAnswer.h in Headers */ = {isa = PBXBuildFile; fileRef = 55910FB114E391E6008AAE44 /* SKAnswer.h */; };
		55910FB414E391E6008AAE44 /* SKAnswer.m in Sources */ = {isa = PBXBuildFile; fileRef = 55910FB214E391E6008AAE44 /* SKAnswer.m */; };
		5592AD9B14AAC96A007D4734 /* SKSite.h in Headers */ = {isa = PBXBuildFile; fileRef = 5592AD9914AAC96A007D4734 /* SKSite.h */; settings = {ATTRIBUTES = (Public, ); }; };
		5592AD9C14AAC96A007D4734 /* SKSite.m in Sources */ = {isa = PBXBuildFile; fileRef = 5592AD9A14AAC96A007D4734 /* SKSite.m */; };
		5592AD9F14AAC9BD007D4734 /* SKTypes.h in Headers */ = {isa = PBXBuildFile; fileRef = 5592AD9D14AAC9BD007D4734 /* SKTypes.h */; settings = {ATTRIBUTES = (Public, ); }; };
		5592ADA014AAC9BD007D4734 /* SKTypes.m in Sources */ = {isa = PBXBuildFile; fileRef = 5592AD9E14AAC9BD007D4734 /* SKTypes.m */; };
		5592ADA214AAC9ED007D4734 /* StackKit.h in Headers */ = {isa = PBXBuildFile; fileRef = 5592ADA114AAC9ED007D4734 /* StackKit.h */; settings = {ATTRIBUTES = (Public, ); }; };
		5592ADB114AACBD3007D4734 /* SKFunctions.h in Headers */ = {isa = PBXBuildFile; fileRef = 5592ADAF14AACBD3007D4734 /* SKFunctions.h */; settings = {ATTRIBUTES = (Private, ); }; };
		5592ADB214AACBD3007D4734 /* SKFunctions.m in Sources */ = {isa = PBXBuildFile; fileRef = 5592ADB014AACBD3007D4734 /* SKFunctions.m */; };
		55A2E4F9110E3A0B0038E510 /* StackKit.framework in Frameworks */ = {isa = PBXBuildFile; fileRef = 8DC2EF5B0486A6940098B216 /* StackKit.framework */; };
		55A2E5CD110E5EE00038E510 /* SKUserTest.h in Headers */ = {isa = PBXBuildFile; fileRef = 55A2E5CB110E5EE00038E510 /* SKUserTest.h */; };
		55A2E5CF110E5EE80038E510 /* SKUserTest.m in Sources */ = {isa = PBXBuildFile; fileRef = 55A2E5CC110E5EE00038E510 /* SKUserTest.m */; };
		55A2E710110EBAA60038E510 /* SKQuestionTest.h in Headers */ = {isa = PBXBuildFile; fileRef = 55A2E70E110EBAA60038E510 /* SKQuestionTest.h */; };
		55C23A0811690333009064EE /* SKSiteTest.h in Headers */ = {isa = PBXBuildFile; fileRef = 55C23A0611690333009064EE /* SKSiteTest.h */; };
		55C23A0A11690348009064EE /* SKSiteTest.m in Sources */ = {isa = PBXBuildFile; fileRef = 55C23A0711690333009064EE /* SKSiteTest.m */; };
		55C23A8511693FE1009064EE /* SKBadgeTest.m in Sources */ = {isa = PBXBuildFile; fileRef = 55C23A8411693FE1009064EE /* SKBadgeTest.m */; };
		55C23C9211699C40009064EE /* SKTestConstants.m in Sources */ = {isa = PBXBuildFile; fileRef = 55C23C9111699C40009064EE /* SKTestConstants.m */; };
		55C23E5A116A9BA9009064EE /* SKTagTest.m in Sources */ = {isa = PBXBuildFile; fileRef = 55C23E59116A9BA9009064EE /* SKTagTest.m */; };
		55DC06ED14B188F10060BF49 /* SKCache.h in Headers */ = {isa = PBXBuildFile; fileRef = 55DC06EB14B188F10060BF49 /* SKCache.h */; settings = {ATTRIBUTES = (Private, ); }; };
		55DC06EE14B188F10060BF49 /* SKCache.m in Sources */ = {isa = PBXBuildFile; fileRef = 55DC06EC14B188F10060BF49 /* SKCache.m */; };
		55FA956C11613C54003A9CD7 /* NSPredicate_SKAdditionsTest.m in Sources */ = {isa = PBXBuildFile; fileRef = 55FA956B11613C54003A9CD7 /* NSPredicate_SKAdditionsTest.m */; };
		8DC2EF530486A6940098B216 /* InfoPlist.strings in Resources */ = {isa = PBXBuildFile; fileRef = 089C1666FE841158C02AAC07 /* InfoPlist.strings */; };
		8DC2EF570486A6940098B216 /* Cocoa.framework in Frameworks */ = {isa = PBXBuildFile; fileRef = 1058C7B1FEA5585E11CA2CBB /* Cocoa.framework */; };
/* End PBXBuildFile section */

/* Begin PBXContainerItemProxy section */
		5533AA1712DA430D00F755F7 /* PBXContainerItemProxy */ = {
			isa = PBXContainerItemProxy;
			containerPortal = 0867D690FE84028FC02AAC07 /* Project object */;
			proxyType = 1;
			remoteGlobalIDString = 8DC2EF4F0486A6940098B216;
			remoteInfo = StackKit;
		};
		55A2E4FC110E3A100038E510 /* PBXContainerItemProxy */ = {
			isa = PBXContainerItemProxy;
			containerPortal = 0867D690FE84028FC02AAC07 /* Project object */;
			proxyType = 1;
			remoteGlobalIDString = 8DC2EF4F0486A6940098B216;
			remoteInfo = StackKit;
		};
/* End PBXContainerItemProxy section */

/* Begin PBXCopyFilesBuildPhase section */
		5547A6D311C8284000CE89E1 /* Copy Frameworks */ = {
			isa = PBXCopyFilesBuildPhase;
			buildActionMask = 2147483647;
			dstPath = "";
			dstSubfolderSpec = 10;
			files = (
				5547A6B511C8281000CE89E1 /* StackKit.framework in Copy Frameworks */,
			);
			name = "Copy Frameworks";
			runOnlyForDeploymentPostprocessing = 0;
		};
/* End PBXCopyFilesBuildPhase section */

/* Begin PBXFileReference section */
		0867D69BFE84028FC02AAC07 /* Foundation.framework */ = {isa = PBXFileReference; lastKnownFileType = wrapper.framework; name = Foundation.framework; path = /System/Library/Frameworks/Foundation.framework; sourceTree = "<absolute>"; };
		0867D6A5FE840307C02AAC07 /* AppKit.framework */ = {isa = PBXFileReference; lastKnownFileType = wrapper.framework; name = AppKit.framework; path = /System/Library/Frameworks/AppKit.framework; sourceTree = "<absolute>"; };
		089C1667FE841158C02AAC07 /* English */ = {isa = PBXFileReference; fileEncoding = 4; lastKnownFileType = text.plist.strings; name = English; path = English.lproj/InfoPlist.strings; sourceTree = "<group>"; };
		1058C7B1FEA5585E11CA2CBB /* Cocoa.framework */ = {isa = PBXFileReference; lastKnownFileType = wrapper.framework; name = Cocoa.framework; path = /System/Library/Frameworks/Cocoa.framework; sourceTree = "<absolute>"; };
		32DBCF5E0370ADEE00C91783 /* StackKit_Prefix.pch */ = {isa = PBXFileReference; fileEncoding = 4; lastKnownFileType = sourcecode.c.h; path = StackKit_Prefix.pch; sourceTree = "<group>"; };
		5253027314AF2624000AECB4 /* SKStackExchangeStore.h */ = {isa = PBXFileReference; fileEncoding = 4; lastKnownFileType = sourcecode.c.h; path = SKStackExchangeStore.h; sourceTree = "<group>"; };
		5253027414AF2625000AECB4 /* SKStackExchangeStore.m */ = {isa = PBXFileReference; fileEncoding = 4; lastKnownFileType = sourcecode.c.objc; path = SKStackExchangeStore.m; sourceTree = "<group>"; };
		5253027B14AF302D000AECB4 /* CoreData.framework */ = {isa = PBXFileReference; lastKnownFileType = wrapper.framework; name = CoreData.framework; path = System/Library/Frameworks/CoreData.framework; sourceTree = SDKROOT; };
		550C66F014B2761F0000B216 /* SKTag.h */ = {isa = PBXFileReference; fileEncoding = 4; lastKnownFileType = sourcecode.c.h; path = SKTag.h; sourceTree = "<group>"; };
		550C66F114B2761F0000B216 /* SKTag.m */ = {isa = PBXFileReference; fileEncoding = 4; lastKnownFileType = sourcecode.c.objc; path = SKTag.m; sourceTree = "<group>"; };
		550C66F414B2A01C0000B216 /* SKBadge.h */ = {isa = PBXFileReference; fileEncoding = 4; lastKnownFileType = sourcecode.c.h; path = SKBadge.h; sourceTree = "<group>"; };
		550C66F514B2A01C0000B216 /* SKBadge.m */ = {isa = PBXFileReference; fileEncoding = 4; lastKnownFileType = sourcecode.c.objc; path = SKBadge.m; sourceTree = "<group>"; };
		550D447C14AE1BBF00AD6022 /* SKConstants.h */ = {isa = PBXFileReference; fileEncoding = 4; lastKnownFileType = sourcecode.c.h; path = SKConstants.h; sourceTree = "<group>"; };
		550D447D14AE1BBF00AD6022 /* SKConstants.m */ = {isa = PBXFileReference; fileEncoding = 4; lastKnownFileType = sourcecode.c.objc; path = SKConstants.m; sourceTree = "<group>"; };
		550D448014AE1FC700AD6022 /* SKMacros.h */ = {isa = PBXFileReference; fileEncoding = 4; lastKnownFileType = sourcecode.c.h; path = SKMacros.h; sourceTree = "<group>"; };
		5533AA1312DA430900F755F7 /* Dummy */ = {isa = PBXFileReference; explicitFileType = "compiled.mach-o.executable"; includeInIndex = 0; path = Dummy; sourceTree = BUILT_PRODUCTS_DIR; };
		5533AA1E12DA432600F755F7 /* Dummy.m */ = {isa = PBXFileReference; fileEncoding = 4; lastKnownFileType = sourcecode.c.objc; path = Dummy.m; sourceTree = "<group>"; };
		5547A6FD11C82F5F00CE89E1 /* SKCommentTest.h */ = {isa = PBXFileReference; fileEncoding = 4; lastKnownFileType = sourcecode.c.h; path = SKCommentTest.h; sourceTree = "<group>"; };
		5547A6FE11C82F5F00CE89E1 /* SKCommentTest.m */ = {isa = PBXFileReference; fileEncoding = 4; lastKnownFileType = sourcecode.c.objc; path = SKCommentTest.m; sourceTree = "<group>"; };
		557B137914AED74900BD2DFD /* StackKit.xcdatamodel */ = {isa = PBXFileReference; lastKnownFileType = wrapper.xcdatamodel; path = StackKit.xcdatamodel; sourceTree = "<group>"; };
		557B137B14AEE9A900BD2DFD /* SKUser.h */ = {isa = PBXFileReference; fileEncoding = 4; lastKnownFileType = sourcecode.c.h; path = SKUser.h; sourceTree = "<group>"; };
		557B137C14AEE9A900BD2DFD /* SKUser.m */ = {isa = PBXFileReference; fileEncoding = 4; lastKnownFileType = sourcecode.c.objc; path = SKUser.m; sourceTree = "<group>"; };
		557B137F14AEEFDD00BD2DFD /* SKObject.h */ = {isa = PBXFileReference; fileEncoding = 4; lastKnownFileType = sourcecode.c.h; path = SKObject.h; sourceTree = "<group>"; };
		557B138014AEEFDD00BD2DFD /* SKObject.m */ = {isa = PBXFileReference; fileEncoding = 4; lastKnownFileType = sourcecode.c.objc; path = SKObject.m; sourceTree = "<group>"; };
		557B138314AEF13F00BD2DFD /* SKObject_Internal.h */ = {isa = PBXFileReference; fileEncoding = 4; lastKnownFileType = sourcecode.c.h; path = SKObject_Internal.h; sourceTree = "<group>"; };
		557B138C14AF962100BD2DFD /* SKFetchRequest.h */ = {isa = PBXFileReference; fileEncoding = 4; lastKnownFileType = sourcecode.c.h; path = SKFetchRequest.h; sourceTree = "<group>"; };
		557B138D14AF962100BD2DFD /* SKFetchRequest.m */ = {isa = PBXFileReference; fileEncoding = 4; lastKnownFileType = sourcecode.c.objc; path = SKFetchRequest.m; sourceTree = "<group>"; };
		557B139014AF9BC200BD2DFD /* SKFetchRequest_Internal.h */ = {isa = PBXFileReference; fileEncoding = 4; lastKnownFileType = sourcecode.c.h; path = SKFetchRequest_Internal.h; sourceTree = "<group>"; };
		557B139414AFCB6400BD2DFD /* SKSite_Internal.h */ = {isa = PBXFileReference; fileEncoding = 4; lastKnownFileType = sourcecode.c.h; path = SKSite_Internal.h; sourceTree = "<group>"; };
		55910F8E14E383D5008AAE44 /* SKUserFetchRequest.h */ = {isa = PBXFileReference; fileEncoding = 4; lastKnownFileType = sourcecode.c.h; path = SKUserFetchRequest.h; sourceTree = "<group>"; };
		55910F8F14E383D5008AAE44 /* SKUserFetchRequest.m */ = {isa = PBXFileReference; fileEncoding = 4; lastKnownFileType = sourcecode.c.objc; path = SKUserFetchRequest.m; sourceTree = "<group>"; };
		55910F9314E384D3008AAE44 /* SKTagFetchRequest.h */ = {isa = PBXFileReference; fileEncoding = 4; lastKnownFileType = sourcecode.c.h; path = SKTagFetchRequest.h; sourceTree = "<group>"; };
		55910F9414E384D3008AAE44 /* SKTagFetchRequest.m */ = {isa = PBXFileReference; fileEncoding = 4; lastKnownFileType = sourcecode.c.objc; path = SKTagFetchRequest.m; sourceTree = "<group>"; };
		55910F9714E38560008AAE44 /* SKBadgeFetchRequest.h */ = {isa = PBXFileReference; fileEncoding = 4; lastKnownFileType = sourcecode.c.h; path = SKBadgeFetchRequest.h; sourceTree = "<group>"; };
		55910F9814E38560008AAE44 /* SKBadgeFetchRequest.m */ = {isa = PBXFileReference; fileEncoding = 4; lastKnownFileType = sourcecode.c.objc; path = SKBadgeFetchRequest.m; sourceTree = "<group>"; };
		55910FB114E391E6008AAE44 /* SKAnswer.h */ = {isa = PBXFileReference; fileEncoding = 4; lastKnownFileType = sourcecode.c.h; path = SKAnswer.h; sourceTree = "<group>"; };
		55910FB214E391E6008AAE44 /* SKAnswer.m */ = {isa = PBXFileReference; fileEncoding = 4; lastKnownFileType = sourcecode.c.objc; path = SKAnswer.m; sourceTree = "<group>"; };
		5592AD9914AAC96A007D4734 /* SKSite.h */ = {isa = PBXFileReference; fileEncoding = 4; lastKnownFileType = sourcecode.c.h; path = SKSite.h; sourceTree = "<group>"; };
		5592AD9A14AAC96A007D4734 /* SKSite.m */ = {isa = PBXFileReference; fileEncoding = 4; lastKnownFileType = sourcecode.c.objc; path = SKSite.m; sourceTree = "<group>"; };
		5592AD9D14AAC9BD007D4734 /* SKTypes.h */ = {isa = PBXFileReference; fileEncoding = 4; lastKnownFileType = sourcecode.c.h; path = SKTypes.h; sourceTree = "<group>"; };
		5592AD9E14AAC9BD007D4734 /* SKTypes.m */ = {isa = PBXFileReference; fileEncoding = 4; lastKnownFileType = sourcecode.c.objc; path = SKTypes.m; sourceTree = "<group>"; };
		5592ADA114AAC9ED007D4734 /* StackKit.h */ = {isa = PBXFileReference; fileEncoding = 4; lastKnownFileType = sourcecode.c.h; path = StackKit.h; sourceTree = "<group>"; };
		5592ADAF14AACBD3007D4734 /* SKFunctions.h */ = {isa = PBXFileReference; fileEncoding = 4; lastKnownFileType = sourcecode.c.h; path = SKFunctions.h; sourceTree = "<group>"; };
		5592ADB014AACBD3007D4734 /* SKFunctions.m */ = {isa = PBXFileReference; fileEncoding = 4; lastKnownFileType = sourcecode.c.objc; path = SKFunctions.m; sourceTree = "<group>"; };
		55A2E4F4110E3A050038E510 /* Unit Tests.octest */ = {isa = PBXFileReference; explicitFileType = wrapper.cfbundle; includeInIndex = 0; path = "Unit Tests.octest"; sourceTree = BUILT_PRODUCTS_DIR; };
		55A2E4F5110E3A050038E510 /* Unit Tests-Info.plist */ = {isa = PBXFileReference; lastKnownFileType = text.plist.xml; name = "Unit Tests-Info.plist"; path = "Unit Tests/Unit Tests-Info.plist"; sourceTree = "<group>"; };
		55A2E5CB110E5EE00038E510 /* SKUserTest.h */ = {isa = PBXFileReference; fileEncoding = 4; lastKnownFileType = sourcecode.c.h; path = SKUserTest.h; sourceTree = "<group>"; };
		55A2E5CC110E5EE00038E510 /* SKUserTest.m */ = {isa = PBXFileReference; fileEncoding = 4; lastKnownFileType = sourcecode.c.objc; path = SKUserTest.m; sourceTree = "<group>"; };
		55A2E70E110EBAA60038E510 /* SKQuestionTest.h */ = {isa = PBXFileReference; fileEncoding = 4; lastKnownFileType = sourcecode.c.h; path = SKQuestionTest.h; sourceTree = "<group>"; };
		55A2E70F110EBAA60038E510 /* SKQuestionTest.m */ = {isa = PBXFileReference; fileEncoding = 4; lastKnownFileType = sourcecode.c.objc; path = SKQuestionTest.m; sourceTree = "<group>"; };
		55C23A0611690333009064EE /* SKSiteTest.h */ = {isa = PBXFileReference; fileEncoding = 4; lastKnownFileType = sourcecode.c.h; path = SKSiteTest.h; sourceTree = "<group>"; };
		55C23A0711690333009064EE /* SKSiteTest.m */ = {isa = PBXFileReference; fileEncoding = 4; lastKnownFileType = sourcecode.c.objc; path = SKSiteTest.m; sourceTree = "<group>"; };
		55C23A8311693FE1009064EE /* SKBadgeTest.h */ = {isa = PBXFileReference; fileEncoding = 4; lastKnownFileType = sourcecode.c.h; path = SKBadgeTest.h; sourceTree = "<group>"; };
		55C23A8411693FE1009064EE /* SKBadgeTest.m */ = {isa = PBXFileReference; fileEncoding = 4; lastKnownFileType = sourcecode.c.objc; path = SKBadgeTest.m; sourceTree = "<group>"; };
		55C23A8611694041009064EE /* SKTestConstants.h */ = {isa = PBXFileReference; fileEncoding = 4; lastKnownFileType = sourcecode.c.h; path = SKTestConstants.h; sourceTree = "<group>"; };
		55C23C9111699C40009064EE /* SKTestConstants.m */ = {isa = PBXFileReference; fileEncoding = 4; lastKnownFileType = sourcecode.c.objc; path = SKTestConstants.m; sourceTree = "<group>"; };
		55C23E58116A9BA9009064EE /* SKTagTest.h */ = {isa = PBXFileReference; fileEncoding = 4; lastKnownFileType = sourcecode.c.h; path = SKTagTest.h; sourceTree = "<group>"; };
		55C23E59116A9BA9009064EE /* SKTagTest.m */ = {isa = PBXFileReference; fileEncoding = 4; lastKnownFileType = sourcecode.c.objc; path = SKTagTest.m; sourceTree = "<group>"; };
		55C24144116AF72E009064EE /* SKUserActivityTest.h */ = {isa = PBXFileReference; fileEncoding = 4; lastKnownFileType = sourcecode.c.h; path = SKUserActivityTest.h; sourceTree = "<group>"; };
		55C24145116AF72E009064EE /* SKUserActivityTest.m */ = {isa = PBXFileReference; fileEncoding = 4; lastKnownFileType = sourcecode.c.objc; path = SKUserActivityTest.m; sourceTree = "<group>"; };
		55DC06EB14B188F10060BF49 /* SKCache.h */ = {isa = PBXFileReference; fileEncoding = 4; lastKnownFileType = sourcecode.c.h; path = SKCache.h; sourceTree = "<group>"; };
		55DC06EC14B188F10060BF49 /* SKCache.m */ = {isa = PBXFileReference; fileEncoding = 4; lastKnownFileType = sourcecode.c.objc; path = SKCache.m; sourceTree = "<group>"; };
		55FA956A11613C54003A9CD7 /* NSPredicate_SKAdditionsTest.h */ = {isa = PBXFileReference; fileEncoding = 4; lastKnownFileType = sourcecode.c.h; path = NSPredicate_SKAdditionsTest.h; sourceTree = "<group>"; };
		55FA956B11613C54003A9CD7 /* NSPredicate_SKAdditionsTest.m */ = {isa = PBXFileReference; fileEncoding = 4; lastKnownFileType = sourcecode.c.objc; path = NSPredicate_SKAdditionsTest.m; sourceTree = "<group>"; };
		8DC2EF5A0486A6940098B216 /* Info.plist */ = {isa = PBXFileReference; fileEncoding = 4; lastKnownFileType = text.plist.xml; name = Info.plist; path = "Other Sources/Info.plist"; sourceTree = "<group>"; };
		8DC2EF5B0486A6940098B216 /* StackKit.framework */ = {isa = PBXFileReference; explicitFileType = wrapper.framework; includeInIndex = 0; path = StackKit.framework; sourceTree = BUILT_PRODUCTS_DIR; };
/* End PBXFileReference section */

/* Begin PBXFrameworksBuildPhase section */
		5533AA1112DA430900F755F7 /* Frameworks */ = {
			isa = PBXFrameworksBuildPhase;
			buildActionMask = 2147483647;
			files = (
				5253027F14AF3062000AECB4 /* CoreData.framework in Frameworks */,
				5253027E14AF305D000AECB4 /* StackKit.framework in Frameworks */,
			);
			runOnlyForDeploymentPostprocessing = 0;
		};
		55A2E4F1110E3A050038E510 /* Frameworks */ = {
			isa = PBXFrameworksBuildPhase;
			buildActionMask = 2147483647;
			files = (
				55A2E4F9110E3A0B0038E510 /* StackKit.framework in Frameworks */,
			);
			runOnlyForDeploymentPostprocessing = 0;
		};
		8DC2EF560486A6940098B216 /* Frameworks */ = {
			isa = PBXFrameworksBuildPhase;
			buildActionMask = 2147483647;
			files = (
				8DC2EF570486A6940098B216 /* Cocoa.framework in Frameworks */,
				5253027D14AF303B000AECB4 /* CoreData.framework in Frameworks */,
			);
			runOnlyForDeploymentPostprocessing = 0;
		};
/* End PBXFrameworksBuildPhase section */

/* Begin PBXGroup section */
		034768DFFF38A50411DB9C8B /* Products */ = {
			isa = PBXGroup;
			children = (
				8DC2EF5B0486A6940098B216 /* StackKit.framework */,
				55A2E4F4110E3A050038E510 /* Unit Tests.octest */,
				5533AA1312DA430900F755F7 /* Dummy */,
			);
			name = Products;
			sourceTree = "<group>";
		};
		0867D691FE84028FC02AAC07 /* StackKit */ = {
			isa = PBXGroup;
			children = (
				08FB77AEFE84172EC02AAC07 /* Classes */,
				55A2E507110E400A0038E510 /* Unit Tests */,
				32C88DFF0371C24200C91783 /* Other Sources */,
				089C1665FE841158C02AAC07 /* Resources */,
				0867D69AFE84028FC02AAC07 /* External Frameworks and Libraries */,
				034768DFFF38A50411DB9C8B /* Products */,
			);
			name = StackKit;
			sourceTree = "<group>";
		};
		0867D69AFE84028FC02AAC07 /* External Frameworks and Libraries */ = {
			isa = PBXGroup;
			children = (
				1058C7B0FEA5585E11CA2CBB /* Linked Frameworks */,
				1058C7B2FEA5585E11CA2CBB /* Other Frameworks */,
			);
			name = "External Frameworks and Libraries";
			sourceTree = "<group>";
		};
		089C1665FE841158C02AAC07 /* Resources */ = {
			isa = PBXGroup;
			children = (
				8DC2EF5A0486A6940098B216 /* Info.plist */,
				089C1666FE841158C02AAC07 /* InfoPlist.strings */,
				55A2E4F5110E3A050038E510 /* Unit Tests-Info.plist */,
			);
			name = Resources;
			sourceTree = "<group>";
		};
		08FB77AEFE84172EC02AAC07 /* Classes */ = {
			isa = PBXGroup;
			children = (
				5592ADA114AAC9ED007D4734 /* StackKit.h */,
				5592ADAE14AACBBD007D4734 /* Support */,
				557B139314AFBA5700BD2DFD /* Objects */,
				557B139214AFBA3100BD2DFD /* Core Data stuff */,
			);
			path = Classes;
			sourceTree = "<group>";
		};
		1058C7B0FEA5585E11CA2CBB /* Linked Frameworks */ = {
			isa = PBXGroup;
			children = (
				1058C7B1FEA5585E11CA2CBB /* Cocoa.framework */,
			);
			name = "Linked Frameworks";
			sourceTree = "<group>";
		};
		1058C7B2FEA5585E11CA2CBB /* Other Frameworks */ = {
			isa = PBXGroup;
			children = (
				0867D6A5FE840307C02AAC07 /* AppKit.framework */,
				0867D69BFE84028FC02AAC07 /* Foundation.framework */,
				5253027B14AF302D000AECB4 /* CoreData.framework */,
			);
			name = "Other Frameworks";
			sourceTree = "<group>";
		};
		32C88DFF0371C24200C91783 /* Other Sources */ = {
			isa = PBXGroup;
			children = (
				32DBCF5E0370ADEE00C91783 /* StackKit_Prefix.pch */,
				5533AA1E12DA432600F755F7 /* Dummy.m */,
			);
			path = "Other Sources";
			sourceTree = "<group>";
		};
		557B139214AFBA3100BD2DFD /* Core Data stuff */ = {
			isa = PBXGroup;
			children = (
				557B137814AED74900BD2DFD /* StackKit.xcdatamodeld */,
				5253027314AF2624000AECB4 /* SKStackExchangeStore.h */,
				5253027414AF2625000AECB4 /* SKStackExchangeStore.m */,
				55DC06EB14B188F10060BF49 /* SKCache.h */,
				55DC06EC14B188F10060BF49 /* SKCache.m */,
			);
			name = "Core Data stuff";
			sourceTree = "<group>";
		};
		557B139314AFBA5700BD2DFD /* Objects */ = {
			isa = PBXGroup;
			children = (
				557B137F14AEEFDD00BD2DFD /* SKObject.h */,
				557B138314AEF13F00BD2DFD /* SKObject_Internal.h */,
				557B138014AEEFDD00BD2DFD /* SKObject.m */,
				5592AD9914AAC96A007D4734 /* SKSite.h */,
				557B139414AFCB6400BD2DFD /* SKSite_Internal.h */,
				5592AD9A14AAC96A007D4734 /* SKSite.m */,
				55910FB514E39673008AAE44 /* Data Objects */,
				55910F9214E383DB008AAE44 /* Fetch Requests */,
			);
			name = Objects;
			sourceTree = "<group>";
		};
		55910F9214E383DB008AAE44 /* Fetch Requests */ = {
			isa = PBXGroup;
			children = (
				557B138C14AF962100BD2DFD /* SKFetchRequest.h */,
				557B139014AF9BC200BD2DFD /* SKFetchRequest_Internal.h */,
				557B138D14AF962100BD2DFD /* SKFetchRequest.m */,
				55910F8E14E383D5008AAE44 /* SKUserFetchRequest.h */,
				55910F8F14E383D5008AAE44 /* SKUserFetchRequest.m */,
				55910F9314E384D3008AAE44 /* SKTagFetchRequest.h */,
				55910F9414E384D3008AAE44 /* SKTagFetchRequest.m */,
				55910F9714E38560008AAE44 /* SKBadgeFetchRequest.h */,
				55910F9814E38560008AAE44 /* SKBadgeFetchRequest.m */,
			);
			name = "Fetch Requests";
			sourceTree = "<group>";
		};
		55910FB514E39673008AAE44 /* Data Objects */ = {
			isa = PBXGroup;
			children = (
				557B137B14AEE9A900BD2DFD /* SKUser.h */,
				557B137C14AEE9A900BD2DFD /* SKUser.m */,
				550C66F014B2761F0000B216 /* SKTag.h */,
				550C66F114B2761F0000B216 /* SKTag.m */,
				550C66F414B2A01C0000B216 /* SKBadge.h */,
				550C66F514B2A01C0000B216 /* SKBadge.m */,
				55910FB114E391E6008AAE44 /* SKAnswer.h */,
				55910FB214E391E6008AAE44 /* SKAnswer.m */,
			);
			name = "Data Objects";
			sourceTree = "<group>";
		};
		5592ADAE14AACBBD007D4734 /* Support */ = {
			isa = PBXGroup;
			children = (
				550D448014AE1FC700AD6022 /* SKMacros.h */,
				5592ADAF14AACBD3007D4734 /* SKFunctions.h */,
				5592ADB014AACBD3007D4734 /* SKFunctions.m */,
				550D447C14AE1BBF00AD6022 /* SKConstants.h */,
				550D447D14AE1BBF00AD6022 /* SKConstants.m */,
				5592AD9D14AAC9BD007D4734 /* SKTypes.h */,
				5592AD9E14AAC9BD007D4734 /* SKTypes.m */,
			);
			name = Support;
			sourceTree = "<group>";
		};
		55A2E507110E400A0038E510 /* Unit Tests */ = {
			isa = PBXGroup;
			children = (
				55C23A8611694041009064EE /* SKTestConstants.h */,
				55C23C9111699C40009064EE /* SKTestConstants.m */,
				55A2E5CB110E5EE00038E510 /* SKUserTest.h */,
				55A2E5CC110E5EE00038E510 /* SKUserTest.m */,
				55C24144116AF72E009064EE /* SKUserActivityTest.h */,
				55C24145116AF72E009064EE /* SKUserActivityTest.m */,
				55C23A0611690333009064EE /* SKSiteTest.h */,
				55C23A0711690333009064EE /* SKSiteTest.m */,
				55C23A8311693FE1009064EE /* SKBadgeTest.h */,
				55C23A8411693FE1009064EE /* SKBadgeTest.m */,
				55C23E58116A9BA9009064EE /* SKTagTest.h */,
				55C23E59116A9BA9009064EE /* SKTagTest.m */,
				55A2E70E110EBAA60038E510 /* SKQuestionTest.h */,
				55A2E70F110EBAA60038E510 /* SKQuestionTest.m */,
				5547A6FD11C82F5F00CE89E1 /* SKCommentTest.h */,
				5547A6FE11C82F5F00CE89E1 /* SKCommentTest.m */,
				55FA956A11613C54003A9CD7 /* NSPredicate_SKAdditionsTest.h */,
				55FA956B11613C54003A9CD7 /* NSPredicate_SKAdditionsTest.m */,
			);
			path = "Unit Tests";
			sourceTree = "<group>";
		};
/* End PBXGroup section */

/* Begin PBXHeadersBuildPhase section */
		8DC2EF500486A6940098B216 /* Headers */ = {
			isa = PBXHeadersBuildPhase;
			buildActionMask = 2147483647;
			files = (
				55A2E5CD110E5EE00038E510 /* SKUserTest.h in Headers */,
				55A2E710110EBAA60038E510 /* SKQuestionTest.h in Headers */,
				55C23A0811690333009064EE /* SKSiteTest.h in Headers */,
				5592AD9B14AAC96A007D4734 /* SKSite.h in Headers */,
				5592AD9F14AAC9BD007D4734 /* SKTypes.h in Headers */,
				557B138414AEF13F00BD2DFD /* SKObject_Internal.h in Headers */,
				5592ADA214AAC9ED007D4734 /* StackKit.h in Headers */,
				5592ADB114AACBD3007D4734 /* SKFunctions.h in Headers */,
				550D447E14AE1BBF00AD6022 /* SKConstants.h in Headers */,
				550D448114AE1FC700AD6022 /* SKMacros.h in Headers */,
				557B137D14AEE9A900BD2DFD /* SKUser.h in Headers */,
				557B138114AEEFDD00BD2DFD /* SKObject.h in Headers */,
				5253027514AF2625000AECB4 /* SKStackExchangeStore.h in Headers */,
				557B138E14AF962100BD2DFD /* SKFetchRequest.h in Headers */,
				557B139114AF9BC200BD2DFD /* SKFetchRequest_Internal.h in Headers */,
				557B139514AFCB6400BD2DFD /* SKSite_Internal.h in Headers */,
				55DC06ED14B188F10060BF49 /* SKCache.h in Headers */,
				550C66F214B2761F0000B216 /* SKTag.h in Headers */,
				550C66F614B2A01C0000B216 /* SKBadge.h in Headers */,
				55910F9014E383D5008AAE44 /* SKUserFetchRequest.h in Headers */,
				55910F9514E384D3008AAE44 /* SKTagFetchRequest.h in Headers */,
				55910F9914E38560008AAE44 /* SKBadgeFetchRequest.h in Headers */,
				55910FB314E391E6008AAE44 /* SKAnswer.h in Headers */,
			);
			runOnlyForDeploymentPostprocessing = 0;
		};
/* End PBXHeadersBuildPhase section */

/* Begin PBXNativeTarget section */
		5533AA1212DA430900F755F7 /* Dummy */ = {
			isa = PBXNativeTarget;
			buildConfigurationList = 5533AA2012DA432600F755F7 /* Build configuration list for PBXNativeTarget "Dummy" */;
			buildPhases = (
				5533AA1012DA430900F755F7 /* Sources */,
				5533AA1112DA430900F755F7 /* Frameworks */,
			);
			buildRules = (
			);
			dependencies = (
				5533AA1812DA430D00F755F7 /* PBXTargetDependency */,
			);
			name = Dummy;
			productName = Dummy;
			productReference = 5533AA1312DA430900F755F7 /* Dummy */;
			productType = "com.apple.product-type.tool";
		};
		55A2E4F3110E3A050038E510 /* Unit Tests */ = {
			isa = PBXNativeTarget;
			buildConfigurationList = 55A2E4F8110E3A060038E510 /* Build configuration list for PBXNativeTarget "Unit Tests" */;
			buildPhases = (
				55A2E4EF110E3A050038E510 /* Resources */,
				55A2E4F0110E3A050038E510 /* Sources */,
				55A2E4F1110E3A050038E510 /* Frameworks */,
				5547A6D311C8284000CE89E1 /* Copy Frameworks */,
				D29A1E9312ECE15E00F303EF /* ShellScript */,
			);
			buildRules = (
			);
			dependencies = (
				55A2E4FD110E3A100038E510 /* PBXTargetDependency */,
			);
			name = "Unit Tests";
			productName = "Unit Tests";
			productReference = 55A2E4F4110E3A050038E510 /* Unit Tests.octest */;
			productType = "com.apple.product-type.bundle";
		};
		8DC2EF4F0486A6940098B216 /* StackKit */ = {
			isa = PBXNativeTarget;
			buildConfigurationList = 1DEB91AD08733DA50010E9CD /* Build configuration list for PBXNativeTarget "StackKit" */;
			buildPhases = (
				8DC2EF500486A6940098B216 /* Headers */,
				8DC2EF520486A6940098B216 /* Resources */,
				8DC2EF540486A6940098B216 /* Sources */,
				8DC2EF560486A6940098B216 /* Frameworks */,
			);
			buildRules = (
			);
			dependencies = (
			);
			name = StackKit;
			productInstallPath = "$(HOME)/Library/Frameworks";
			productName = StackKit;
			productReference = 8DC2EF5B0486A6940098B216 /* StackKit.framework */;
			productType = "com.apple.product-type.framework";
		};
/* End PBXNativeTarget section */

/* Begin PBXProject section */
		0867D690FE84028FC02AAC07 /* Project object */ = {
			isa = PBXProject;
			attributes = {
				LastUpgradeCheck = 0420;
			};
			buildConfigurationList = 1DEB91B108733DA50010E9CD /* Build configuration list for PBXProject "StackKit" */;
			compatibilityVersion = "Xcode 3.2";
			developmentRegion = English;
			hasScannedForEncodings = 1;
			knownRegions = (
				English,
				Japanese,
				French,
				German,
			);
			mainGroup = 0867D691FE84028FC02AAC07 /* StackKit */;
			productRefGroup = 034768DFFF38A50411DB9C8B /* Products */;
			projectDirPath = "";
			projectRoot = "";
			targets = (
				8DC2EF4F0486A6940098B216 /* StackKit */,
				55A2E4F3110E3A050038E510 /* Unit Tests */,
				5533AA1212DA430900F755F7 /* Dummy */,
			);
		};
/* End PBXProject section */

/* Begin PBXResourcesBuildPhase section */
		55A2E4EF110E3A050038E510 /* Resources */ = {
			isa = PBXResourcesBuildPhase;
			buildActionMask = 2147483647;
			files = (
			);
			runOnlyForDeploymentPostprocessing = 0;
		};
		8DC2EF520486A6940098B216 /* Resources */ = {
			isa = PBXResourcesBuildPhase;
			buildActionMask = 2147483647;
			files = (
				8DC2EF530486A6940098B216 /* InfoPlist.strings in Resources */,
			);
			runOnlyForDeploymentPostprocessing = 0;
		};
/* End PBXResourcesBuildPhase section */

/* Begin PBXShellScriptBuildPhase section */
		D29A1E9312ECE15E00F303EF /* ShellScript */ = {
			isa = PBXShellScriptBuildPhase;
			buildActionMask = 2147483647;
			files = (
			);
			inputPaths = (
			);
			outputPaths = (
			);
			runOnlyForDeploymentPostprocessing = 0;
			shellPath = /bin/sh;
			shellScript = "# Run the unit tests in this test bundle.\n\"${SYSTEM_DEVELOPER_DIR}/Tools/RunUnitTests\"\n";
		};
/* End PBXShellScriptBuildPhase section */

/* Begin PBXSourcesBuildPhase section */
		5533AA1012DA430900F755F7 /* Sources */ = {
			isa = PBXSourcesBuildPhase;
			buildActionMask = 2147483647;
			files = (
				5533AA1F12DA432600F755F7 /* Dummy.m in Sources */,
			);
			runOnlyForDeploymentPostprocessing = 0;
		};
		55A2E4F0110E3A050038E510 /* Sources */ = {
			isa = PBXSourcesBuildPhase;
			buildActionMask = 2147483647;
			files = (
				55A2E5CF110E5EE80038E510 /* SKUserTest.m in Sources */,
				55FA956C11613C54003A9CD7 /* NSPredicate_SKAdditionsTest.m in Sources */,
				55C23A0A11690348009064EE /* SKSiteTest.m in Sources */,
				55C23A8511693FE1009064EE /* SKBadgeTest.m in Sources */,
				55C23C9211699C40009064EE /* SKTestConstants.m in Sources */,
				55C23E5A116A9BA9009064EE /* SKTagTest.m in Sources */,
				5580C25811BAE79B0056E17C /* SKQuestionTest.m in Sources */,
				5547A6FF11C82F5F00CE89E1 /* SKCommentTest.m in Sources */,
			);
			runOnlyForDeploymentPostprocessing = 0;
		};
		8DC2EF540486A6940098B216 /* Sources */ = {
			isa = PBXSourcesBuildPhase;
			buildActionMask = 2147483647;
			files = (
				5592AD9C14AAC96A007D4734 /* SKSite.m in Sources */,
				5592ADA014AAC9BD007D4734 /* SKTypes.m in Sources */,
				5592ADB214AACBD3007D4734 /* SKFunctions.m in Sources */,
				550D447F14AE1BBF00AD6022 /* SKConstants.m in Sources */,
				557B137A14AED74900BD2DFD /* StackKit.xcdatamodeld in Sources */,
				557B137E14AEE9A900BD2DFD /* SKUser.m in Sources */,
				557B138214AEEFDD00BD2DFD /* SKObject.m in Sources */,
				5253027614AF2626000AECB4 /* SKStackExchangeStore.m in Sources */,
				557B138F14AF962100BD2DFD /* SKFetchRequest.m in Sources */,
				55DC06EE14B188F10060BF49 /* SKCache.m in Sources */,
				550C66F314B2761F0000B216 /* SKTag.m in Sources */,
				550C66F714B2A01C0000B216 /* SKBadge.m in Sources */,
				55910F9114E383D5008AAE44 /* SKUserFetchRequest.m in Sources */,
				55910F9614E384D3008AAE44 /* SKTagFetchRequest.m in Sources */,
				55910F9A14E38560008AAE44 /* SKBadgeFetchRequest.m in Sources */,
				55910FB414E391E6008AAE44 /* SKAnswer.m in Sources */,
			);
			runOnlyForDeploymentPostprocessing = 0;
		};
/* End PBXSourcesBuildPhase section */

/* Begin PBXTargetDependency section */
		5533AA1812DA430D00F755F7 /* PBXTargetDependency */ = {
			isa = PBXTargetDependency;
			target = 8DC2EF4F0486A6940098B216 /* StackKit */;
			targetProxy = 5533AA1712DA430D00F755F7 /* PBXContainerItemProxy */;
		};
		55A2E4FD110E3A100038E510 /* PBXTargetDependency */ = {
			isa = PBXTargetDependency;
			target = 8DC2EF4F0486A6940098B216 /* StackKit */;
			targetProxy = 55A2E4FC110E3A100038E510 /* PBXContainerItemProxy */;
		};
/* End PBXTargetDependency section */

/* Begin PBXVariantGroup section */
		089C1666FE841158C02AAC07 /* InfoPlist.strings */ = {
			isa = PBXVariantGroup;
			children = (
				089C1667FE841158C02AAC07 /* English */,
			);
			name = InfoPlist.strings;
			sourceTree = "<group>";
		};
/* End PBXVariantGroup section */

/* Begin XCBuildConfiguration section */
		1DEB91AE08733DA50010E9CD /* Debug */ = {
			isa = XCBuildConfiguration;
			buildSettings = {
				ALWAYS_SEARCH_USER_PATHS = NO;
				COPY_PHASE_STRIP = NO;
				DYLIB_COMPATIBILITY_VERSION = 1;
				DYLIB_CURRENT_VERSION = 1;
				FRAMEWORK_VERSION = A;
				GCC_DYNAMIC_NO_PIC = NO;
				GCC_MODEL_TUNING = G5;
				GCC_OPTIMIZATION_LEVEL = 0;
				GCC_PRECOMPILE_PREFIX_HEADER = YES;
				GCC_PREFIX_HEADER = "Other Sources/StackKit_Prefix.pch";
				INFOPLIST_FILE = "Other Sources/Info.plist";
				INSTALL_PATH = "@executable_path/../Frameworks";
				PRODUCT_NAME = StackKit;
				WRAPPER_EXTENSION = framework;
			};
			name = Debug;
		};
		1DEB91AF08733DA50010E9CD /* Release */ = {
			isa = XCBuildConfiguration;
			buildSettings = {
				ALWAYS_SEARCH_USER_PATHS = NO;
				DEBUG_INFORMATION_FORMAT = "dwarf-with-dsym";
				DYLIB_COMPATIBILITY_VERSION = 1;
				DYLIB_CURRENT_VERSION = 1;
				FRAMEWORK_VERSION = A;
				GCC_MODEL_TUNING = G5;
				GCC_PRECOMPILE_PREFIX_HEADER = YES;
				GCC_PREFIX_HEADER = "Other Sources/StackKit_Prefix.pch";
				INFOPLIST_FILE = "Other Sources/Info.plist";
				INSTALL_PATH = "@executable_path/../Frameworks";
				PRODUCT_NAME = StackKit;
				WRAPPER_EXTENSION = framework;
			};
			name = Release;
		};
		1DEB91B208733DA50010E9CD /* Debug */ = {
			isa = XCBuildConfiguration;
			buildSettings = {
				ARCHS = "$(NATIVE_ARCH_ACTUAL)";
				GCC_C_LANGUAGE_STANDARD = gnu99;
				GCC_ENABLE_OBJC_GC = supported;
				GCC_OPTIMIZATION_LEVEL = 0;
				GCC_PRECOMPILE_PREFIX_HEADER = YES;
				GCC_WARN_ABOUT_RETURN_TYPE = YES;
				GCC_WARN_UNDECLARED_SELECTOR = YES;
				GCC_WARN_UNUSED_VARIABLE = YES;
				ONLY_ACTIVE_ARCH = YES;
				SDKROOT = macosx;
			};
			name = Debug;
		};
		1DEB91B308733DA50010E9CD /* Release */ = {
			isa = XCBuildConfiguration;
			buildSettings = {
				ARCHS = "$(NATIVE_ARCH_ACTUAL)";
				GCC_C_LANGUAGE_STANDARD = gnu99;
				GCC_ENABLE_OBJC_GC = supported;
				GCC_PRECOMPILE_PREFIX_HEADER = YES;
				GCC_WARN_ABOUT_RETURN_TYPE = YES;
				GCC_WARN_UNDECLARED_SELECTOR = YES;
				GCC_WARN_UNUSED_VARIABLE = YES;
				SDKROOT = macosx;
			};
			name = Release;
		};
		5533AA1512DA430900F755F7 /* Debug */ = {
			isa = XCBuildConfiguration;
			buildSettings = {
				ALWAYS_SEARCH_USER_PATHS = NO;
				COPY_PHASE_STRIP = NO;
				GCC_DYNAMIC_NO_PIC = NO;
				GCC_MODEL_TUNING = G5;
				GCC_OPTIMIZATION_LEVEL = 0;
				GCC_PRECOMPILE_PREFIX_HEADER = YES;
				GCC_PREFIX_HEADER = "$(SYSTEM_LIBRARY_DIR)/Frameworks/Foundation.framework/Headers/Foundation.h";
				INSTALL_PATH = /usr/local/bin;
				OTHER_LDFLAGS = (
					"-framework",
					Foundation,
					"-framework",
					AppKit,
				);
				PRODUCT_NAME = Dummy;
			};
			name = Debug;
		};
		5533AA1612DA430900F755F7 /* Release */ = {
			isa = XCBuildConfiguration;
			buildSettings = {
				ALWAYS_SEARCH_USER_PATHS = NO;
				COPY_PHASE_STRIP = YES;
				DEBUG_INFORMATION_FORMAT = "dwarf-with-dsym";
				GCC_MODEL_TUNING = G5;
				GCC_PRECOMPILE_PREFIX_HEADER = YES;
				GCC_PREFIX_HEADER = "$(SYSTEM_LIBRARY_DIR)/Frameworks/Foundation.framework/Headers/Foundation.h";
				INSTALL_PATH = /usr/local/bin;
				OTHER_LDFLAGS = (
					"-framework",
					Foundation,
					"-framework",
					AppKit,
				);
				PRODUCT_NAME = Dummy;
				ZERO_LINK = NO;
			};
			name = Release;
		};
		55A2E4F6110E3A060038E510 /* Debug */ = {
			isa = XCBuildConfiguration;
			buildSettings = {
				ALWAYS_SEARCH_USER_PATHS = NO;
				COPY_PHASE_STRIP = NO;
				FRAMEWORK_SEARCH_PATHS = "$(DEVELOPER_LIBRARY_DIR)/Frameworks";
				GCC_DYNAMIC_NO_PIC = NO;
				GCC_ENABLE_OBJC_EXCEPTIONS = YES;
				GCC_MODEL_TUNING = G5;
				GCC_OPTIMIZATION_LEVEL = 0;
				GCC_PRECOMPILE_PREFIX_HEADER = YES;
				GCC_PREFIX_HEADER = "$(SYSTEM_LIBRARY_DIR)/Frameworks/Cocoa.framework/Headers/Cocoa.h";
				INFOPLIST_FILE = "Unit Tests/Unit Tests-Info.plist";
				INSTALL_PATH = "$(USER_LIBRARY_DIR)/Bundles";
				OTHER_LDFLAGS = (
					"-framework",
					Cocoa,
					"-framework",
					SenTestingKit,
				);
				PRODUCT_NAME = "Unit Tests";
				WRAPPER_EXTENSION = octest;
			};
			name = Debug;
		};
		55A2E4F7110E3A060038E510 /* Release */ = {
			isa = XCBuildConfiguration;
			buildSettings = {
				ALWAYS_SEARCH_USER_PATHS = NO;
				COPY_PHASE_STRIP = YES;
				DEBUG_INFORMATION_FORMAT = "dwarf-with-dsym";
				FRAMEWORK_SEARCH_PATHS = "$(DEVELOPER_LIBRARY_DIR)/Frameworks";
				GCC_ENABLE_OBJC_EXCEPTIONS = YES;
				GCC_MODEL_TUNING = G5;
				GCC_PRECOMPILE_PREFIX_HEADER = YES;
				GCC_PREFIX_HEADER = "$(SYSTEM_LIBRARY_DIR)/Frameworks/Cocoa.framework/Headers/Cocoa.h";
				INFOPLIST_FILE = "Unit Tests/Unit Tests-Info.plist";
				INSTALL_PATH = "$(USER_LIBRARY_DIR)/Bundles";
				OTHER_LDFLAGS = (
					"-framework",
					Cocoa,
					"-framework",
					SenTestingKit,
				);
				PRODUCT_NAME = "Unit Tests";
				WRAPPER_EXTENSION = octest;
				ZERO_LINK = NO;
			};
			name = Release;
		};
/* End XCBuildConfiguration section */

/* Begin XCConfigurationList section */
		1DEB91AD08733DA50010E9CD /* Build configuration list for PBXNativeTarget "StackKit" */ = {
			isa = XCConfigurationList;
			buildConfigurations = (
				1DEB91AE08733DA50010E9CD /* Debug */,
				1DEB91AF08733DA50010E9CD /* Release */,
			);
			defaultConfigurationIsVisible = 0;
			defaultConfigurationName = Release;
		};
		1DEB91B108733DA50010E9CD /* Build configuration list for PBXProject "StackKit" */ = {
			isa = XCConfigurationList;
			buildConfigurations = (
				1DEB91B208733DA50010E9CD /* Debug */,
				1DEB91B308733DA50010E9CD /* Release */,
			);
			defaultConfigurationIsVisible = 0;
			defaultConfigurationName = Release;
		};
		5533AA2012DA432600F755F7 /* Build configuration list for PBXNativeTarget "Dummy" */ = {
			isa = XCConfigurationList;
			buildConfigurations = (
				5533AA1512DA430900F755F7 /* Debug */,
				5533AA1612DA430900F755F7 /* Release */,
			);
			defaultConfigurationIsVisible = 0;
			defaultConfigurationName = Release;
		};
		55A2E4F8110E3A060038E510 /* Build configuration list for PBXNativeTarget "Unit Tests" */ = {
			isa = XCConfigurationList;
			buildConfigurations = (
				55A2E4F6110E3A060038E510 /* Debug */,
				55A2E4F7110E3A060038E510 /* Release */,
			);
			defaultConfigurationIsVisible = 0;
			defaultConfigurationName = Release;
		};
/* End XCConfigurationList section */

/* Begin XCVersionGroup section */
		557B137814AED74900BD2DFD /* StackKit.xcdatamodeld */ = {
			isa = XCVersionGroup;
			children = (
				557B137914AED74900BD2DFD /* StackKit.xcdatamodel */,
			);
			currentVersion = 557B137914AED74900BD2DFD /* StackKit.xcdatamodel */;
			path = StackKit.xcdatamodeld;
			sourceTree = "<group>";
			versionGroupType = wrapper.xcdatamodel;
		};
/* End XCVersionGroup section */
	};
	rootObject = 0867D690FE84028FC02AAC07 /* Project object */;
}
