// !$*UTF8*$!
{
	archiveVersion = 1;
	classes = {
	};
	objectVersion = 45;
	objects = {

/* Begin PBXBuildFile section */
		5583338111B765C500CA8D62 /* SKEndpoint.h in Headers */ = {isa = PBXBuildFile; fileRef = 5583334011B765C500CA8D62 /* SKEndpoint.h */; };
		5583338211B765C500CA8D62 /* SKEndpoint.m in Sources */ = {isa = PBXBuildFile; fileRef = 5583334111B765C500CA8D62 /* SKEndpoint.m */; };
		5583338311B765C500CA8D62 /* SKEndpoint+Private.h in Headers */ = {isa = PBXBuildFile; fileRef = 5583334211B765C500CA8D62 /* SKEndpoint+Private.h */; };
		5583338411B765C500CA8D62 /* SKUserActivityEndpoint.h in Headers */ = {isa = PBXBuildFile; fileRef = 5583334311B765C500CA8D62 /* SKUserActivityEndpoint.h */; };
		5583338511B765C500CA8D62 /* SKUserActivityEndpoint.m in Sources */ = {isa = PBXBuildFile; fileRef = 5583334411B765C500CA8D62 /* SKUserActivityEndpoint.m */; };
		5583338611B765C500CA8D62 /* SKCommentEndpoint.h in Headers */ = {isa = PBXBuildFile; fileRef = 5583334611B765C500CA8D62 /* SKCommentEndpoint.h */; };
		5583338711B765C500CA8D62 /* SKCommentEndpoint.m in Sources */ = {isa = PBXBuildFile; fileRef = 5583334711B765C500CA8D62 /* SKCommentEndpoint.m */; };
		5583338811B765C500CA8D62 /* SKSpecificCommentEndpoint.h in Headers */ = {isa = PBXBuildFile; fileRef = 5583334811B765C500CA8D62 /* SKSpecificCommentEndpoint.h */; };
		5583338911B765C500CA8D62 /* SKSpecificCommentEndpoint.m in Sources */ = {isa = PBXBuildFile; fileRef = 5583334911B765C500CA8D62 /* SKSpecificCommentEndpoint.m */; };
		5583338A11B765C500CA8D62 /* SKUserCommentsEndpoint.h in Headers */ = {isa = PBXBuildFile; fileRef = 5583334A11B765C500CA8D62 /* SKUserCommentsEndpoint.h */; };
		5583338B11B765C500CA8D62 /* SKUserCommentsEndpoint.m in Sources */ = {isa = PBXBuildFile; fileRef = 5583334B11B765C500CA8D62 /* SKUserCommentsEndpoint.m */; };
		5583338C11B765C500CA8D62 /* SKCommentsFromUserToUserEndpoint.h in Headers */ = {isa = PBXBuildFile; fileRef = 5583334C11B765C500CA8D62 /* SKCommentsFromUserToUserEndpoint.h */; };
		5583338D11B765C500CA8D62 /* SKCommentsFromUserToUserEndpoint.m in Sources */ = {isa = PBXBuildFile; fileRef = 5583334D11B765C500CA8D62 /* SKCommentsFromUserToUserEndpoint.m */; };
		5583338E11B765C500CA8D62 /* SKCommentsToUserEndpoint.h in Headers */ = {isa = PBXBuildFile; fileRef = 5583334E11B765C500CA8D62 /* SKCommentsToUserEndpoint.h */; };
		5583338F11B765C500CA8D62 /* SKCommentsToUserEndpoint.m in Sources */ = {isa = PBXBuildFile; fileRef = 5583334F11B765C500CA8D62 /* SKCommentsToUserEndpoint.m */; };
		5583339011B765C500CA8D62 /* SKPostCommentsEndpoint.h in Headers */ = {isa = PBXBuildFile; fileRef = 5583335011B765C500CA8D62 /* SKPostCommentsEndpoint.h */; };
		5583339111B765C500CA8D62 /* SKPostCommentsEndpoint.m in Sources */ = {isa = PBXBuildFile; fileRef = 5583335111B765C500CA8D62 /* SKPostCommentsEndpoint.m */; };
		5583339211B765C500CA8D62 /* SKAnswerEndpoint.h in Headers */ = {isa = PBXBuildFile; fileRef = 5583335311B765C500CA8D62 /* SKAnswerEndpoint.h */; };
		5583339311B765C500CA8D62 /* SKAnswerEndpoint.m in Sources */ = {isa = PBXBuildFile; fileRef = 5583335411B765C500CA8D62 /* SKAnswerEndpoint.m */; };
		5583339411B765C500CA8D62 /* SKSpecificAnswerEndpoint.h in Headers */ = {isa = PBXBuildFile; fileRef = 5583335511B765C500CA8D62 /* SKSpecificAnswerEndpoint.h */; };
		5583339511B765C500CA8D62 /* SKSpecificAnswerEndpoint.m in Sources */ = {isa = PBXBuildFile; fileRef = 5583335611B765C500CA8D62 /* SKSpecificAnswerEndpoint.m */; };
		5583339611B765C500CA8D62 /* SKQuestionAnswersEndpoint.h in Headers */ = {isa = PBXBuildFile; fileRef = 5583335711B765C500CA8D62 /* SKQuestionAnswersEndpoint.h */; };
		5583339711B765C500CA8D62 /* SKQuestionAnswersEndpoint.m in Sources */ = {isa = PBXBuildFile; fileRef = 5583335811B765C500CA8D62 /* SKQuestionAnswersEndpoint.m */; };
		5583339811B765C500CA8D62 /* SKUserAnswersEndpoint.h in Headers */ = {isa = PBXBuildFile; fileRef = 5583335911B765C500CA8D62 /* SKUserAnswersEndpoint.h */; };
		5583339911B765C500CA8D62 /* SKUserAnswersEndpoint.m in Sources */ = {isa = PBXBuildFile; fileRef = 5583335A11B765C500CA8D62 /* SKUserAnswersEndpoint.m */; };
		5583339A11B765C500CA8D62 /* SKQuestionEndpoint.h in Headers */ = {isa = PBXBuildFile; fileRef = 5583335C11B765C500CA8D62 /* SKQuestionEndpoint.h */; };
		5583339B11B765C500CA8D62 /* SKQuestionEndpoint.m in Sources */ = {isa = PBXBuildFile; fileRef = 5583335D11B765C500CA8D62 /* SKQuestionEndpoint.m */; };
		5583339C11B765C500CA8D62 /* SKAllQuestionsEndpoint.h in Headers */ = {isa = PBXBuildFile; fileRef = 5583335E11B765C500CA8D62 /* SKAllQuestionsEndpoint.h */; };
		5583339D11B765C500CA8D62 /* SKAllQuestionsEndpoint.m in Sources */ = {isa = PBXBuildFile; fileRef = 5583335F11B765C500CA8D62 /* SKAllQuestionsEndpoint.m */; };
		5583339E11B765C500CA8D62 /* SKUserQuestionsEndpoint.h in Headers */ = {isa = PBXBuildFile; fileRef = 5583336011B765C500CA8D62 /* SKUserQuestionsEndpoint.h */; };
		5583339F11B765C500CA8D62 /* SKUserQuestionsEndpoint.m in Sources */ = {isa = PBXBuildFile; fileRef = 5583336111B765C500CA8D62 /* SKUserQuestionsEndpoint.m */; };
		558333A011B765C500CA8D62 /* SKSpecificQuestionEndpoint.h in Headers */ = {isa = PBXBuildFile; fileRef = 5583336211B765C500CA8D62 /* SKSpecificQuestionEndpoint.h */; };
		558333A111B765C500CA8D62 /* SKSpecificQuestionEndpoint.m in Sources */ = {isa = PBXBuildFile; fileRef = 5583336311B765C500CA8D62 /* SKSpecificQuestionEndpoint.m */; };
		558333A211B765C500CA8D62 /* SKQuestionsTaggedEndpoint.h in Headers */ = {isa = PBXBuildFile; fileRef = 5583336411B765C500CA8D62 /* SKQuestionsTaggedEndpoint.h */; };
		558333A311B765C500CA8D62 /* SKQuestionsTaggedEndpoint.m in Sources */ = {isa = PBXBuildFile; fileRef = 5583336511B765C500CA8D62 /* SKQuestionsTaggedEndpoint.m */; };
		558333A411B765C500CA8D62 /* SKUnansweredQuestionsEndpoint.h in Headers */ = {isa = PBXBuildFile; fileRef = 5583336611B765C500CA8D62 /* SKUnansweredQuestionsEndpoint.h */; };
		558333A511B765C500CA8D62 /* SKUnansweredQuestionsEndpoint.m in Sources */ = {isa = PBXBuildFile; fileRef = 5583336711B765C500CA8D62 /* SKUnansweredQuestionsEndpoint.m */; };
		558333A611B765C500CA8D62 /* SKUserFavoritedQuestionsEndpoint.h in Headers */ = {isa = PBXBuildFile; fileRef = 5583336811B765C500CA8D62 /* SKUserFavoritedQuestionsEndpoint.h */; };
		558333A711B765C500CA8D62 /* SKUserFavoritedQuestionsEndpoint.m in Sources */ = {isa = PBXBuildFile; fileRef = 5583336911B765C500CA8D62 /* SKUserFavoritedQuestionsEndpoint.m */; };
		558333A811B765C500CA8D62 /* SKTagEndpoint.h in Headers */ = {isa = PBXBuildFile; fileRef = 5583336B11B765C500CA8D62 /* SKTagEndpoint.h */; };
		558333A911B765C500CA8D62 /* SKTagEndpoint.m in Sources */ = {isa = PBXBuildFile; fileRef = 5583336C11B765C500CA8D62 /* SKTagEndpoint.m */; };
		558333AA11B765C500CA8D62 /* SKAllTagsEndpoint.h in Headers */ = {isa = PBXBuildFile; fileRef = 5583336D11B765C500CA8D62 /* SKAllTagsEndpoint.h */; };
		558333AB11B765C500CA8D62 /* SKAllTagsEndpoint.m in Sources */ = {isa = PBXBuildFile; fileRef = 5583336E11B765C500CA8D62 /* SKAllTagsEndpoint.m */; };
		558333AC11B765C500CA8D62 /* SKUserTagsEndpoint.h in Headers */ = {isa = PBXBuildFile; fileRef = 5583336F11B765C500CA8D62 /* SKUserTagsEndpoint.h */; };
		558333AD11B765C500CA8D62 /* SKUserTagsEndpoint.m in Sources */ = {isa = PBXBuildFile; fileRef = 5583337011B765C500CA8D62 /* SKUserTagsEndpoint.m */; };
		558333AE11B765C500CA8D62 /* SKUserEndpoint.h in Headers */ = {isa = PBXBuildFile; fileRef = 5583337211B765C500CA8D62 /* SKUserEndpoint.h */; };
		558333AF11B765C500CA8D62 /* SKUserEndpoint.m in Sources */ = {isa = PBXBuildFile; fileRef = 5583337311B765C500CA8D62 /* SKUserEndpoint.m */; };
		558333B011B765C500CA8D62 /* SKAllUsersEndpoint.h in Headers */ = {isa = PBXBuildFile; fileRef = 5583337411B765C500CA8D62 /* SKAllUsersEndpoint.h */; };
		558333B111B765C500CA8D62 /* SKAllUsersEndpoint.m in Sources */ = {isa = PBXBuildFile; fileRef = 5583337511B765C500CA8D62 /* SKAllUsersEndpoint.m */; };
		558333B211B765C500CA8D62 /* SKSpecificUserEndpoint.h in Headers */ = {isa = PBXBuildFile; fileRef = 5583337611B765C500CA8D62 /* SKSpecificUserEndpoint.h */; };
		558333B311B765C500CA8D62 /* SKSpecificUserEndpoint.m in Sources */ = {isa = PBXBuildFile; fileRef = 5583337711B765C500CA8D62 /* SKSpecificUserEndpoint.m */; };
		558333B411B765C500CA8D62 /* SKBadgeEndpoint.h in Headers */ = {isa = PBXBuildFile; fileRef = 5583337911B765C500CA8D62 /* SKBadgeEndpoint.h */; };
		558333B511B765C500CA8D62 /* SKBadgeEndpoint.m in Sources */ = {isa = PBXBuildFile; fileRef = 5583337A11B765C500CA8D62 /* SKBadgeEndpoint.m */; };
		558333B611B765C500CA8D62 /* SKAllBadgesEndpoint.h in Headers */ = {isa = PBXBuildFile; fileRef = 5583337B11B765C500CA8D62 /* SKAllBadgesEndpoint.h */; };
		558333B711B765C500CA8D62 /* SKAllBadgesEndpoint.m in Sources */ = {isa = PBXBuildFile; fileRef = 5583337C11B765C500CA8D62 /* SKAllBadgesEndpoint.m */; };
		558333B811B765C500CA8D62 /* SKTagBadgesEndpoint.h in Headers */ = {isa = PBXBuildFile; fileRef = 5583337D11B765C500CA8D62 /* SKTagBadgesEndpoint.h */; };
		558333B911B765C500CA8D62 /* SKTagBadgesEndpoint.m in Sources */ = {isa = PBXBuildFile; fileRef = 5583337E11B765C500CA8D62 /* SKTagBadgesEndpoint.m */; };
		558333BA11B765C500CA8D62 /* SKUserBadgesEndpoint.h in Headers */ = {isa = PBXBuildFile; fileRef = 5583337F11B765C500CA8D62 /* SKUserBadgesEndpoint.h */; };
		558333BB11B765C500CA8D62 /* SKUserBadgesEndpoint.m in Sources */ = {isa = PBXBuildFile; fileRef = 5583338011B765C500CA8D62 /* SKUserBadgesEndpoint.m */; };
		558333C511B768D500CA8D62 /* SKSiteDelegate.h in Headers */ = {isa = PBXBuildFile; fileRef = 558333C411B768D500CA8D62 /* SKSiteDelegate.h */; };
		5583340A11B806B600CA8D62 /* SKQuestionSearchEndpoint.h in Headers */ = {isa = PBXBuildFile; fileRef = 5583340811B806B600CA8D62 /* SKQuestionSearchEndpoint.h */; };
		5583340B11B806B600CA8D62 /* SKQuestionSearchEndpoint.m in Sources */ = {isa = PBXBuildFile; fileRef = 5583340911B806B600CA8D62 /* SKQuestionSearchEndpoint.m */; };
		55D6CFD611B4DD9C00C624F0 /* StackKit.h in Headers */ = {isa = PBXBuildFile; fileRef = 55D6CF9111B4DD9C00C624F0 /* StackKit.h */; };
		55D6CFD711B4DD9C00C624F0 /* StackKit_Internal.h in Headers */ = {isa = PBXBuildFile; fileRef = 55D6CF9211B4DD9C00C624F0 /* StackKit_Internal.h */; };
		55D6CFD811B4DD9C00C624F0 /* SKConstants.h in Headers */ = {isa = PBXBuildFile; fileRef = 55D6CF9411B4DD9C00C624F0 /* SKConstants.h */; };
		55D6CFD911B4DD9C00C624F0 /* SKConstants.m in Sources */ = {isa = PBXBuildFile; fileRef = 55D6CF9511B4DD9C00C624F0 /* SKConstants.m */; };
		55D6CFDA11B4DD9C00C624F0 /* SKDefinitions.h in Headers */ = {isa = PBXBuildFile; fileRef = 55D6CF9611B4DD9C00C624F0 /* SKDefinitions.h */; };
		55D6CFDB11B4DD9C00C624F0 /* SKDefinitions.m in Sources */ = {isa = PBXBuildFile; fileRef = 55D6CF9711B4DD9C00C624F0 /* SKDefinitions.m */; };
		55D6CFDC11B4DD9C00C624F0 /* SKFunctions.h in Headers */ = {isa = PBXBuildFile; fileRef = 55D6CF9811B4DD9C00C624F0 /* SKFunctions.h */; };
		55D6CFDD11B4DD9C00C624F0 /* SKFunctions.m in Sources */ = {isa = PBXBuildFile; fileRef = 55D6CF9911B4DD9C00C624F0 /* SKFunctions.m */; };
		55D6CFDE11B4DD9C00C624F0 /* SKObject.h in Headers */ = {isa = PBXBuildFile; fileRef = 55D6CF9B11B4DD9C00C624F0 /* SKObject.h */; };
		55D6CFDF11B4DD9C00C624F0 /* SKObject.m in Sources */ = {isa = PBXBuildFile; fileRef = 55D6CF9C11B4DD9C00C624F0 /* SKObject.m */; };
		55D6CFE011B4DD9C00C624F0 /* SKObject+Private.h in Headers */ = {isa = PBXBuildFile; fileRef = 55D6CF9D11B4DD9C00C624F0 /* SKObject+Private.h */; };
		55D6CFE111B4DD9C00C624F0 /* SKSite.h in Headers */ = {isa = PBXBuildFile; fileRef = 55D6CF9F11B4DD9C00C624F0 /* SKSite.h */; };
		55D6CFE211B4DD9C00C624F0 /* SKSite.m in Sources */ = {isa = PBXBuildFile; fileRef = 55D6CFA011B4DD9C00C624F0 /* SKSite.m */; };
		55D6CFE311B4DD9C00C624F0 /* SKSite+Private.h in Headers */ = {isa = PBXBuildFile; fileRef = 55D6CFA111B4DD9C00C624F0 /* SKSite+Private.h */; };
		55D6CFE411B4DD9C00C624F0 /* SKFetchRequest.h in Headers */ = {isa = PBXBuildFile; fileRef = 55D6CFA311B4DD9C00C624F0 /* SKFetchRequest.h */; };
		55D6CFE511B4DD9C00C624F0 /* SKFetchRequest.m in Sources */ = {isa = PBXBuildFile; fileRef = 55D6CFA411B4DD9C00C624F0 /* SKFetchRequest.m */; };
		55D6CFE611B4DD9C00C624F0 /* SKFetchRequestDelegate.h in Headers */ = {isa = PBXBuildFile; fileRef = 55D6CFA511B4DD9C00C624F0 /* SKFetchRequestDelegate.h */; };
		55D6CFE711B4DD9C00C624F0 /* SKFetchRequest+Private.h in Headers */ = {isa = PBXBuildFile; fileRef = 55D6CFA611B4DD9C00C624F0 /* SKFetchRequest+Private.h */; };
		55D6CFE811B4DD9C00C624F0 /* SKUser.h in Headers */ = {isa = PBXBuildFile; fileRef = 55D6CFA811B4DD9C00C624F0 /* SKUser.h */; };
		55D6CFE911B4DD9C00C624F0 /* SKUser.m in Sources */ = {isa = PBXBuildFile; fileRef = 55D6CFA911B4DD9C00C624F0 /* SKUser.m */; };
		55D6CFEA11B4DD9C00C624F0 /* SKUserActivity.h in Headers */ = {isa = PBXBuildFile; fileRef = 55D6CFAA11B4DD9C00C624F0 /* SKUserActivity.h */; };
		55D6CFEB11B4DD9C00C624F0 /* SKUserActivity.m in Sources */ = {isa = PBXBuildFile; fileRef = 55D6CFAB11B4DD9C00C624F0 /* SKUserActivity.m */; };
		55D6CFEC11B4DD9C00C624F0 /* SKBadge.h in Headers */ = {isa = PBXBuildFile; fileRef = 55D6CFAD11B4DD9C00C624F0 /* SKBadge.h */; };
		55D6CFED11B4DD9C00C624F0 /* SKBadge.m in Sources */ = {isa = PBXBuildFile; fileRef = 55D6CFAE11B4DD9C00C624F0 /* SKBadge.m */; };
		55D6CFEE11B4DD9C00C624F0 /* SKTag.h in Headers */ = {isa = PBXBuildFile; fileRef = 55D6CFB011B4DD9C00C624F0 /* SKTag.h */; };
		55D6CFEF11B4DD9C00C624F0 /* SKTag.m in Sources */ = {isa = PBXBuildFile; fileRef = 55D6CFB111B4DD9C00C624F0 /* SKTag.m */; };
		55D6CFF011B4DD9C00C624F0 /* SKPost.h in Headers */ = {isa = PBXBuildFile; fileRef = 55D6CFB311B4DD9C00C624F0 /* SKPost.h */; };
		55D6CFF111B4DD9C00C624F0 /* SKPost.m in Sources */ = {isa = PBXBuildFile; fileRef = 55D6CFB411B4DD9C00C624F0 /* SKPost.m */; };
		55D6CFF211B4DD9C00C624F0 /* SKQAPost.h in Headers */ = {isa = PBXBuildFile; fileRef = 55D6CFB611B4DD9C00C624F0 /* SKQAPost.h */; };
		55D6CFF311B4DD9C00C624F0 /* SKQAPost.m in Sources */ = {isa = PBXBuildFile; fileRef = 55D6CFB711B4DD9C00C624F0 /* SKQAPost.m */; };
		55D6CFF411B4DD9C00C624F0 /* SKQuestion.h in Headers */ = {isa = PBXBuildFile; fileRef = 55D6CFB811B4DD9C00C624F0 /* SKQuestion.h */; };
		55D6CFF511B4DD9C00C624F0 /* SKQuestion.m in Sources */ = {isa = PBXBuildFile; fileRef = 55D6CFB911B4DD9C00C624F0 /* SKQuestion.m */; };
		55D6CFF611B4DD9C00C624F0 /* SKAnswer.h in Headers */ = {isa = PBXBuildFile; fileRef = 55D6CFBA11B4DD9C00C624F0 /* SKAnswer.h */; };
		55D6CFF711B4DD9C00C624F0 /* SKAnswer.m in Sources */ = {isa = PBXBuildFile; fileRef = 55D6CFBB11B4DD9C00C624F0 /* SKAnswer.m */; };
		55D6CFF811B4DD9C00C624F0 /* SKComment.h in Headers */ = {isa = PBXBuildFile; fileRef = 55D6CFBD11B4DD9C00C624F0 /* SKComment.h */; };
		55D6CFF911B4DD9C00C624F0 /* SKComment.m in Sources */ = {isa = PBXBuildFile; fileRef = 55D6CFBE11B4DD9C00C624F0 /* SKComment.m */; };
		55D6CFFA11B4DD9C00C624F0 /* JSON.h in Headers */ = {isa = PBXBuildFile; fileRef = 55D6CFC111B4DD9C00C624F0 /* JSON.h */; };
		55D6CFFB11B4DD9C00C624F0 /* SKJSON.h in Headers */ = {isa = PBXBuildFile; fileRef = 55D6CFC211B4DD9C00C624F0 /* SKJSON.h */; };
		55D6CFFC11B4DD9C00C624F0 /* SKJSON.m in Sources */ = {isa = PBXBuildFile; fileRef = 55D6CFC311B4DD9C00C624F0 /* SKJSON.m */; };
		55D6CFFD11B4DD9C00C624F0 /* NSObject+SKJSON.h in Headers */ = {isa = PBXBuildFile; fileRef = 55D6CFC411B4DD9C00C624F0 /* NSObject+SKJSON.h */; };
		55D6CFFE11B4DD9C00C624F0 /* NSObject+SKJSON.m in Sources */ = {isa = PBXBuildFile; fileRef = 55D6CFC511B4DD9C00C624F0 /* NSObject+SKJSON.m */; };
		55D6CFFF11B4DD9C00C624F0 /* NSString+SKJSON.h in Headers */ = {isa = PBXBuildFile; fileRef = 55D6CFC611B4DD9C00C624F0 /* NSString+SKJSON.h */; };
		55D6D00011B4DD9C00C624F0 /* NSString+SKJSON.m in Sources */ = {isa = PBXBuildFile; fileRef = 55D6CFC711B4DD9C00C624F0 /* NSString+SKJSON.m */; };
		55D6D00111B4DD9C00C624F0 /* SKJsonBase.h in Headers */ = {isa = PBXBuildFile; fileRef = 55D6CFC811B4DD9C00C624F0 /* SKJsonBase.h */; };
		55D6D00211B4DD9C00C624F0 /* SKJsonBase.m in Sources */ = {isa = PBXBuildFile; fileRef = 55D6CFC911B4DD9C00C624F0 /* SKJsonBase.m */; };
		55D6D00311B4DD9C00C624F0 /* SKJsonParser.h in Headers */ = {isa = PBXBuildFile; fileRef = 55D6CFCA11B4DD9C00C624F0 /* SKJsonParser.h */; };
		55D6D00411B4DD9C00C624F0 /* SKJsonParser.m in Sources */ = {isa = PBXBuildFile; fileRef = 55D6CFCB11B4DD9C00C624F0 /* SKJsonParser.m */; };
		55D6D00511B4DD9C00C624F0 /* SKJsonWriter.h in Headers */ = {isa = PBXBuildFile; fileRef = 55D6CFCC11B4DD9C00C624F0 /* SKJsonWriter.h */; };
		55D6D00611B4DD9C00C624F0 /* SKJsonWriter.m in Sources */ = {isa = PBXBuildFile; fileRef = 55D6CFCD11B4DD9C00C624F0 /* SKJsonWriter.m */; };
		55D6D00711B4DD9C00C624F0 /* NSNumberFormatter+SKAdditions.h in Headers */ = {isa = PBXBuildFile; fileRef = 55D6CFCE11B4DD9C00C624F0 /* NSNumberFormatter+SKAdditions.h */; };
		55D6D00811B4DD9C00C624F0 /* NSNumberFormatter+SKAdditions.m in Sources */ = {isa = PBXBuildFile; fileRef = 55D6CFCF11B4DD9C00C624F0 /* NSNumberFormatter+SKAdditions.m */; };
		55D6D00911B4DD9C00C624F0 /* NSDate+SKAdditions.h in Headers */ = {isa = PBXBuildFile; fileRef = 55D6CFD011B4DD9C00C624F0 /* NSDate+SKAdditions.h */; };
		55D6D00A11B4DD9C00C624F0 /* NSDate+SKAdditions.m in Sources */ = {isa = PBXBuildFile; fileRef = 55D6CFD111B4DD9C00C624F0 /* NSDate+SKAdditions.m */; };
		55D6D00B11B4DD9C00C624F0 /* NSPredicate+SKAdditions.h in Headers */ = {isa = PBXBuildFile; fileRef = 55D6CFD211B4DD9C00C624F0 /* NSPredicate+SKAdditions.h */; };
		55D6D00C11B4DD9C00C624F0 /* NSPredicate+SKAdditions.m in Sources */ = {isa = PBXBuildFile; fileRef = 55D6CFD311B4DD9C00C624F0 /* NSPredicate+SKAdditions.m */; };
		55D6D00D11B4DD9C00C624F0 /* NSDictionary+SKAdditions.h in Headers */ = {isa = PBXBuildFile; fileRef = 55D6CFD411B4DD9C00C624F0 /* NSDictionary+SKAdditions.h */; };
		55D6D00E11B4DD9C00C624F0 /* NSDictionary+SKAdditions.m in Sources */ = {isa = PBXBuildFile; fileRef = 55D6CFD511B4DD9C00C624F0 /* NSDictionary+SKAdditions.m */; };
		AA747D9F0F9514B9006C5449 /* StackKit_Prefix.pch in Headers */ = {isa = PBXBuildFile; fileRef = AA747D9E0F9514B9006C5449 /* StackKit_Prefix.pch */; };
		AACBBE4A0F95108600F1A2B1 /* Foundation.framework in Frameworks */ = {isa = PBXBuildFile; fileRef = AACBBE490F95108600F1A2B1 /* Foundation.framework */; };
/* End PBXBuildFile section */

/* Begin PBXFileReference section */
		5583334011B765C500CA8D62 /* SKEndpoint.h */ = {isa = PBXFileReference; fileEncoding = 4; lastKnownFileType = sourcecode.c.h; path = SKEndpoint.h; sourceTree = "<group>"; };
		5583334111B765C500CA8D62 /* SKEndpoint.m */ = {isa = PBXFileReference; fileEncoding = 4; lastKnownFileType = sourcecode.c.objc; path = SKEndpoint.m; sourceTree = "<group>"; };
		5583334211B765C500CA8D62 /* SKEndpoint+Private.h */ = {isa = PBXFileReference; fileEncoding = 4; lastKnownFileType = sourcecode.c.h; path = "SKEndpoint+Private.h"; sourceTree = "<group>"; };
		5583334311B765C500CA8D62 /* SKUserActivityEndpoint.h */ = {isa = PBXFileReference; fileEncoding = 4; lastKnownFileType = sourcecode.c.h; path = SKUserActivityEndpoint.h; sourceTree = "<group>"; };
		5583334411B765C500CA8D62 /* SKUserActivityEndpoint.m */ = {isa = PBXFileReference; fileEncoding = 4; lastKnownFileType = sourcecode.c.objc; path = SKUserActivityEndpoint.m; sourceTree = "<group>"; };
		5583334611B765C500CA8D62 /* SKCommentEndpoint.h */ = {isa = PBXFileReference; fileEncoding = 4; lastKnownFileType = sourcecode.c.h; path = SKCommentEndpoint.h; sourceTree = "<group>"; };
		5583334711B765C500CA8D62 /* SKCommentEndpoint.m */ = {isa = PBXFileReference; fileEncoding = 4; lastKnownFileType = sourcecode.c.objc; path = SKCommentEndpoint.m; sourceTree = "<group>"; };
		5583334811B765C500CA8D62 /* SKSpecificCommentEndpoint.h */ = {isa = PBXFileReference; fileEncoding = 4; lastKnownFileType = sourcecode.c.h; path = SKSpecificCommentEndpoint.h; sourceTree = "<group>"; };
		5583334911B765C500CA8D62 /* SKSpecificCommentEndpoint.m */ = {isa = PBXFileReference; fileEncoding = 4; lastKnownFileType = sourcecode.c.objc; path = SKSpecificCommentEndpoint.m; sourceTree = "<group>"; };
		5583334A11B765C500CA8D62 /* SKUserCommentsEndpoint.h */ = {isa = PBXFileReference; fileEncoding = 4; lastKnownFileType = sourcecode.c.h; path = SKUserCommentsEndpoint.h; sourceTree = "<group>"; };
		5583334B11B765C500CA8D62 /* SKUserCommentsEndpoint.m */ = {isa = PBXFileReference; fileEncoding = 4; lastKnownFileType = sourcecode.c.objc; path = SKUserCommentsEndpoint.m; sourceTree = "<group>"; };
		5583334C11B765C500CA8D62 /* SKCommentsFromUserToUserEndpoint.h */ = {isa = PBXFileReference; fileEncoding = 4; lastKnownFileType = sourcecode.c.h; path = SKCommentsFromUserToUserEndpoint.h; sourceTree = "<group>"; };
		5583334D11B765C500CA8D62 /* SKCommentsFromUserToUserEndpoint.m */ = {isa = PBXFileReference; fileEncoding = 4; lastKnownFileType = sourcecode.c.objc; path = SKCommentsFromUserToUserEndpoint.m; sourceTree = "<group>"; };
		5583334E11B765C500CA8D62 /* SKCommentsToUserEndpoint.h */ = {isa = PBXFileReference; fileEncoding = 4; lastKnownFileType = sourcecode.c.h; path = SKCommentsToUserEndpoint.h; sourceTree = "<group>"; };
		5583334F11B765C500CA8D62 /* SKCommentsToUserEndpoint.m */ = {isa = PBXFileReference; fileEncoding = 4; lastKnownFileType = sourcecode.c.objc; path = SKCommentsToUserEndpoint.m; sourceTree = "<group>"; };
		5583335011B765C500CA8D62 /* SKPostCommentsEndpoint.h */ = {isa = PBXFileReference; fileEncoding = 4; lastKnownFileType = sourcecode.c.h; path = SKPostCommentsEndpoint.h; sourceTree = "<group>"; };
		5583335111B765C500CA8D62 /* SKPostCommentsEndpoint.m */ = {isa = PBXFileReference; fileEncoding = 4; lastKnownFileType = sourcecode.c.objc; path = SKPostCommentsEndpoint.m; sourceTree = "<group>"; };
		5583335311B765C500CA8D62 /* SKAnswerEndpoint.h */ = {isa = PBXFileReference; fileEncoding = 4; lastKnownFileType = sourcecode.c.h; path = SKAnswerEndpoint.h; sourceTree = "<group>"; };
		5583335411B765C500CA8D62 /* SKAnswerEndpoint.m */ = {isa = PBXFileReference; fileEncoding = 4; lastKnownFileType = sourcecode.c.objc; path = SKAnswerEndpoint.m; sourceTree = "<group>"; };
		5583335511B765C500CA8D62 /* SKSpecificAnswerEndpoint.h */ = {isa = PBXFileReference; fileEncoding = 4; lastKnownFileType = sourcecode.c.h; path = SKSpecificAnswerEndpoint.h; sourceTree = "<group>"; };
		5583335611B765C500CA8D62 /* SKSpecificAnswerEndpoint.m */ = {isa = PBXFileReference; fileEncoding = 4; lastKnownFileType = sourcecode.c.objc; path = SKSpecificAnswerEndpoint.m; sourceTree = "<group>"; };
		5583335711B765C500CA8D62 /* SKQuestionAnswersEndpoint.h */ = {isa = PBXFileReference; fileEncoding = 4; lastKnownFileType = sourcecode.c.h; path = SKQuestionAnswersEndpoint.h; sourceTree = "<group>"; };
		5583335811B765C500CA8D62 /* SKQuestionAnswersEndpoint.m */ = {isa = PBXFileReference; fileEncoding = 4; lastKnownFileType = sourcecode.c.objc; path = SKQuestionAnswersEndpoint.m; sourceTree = "<group>"; };
		5583335911B765C500CA8D62 /* SKUserAnswersEndpoint.h */ = {isa = PBXFileReference; fileEncoding = 4; lastKnownFileType = sourcecode.c.h; path = SKUserAnswersEndpoint.h; sourceTree = "<group>"; };
		5583335A11B765C500CA8D62 /* SKUserAnswersEndpoint.m */ = {isa = PBXFileReference; fileEncoding = 4; lastKnownFileType = sourcecode.c.objc; path = SKUserAnswersEndpoint.m; sourceTree = "<group>"; };
		5583335C11B765C500CA8D62 /* SKQuestionEndpoint.h */ = {isa = PBXFileReference; fileEncoding = 4; lastKnownFileType = sourcecode.c.h; path = SKQuestionEndpoint.h; sourceTree = "<group>"; };
		5583335D11B765C500CA8D62 /* SKQuestionEndpoint.m */ = {isa = PBXFileReference; fileEncoding = 4; lastKnownFileType = sourcecode.c.objc; path = SKQuestionEndpoint.m; sourceTree = "<group>"; };
		5583335E11B765C500CA8D62 /* SKAllQuestionsEndpoint.h */ = {isa = PBXFileReference; fileEncoding = 4; lastKnownFileType = sourcecode.c.h; path = SKAllQuestionsEndpoint.h; sourceTree = "<group>"; };
		5583335F11B765C500CA8D62 /* SKAllQuestionsEndpoint.m */ = {isa = PBXFileReference; fileEncoding = 4; lastKnownFileType = sourcecode.c.objc; path = SKAllQuestionsEndpoint.m; sourceTree = "<group>"; };
		5583336011B765C500CA8D62 /* SKUserQuestionsEndpoint.h */ = {isa = PBXFileReference; fileEncoding = 4; lastKnownFileType = sourcecode.c.h; path = SKUserQuestionsEndpoint.h; sourceTree = "<group>"; };
		5583336111B765C500CA8D62 /* SKUserQuestionsEndpoint.m */ = {isa = PBXFileReference; fileEncoding = 4; lastKnownFileType = sourcecode.c.objc; path = SKUserQuestionsEndpoint.m; sourceTree = "<group>"; };
		5583336211B765C500CA8D62 /* SKSpecificQuestionEndpoint.h */ = {isa = PBXFileReference; fileEncoding = 4; lastKnownFileType = sourcecode.c.h; path = SKSpecificQuestionEndpoint.h; sourceTree = "<group>"; };
		5583336311B765C500CA8D62 /* SKSpecificQuestionEndpoint.m */ = {isa = PBXFileReference; fileEncoding = 4; lastKnownFileType = sourcecode.c.objc; path = SKSpecificQuestionEndpoint.m; sourceTree = "<group>"; };
		5583336411B765C500CA8D62 /* SKQuestionsTaggedEndpoint.h */ = {isa = PBXFileReference; fileEncoding = 4; lastKnownFileType = sourcecode.c.h; path = SKQuestionsTaggedEndpoint.h; sourceTree = "<group>"; };
		5583336511B765C500CA8D62 /* SKQuestionsTaggedEndpoint.m */ = {isa = PBXFileReference; fileEncoding = 4; lastKnownFileType = sourcecode.c.objc; path = SKQuestionsTaggedEndpoint.m; sourceTree = "<group>"; };
		5583336611B765C500CA8D62 /* SKUnansweredQuestionsEndpoint.h */ = {isa = PBXFileReference; fileEncoding = 4; lastKnownFileType = sourcecode.c.h; path = SKUnansweredQuestionsEndpoint.h; sourceTree = "<group>"; };
		5583336711B765C500CA8D62 /* SKUnansweredQuestionsEndpoint.m */ = {isa = PBXFileReference; fileEncoding = 4; lastKnownFileType = sourcecode.c.objc; path = SKUnansweredQuestionsEndpoint.m; sourceTree = "<group>"; };
		5583336811B765C500CA8D62 /* SKUserFavoritedQuestionsEndpoint.h */ = {isa = PBXFileReference; fileEncoding = 4; lastKnownFileType = sourcecode.c.h; path = SKUserFavoritedQuestionsEndpoint.h; sourceTree = "<group>"; };
		5583336911B765C500CA8D62 /* SKUserFavoritedQuestionsEndpoint.m */ = {isa = PBXFileReference; fileEncoding = 4; lastKnownFileType = sourcecode.c.objc; path = SKUserFavoritedQuestionsEndpoint.m; sourceTree = "<group>"; };
		5583336B11B765C500CA8D62 /* SKTagEndpoint.h */ = {isa = PBXFileReference; fileEncoding = 4; lastKnownFileType = sourcecode.c.h; path = SKTagEndpoint.h; sourceTree = "<group>"; };
		5583336C11B765C500CA8D62 /* SKTagEndpoint.m */ = {isa = PBXFileReference; fileEncoding = 4; lastKnownFileType = sourcecode.c.objc; path = SKTagEndpoint.m; sourceTree = "<group>"; };
		5583336D11B765C500CA8D62 /* SKAllTagsEndpoint.h */ = {isa = PBXFileReference; fileEncoding = 4; lastKnownFileType = sourcecode.c.h; path = SKAllTagsEndpoint.h; sourceTree = "<group>"; };
		5583336E11B765C500CA8D62 /* SKAllTagsEndpoint.m */ = {isa = PBXFileReference; fileEncoding = 4; lastKnownFileType = sourcecode.c.objc; path = SKAllTagsEndpoint.m; sourceTree = "<group>"; };
		5583336F11B765C500CA8D62 /* SKUserTagsEndpoint.h */ = {isa = PBXFileReference; fileEncoding = 4; lastKnownFileType = sourcecode.c.h; path = SKUserTagsEndpoint.h; sourceTree = "<group>"; };
		5583337011B765C500CA8D62 /* SKUserTagsEndpoint.m */ = {isa = PBXFileReference; fileEncoding = 4; lastKnownFileType = sourcecode.c.objc; path = SKUserTagsEndpoint.m; sourceTree = "<group>"; };
		5583337211B765C500CA8D62 /* SKUserEndpoint.h */ = {isa = PBXFileReference; fileEncoding = 4; lastKnownFileType = sourcecode.c.h; path = SKUserEndpoint.h; sourceTree = "<group>"; };
		5583337311B765C500CA8D62 /* SKUserEndpoint.m */ = {isa = PBXFileReference; fileEncoding = 4; lastKnownFileType = sourcecode.c.objc; path = SKUserEndpoint.m; sourceTree = "<group>"; };
		5583337411B765C500CA8D62 /* SKAllUsersEndpoint.h */ = {isa = PBXFileReference; fileEncoding = 4; lastKnownFileType = sourcecode.c.h; path = SKAllUsersEndpoint.h; sourceTree = "<group>"; };
		5583337511B765C500CA8D62 /* SKAllUsersEndpoint.m */ = {isa = PBXFileReference; fileEncoding = 4; lastKnownFileType = sourcecode.c.objc; path = SKAllUsersEndpoint.m; sourceTree = "<group>"; };
		5583337611B765C500CA8D62 /* SKSpecificUserEndpoint.h */ = {isa = PBXFileReference; fileEncoding = 4; lastKnownFileType = sourcecode.c.h; path = SKSpecificUserEndpoint.h; sourceTree = "<group>"; };
		5583337711B765C500CA8D62 /* SKSpecificUserEndpoint.m */ = {isa = PBXFileReference; fileEncoding = 4; lastKnownFileType = sourcecode.c.objc; path = SKSpecificUserEndpoint.m; sourceTree = "<group>"; };
		5583337911B765C500CA8D62 /* SKBadgeEndpoint.h */ = {isa = PBXFileReference; fileEncoding = 4; lastKnownFileType = sourcecode.c.h; path = SKBadgeEndpoint.h; sourceTree = "<group>"; };
		5583337A11B765C500CA8D62 /* SKBadgeEndpoint.m */ = {isa = PBXFileReference; fileEncoding = 4; lastKnownFileType = sourcecode.c.objc; path = SKBadgeEndpoint.m; sourceTree = "<group>"; };
		5583337B11B765C500CA8D62 /* SKAllBadgesEndpoint.h */ = {isa = PBXFileReference; fileEncoding = 4; lastKnownFileType = sourcecode.c.h; path = SKAllBadgesEndpoint.h; sourceTree = "<group>"; };
		5583337C11B765C500CA8D62 /* SKAllBadgesEndpoint.m */ = {isa = PBXFileReference; fileEncoding = 4; lastKnownFileType = sourcecode.c.objc; path = SKAllBadgesEndpoint.m; sourceTree = "<group>"; };
		5583337D11B765C500CA8D62 /* SKTagBadgesEndpoint.h */ = {isa = PBXFileReference; fileEncoding = 4; lastKnownFileType = sourcecode.c.h; path = SKTagBadgesEndpoint.h; sourceTree = "<group>"; };
		5583337E11B765C500CA8D62 /* SKTagBadgesEndpoint.m */ = {isa = PBXFileReference; fileEncoding = 4; lastKnownFileType = sourcecode.c.objc; path = SKTagBadgesEndpoint.m; sourceTree = "<group>"; };
		5583337F11B765C500CA8D62 /* SKUserBadgesEndpoint.h */ = {isa = PBXFileReference; fileEncoding = 4; lastKnownFileType = sourcecode.c.h; path = SKUserBadgesEndpoint.h; sourceTree = "<group>"; };
		5583338011B765C500CA8D62 /* SKUserBadgesEndpoint.m */ = {isa = PBXFileReference; fileEncoding = 4; lastKnownFileType = sourcecode.c.objc; path = SKUserBadgesEndpoint.m; sourceTree = "<group>"; };
		558333C411B768D500CA8D62 /* SKSiteDelegate.h */ = {isa = PBXFileReference; fileEncoding = 4; lastKnownFileType = sourcecode.c.h; path = SKSiteDelegate.h; sourceTree = "<group>"; };
		5583340811B806B600CA8D62 /* SKQuestionSearchEndpoint.h */ = {isa = PBXFileReference; fileEncoding = 4; lastKnownFileType = sourcecode.c.h; path = SKQuestionSearchEndpoint.h; sourceTree = "<group>"; };
		5583340911B806B600CA8D62 /* SKQuestionSearchEndpoint.m */ = {isa = PBXFileReference; fileEncoding = 4; lastKnownFileType = sourcecode.c.objc; path = SKQuestionSearchEndpoint.m; sourceTree = "<group>"; };
		55D6CF9111B4DD9C00C624F0 /* StackKit.h */ = {isa = PBXFileReference; fileEncoding = 4; lastKnownFileType = sourcecode.c.h; path = StackKit.h; sourceTree = "<group>"; };
		55D6CF9211B4DD9C00C624F0 /* StackKit_Internal.h */ = {isa = PBXFileReference; fileEncoding = 4; lastKnownFileType = sourcecode.c.h; path = StackKit_Internal.h; sourceTree = "<group>"; };
		55D6CF9411B4DD9C00C624F0 /* SKConstants.h */ = {isa = PBXFileReference; fileEncoding = 4; lastKnownFileType = sourcecode.c.h; path = SKConstants.h; sourceTree = "<group>"; };
		55D6CF9511B4DD9C00C624F0 /* SKConstants.m */ = {isa = PBXFileReference; fileEncoding = 4; lastKnownFileType = sourcecode.c.objc; path = SKConstants.m; sourceTree = "<group>"; };
		55D6CF9611B4DD9C00C624F0 /* SKDefinitions.h */ = {isa = PBXFileReference; fileEncoding = 4; lastKnownFileType = sourcecode.c.h; path = SKDefinitions.h; sourceTree = "<group>"; };
		55D6CF9711B4DD9C00C624F0 /* SKDefinitions.m */ = {isa = PBXFileReference; fileEncoding = 4; lastKnownFileType = sourcecode.c.objc; path = SKDefinitions.m; sourceTree = "<group>"; };
		55D6CF9811B4DD9C00C624F0 /* SKFunctions.h */ = {isa = PBXFileReference; fileEncoding = 4; lastKnownFileType = sourcecode.c.h; path = SKFunctions.h; sourceTree = "<group>"; };
		55D6CF9911B4DD9C00C624F0 /* SKFunctions.m */ = {isa = PBXFileReference; fileEncoding = 4; lastKnownFileType = sourcecode.c.objc; path = SKFunctions.m; sourceTree = "<group>"; };
		55D6CF9B11B4DD9C00C624F0 /* SKObject.h */ = {isa = PBXFileReference; fileEncoding = 4; lastKnownFileType = sourcecode.c.h; path = SKObject.h; sourceTree = "<group>"; };
		55D6CF9C11B4DD9C00C624F0 /* SKObject.m */ = {isa = PBXFileReference; fileEncoding = 4; lastKnownFileType = sourcecode.c.objc; path = SKObject.m; sourceTree = "<group>"; };
		55D6CF9D11B4DD9C00C624F0 /* SKObject+Private.h */ = {isa = PBXFileReference; fileEncoding = 4; lastKnownFileType = sourcecode.c.h; path = "SKObject+Private.h"; sourceTree = "<group>"; };
		55D6CF9F11B4DD9C00C624F0 /* SKSite.h */ = {isa = PBXFileReference; fileEncoding = 4; lastKnownFileType = sourcecode.c.h; path = SKSite.h; sourceTree = "<group>"; };
		55D6CFA011B4DD9C00C624F0 /* SKSite.m */ = {isa = PBXFileReference; fileEncoding = 4; lastKnownFileType = sourcecode.c.objc; path = SKSite.m; sourceTree = "<group>"; };
		55D6CFA111B4DD9C00C624F0 /* SKSite+Private.h */ = {isa = PBXFileReference; fileEncoding = 4; lastKnownFileType = sourcecode.c.h; path = "SKSite+Private.h"; sourceTree = "<group>"; };
		55D6CFA311B4DD9C00C624F0 /* SKFetchRequest.h */ = {isa = PBXFileReference; fileEncoding = 4; lastKnownFileType = sourcecode.c.h; path = SKFetchRequest.h; sourceTree = "<group>"; };
		55D6CFA411B4DD9C00C624F0 /* SKFetchRequest.m */ = {isa = PBXFileReference; fileEncoding = 4; lastKnownFileType = sourcecode.c.objc; path = SKFetchRequest.m; sourceTree = "<group>"; };
		55D6CFA511B4DD9C00C624F0 /* SKFetchRequestDelegate.h */ = {isa = PBXFileReference; fileEncoding = 4; lastKnownFileType = sourcecode.c.h; path = SKFetchRequestDelegate.h; sourceTree = "<group>"; };
		55D6CFA611B4DD9C00C624F0 /* SKFetchRequest+Private.h */ = {isa = PBXFileReference; fileEncoding = 4; lastKnownFileType = sourcecode.c.h; path = "SKFetchRequest+Private.h"; sourceTree = "<group>"; };
		55D6CFA811B4DD9C00C624F0 /* SKUser.h */ = {isa = PBXFileReference; fileEncoding = 4; lastKnownFileType = sourcecode.c.h; path = SKUser.h; sourceTree = "<group>"; };
		55D6CFA911B4DD9C00C624F0 /* SKUser.m */ = {isa = PBXFileReference; fileEncoding = 4; lastKnownFileType = sourcecode.c.objc; path = SKUser.m; sourceTree = "<group>"; };
		55D6CFAA11B4DD9C00C624F0 /* SKUserActivity.h */ = {isa = PBXFileReference; fileEncoding = 4; lastKnownFileType = sourcecode.c.h; path = SKUserActivity.h; sourceTree = "<group>"; };
		55D6CFAB11B4DD9C00C624F0 /* SKUserActivity.m */ = {isa = PBXFileReference; fileEncoding = 4; lastKnownFileType = sourcecode.c.objc; path = SKUserActivity.m; sourceTree = "<group>"; };
		55D6CFAD11B4DD9C00C624F0 /* SKBadge.h */ = {isa = PBXFileReference; fileEncoding = 4; lastKnownFileType = sourcecode.c.h; path = SKBadge.h; sourceTree = "<group>"; };
		55D6CFAE11B4DD9C00C624F0 /* SKBadge.m */ = {isa = PBXFileReference; fileEncoding = 4; lastKnownFileType = sourcecode.c.objc; path = SKBadge.m; sourceTree = "<group>"; };
		55D6CFB011B4DD9C00C624F0 /* SKTag.h */ = {isa = PBXFileReference; fileEncoding = 4; lastKnownFileType = sourcecode.c.h; path = SKTag.h; sourceTree = "<group>"; };
		55D6CFB111B4DD9C00C624F0 /* SKTag.m */ = {isa = PBXFileReference; fileEncoding = 4; lastKnownFileType = sourcecode.c.objc; path = SKTag.m; sourceTree = "<group>"; };
		55D6CFB311B4DD9C00C624F0 /* SKPost.h */ = {isa = PBXFileReference; fileEncoding = 4; lastKnownFileType = sourcecode.c.h; path = SKPost.h; sourceTree = "<group>"; };
		55D6CFB411B4DD9C00C624F0 /* SKPost.m */ = {isa = PBXFileReference; fileEncoding = 4; lastKnownFileType = sourcecode.c.objc; path = SKPost.m; sourceTree = "<group>"; };
		55D6CFB611B4DD9C00C624F0 /* SKQAPost.h */ = {isa = PBXFileReference; fileEncoding = 4; lastKnownFileType = sourcecode.c.h; path = SKQAPost.h; sourceTree = "<group>"; };
		55D6CFB711B4DD9C00C624F0 /* SKQAPost.m */ = {isa = PBXFileReference; fileEncoding = 4; lastKnownFileType = sourcecode.c.objc; path = SKQAPost.m; sourceTree = "<group>"; };
		55D6CFB811B4DD9C00C624F0 /* SKQuestion.h */ = {isa = PBXFileReference; fileEncoding = 4; lastKnownFileType = sourcecode.c.h; path = SKQuestion.h; sourceTree = "<group>"; };
		55D6CFB911B4DD9C00C624F0 /* SKQuestion.m */ = {isa = PBXFileReference; fileEncoding = 4; lastKnownFileType = sourcecode.c.objc; path = SKQuestion.m; sourceTree = "<group>"; };
		55D6CFBA11B4DD9C00C624F0 /* SKAnswer.h */ = {isa = PBXFileReference; fileEncoding = 4; lastKnownFileType = sourcecode.c.h; path = SKAnswer.h; sourceTree = "<group>"; };
		55D6CFBB11B4DD9C00C624F0 /* SKAnswer.m */ = {isa = PBXFileReference; fileEncoding = 4; lastKnownFileType = sourcecode.c.objc; path = SKAnswer.m; sourceTree = "<group>"; };
		55D6CFBD11B4DD9C00C624F0 /* SKComment.h */ = {isa = PBXFileReference; fileEncoding = 4; lastKnownFileType = sourcecode.c.h; path = SKComment.h; sourceTree = "<group>"; };
		55D6CFBE11B4DD9C00C624F0 /* SKComment.m */ = {isa = PBXFileReference; fileEncoding = 4; lastKnownFileType = sourcecode.c.objc; path = SKComment.m; sourceTree = "<group>"; };
		55D6CFC111B4DD9C00C624F0 /* JSON.h */ = {isa = PBXFileReference; fileEncoding = 4; lastKnownFileType = sourcecode.c.h; path = JSON.h; sourceTree = "<group>"; };
		55D6CFC211B4DD9C00C624F0 /* SKJSON.h */ = {isa = PBXFileReference; fileEncoding = 4; lastKnownFileType = sourcecode.c.h; path = SKJSON.h; sourceTree = "<group>"; };
		55D6CFC311B4DD9C00C624F0 /* SKJSON.m */ = {isa = PBXFileReference; fileEncoding = 4; lastKnownFileType = sourcecode.c.objc; path = SKJSON.m; sourceTree = "<group>"; };
		55D6CFC411B4DD9C00C624F0 /* NSObject+SKJSON.h */ = {isa = PBXFileReference; fileEncoding = 4; lastKnownFileType = sourcecode.c.h; path = "NSObject+SKJSON.h"; sourceTree = "<group>"; };
		55D6CFC511B4DD9C00C624F0 /* NSObject+SKJSON.m */ = {isa = PBXFileReference; fileEncoding = 4; lastKnownFileType = sourcecode.c.objc; path = "NSObject+SKJSON.m"; sourceTree = "<group>"; };
		55D6CFC611B4DD9C00C624F0 /* NSString+SKJSON.h */ = {isa = PBXFileReference; fileEncoding = 4; lastKnownFileType = sourcecode.c.h; path = "NSString+SKJSON.h"; sourceTree = "<group>"; };
		55D6CFC711B4DD9C00C624F0 /* NSString+SKJSON.m */ = {isa = PBXFileReference; fileEncoding = 4; lastKnownFileType = sourcecode.c.objc; path = "NSString+SKJSON.m"; sourceTree = "<group>"; };
		55D6CFC811B4DD9C00C624F0 /* SKJsonBase.h */ = {isa = PBXFileReference; fileEncoding = 4; lastKnownFileType = sourcecode.c.h; path = SKJsonBase.h; sourceTree = "<group>"; };
		55D6CFC911B4DD9C00C624F0 /* SKJsonBase.m */ = {isa = PBXFileReference; fileEncoding = 4; lastKnownFileType = sourcecode.c.objc; path = SKJsonBase.m; sourceTree = "<group>"; };
		55D6CFCA11B4DD9C00C624F0 /* SKJsonParser.h */ = {isa = PBXFileReference; fileEncoding = 4; lastKnownFileType = sourcecode.c.h; path = SKJsonParser.h; sourceTree = "<group>"; };
		55D6CFCB11B4DD9C00C624F0 /* SKJsonParser.m */ = {isa = PBXFileReference; fileEncoding = 4; lastKnownFileType = sourcecode.c.objc; path = SKJsonParser.m; sourceTree = "<group>"; };
		55D6CFCC11B4DD9C00C624F0 /* SKJsonWriter.h */ = {isa = PBXFileReference; fileEncoding = 4; lastKnownFileType = sourcecode.c.h; path = SKJsonWriter.h; sourceTree = "<group>"; };
		55D6CFCD11B4DD9C00C624F0 /* SKJsonWriter.m */ = {isa = PBXFileReference; fileEncoding = 4; lastKnownFileType = sourcecode.c.objc; path = SKJsonWriter.m; sourceTree = "<group>"; };
		55D6CFCE11B4DD9C00C624F0 /* NSNumberFormatter+SKAdditions.h */ = {isa = PBXFileReference; fileEncoding = 4; lastKnownFileType = sourcecode.c.h; path = "NSNumberFormatter+SKAdditions.h"; sourceTree = "<group>"; };
		55D6CFCF11B4DD9C00C624F0 /* NSNumberFormatter+SKAdditions.m */ = {isa = PBXFileReference; fileEncoding = 4; lastKnownFileType = sourcecode.c.objc; path = "NSNumberFormatter+SKAdditions.m"; sourceTree = "<group>"; };
		55D6CFD011B4DD9C00C624F0 /* NSDate+SKAdditions.h */ = {isa = PBXFileReference; fileEncoding = 4; lastKnownFileType = sourcecode.c.h; path = "NSDate+SKAdditions.h"; sourceTree = "<group>"; };
		55D6CFD111B4DD9C00C624F0 /* NSDate+SKAdditions.m */ = {isa = PBXFileReference; fileEncoding = 4; lastKnownFileType = sourcecode.c.objc; path = "NSDate+SKAdditions.m"; sourceTree = "<group>"; };
		55D6CFD211B4DD9C00C624F0 /* NSPredicate+SKAdditions.h */ = {isa = PBXFileReference; fileEncoding = 4; lastKnownFileType = sourcecode.c.h; path = "NSPredicate+SKAdditions.h"; sourceTree = "<group>"; };
		55D6CFD311B4DD9C00C624F0 /* NSPredicate+SKAdditions.m */ = {isa = PBXFileReference; fileEncoding = 4; lastKnownFileType = sourcecode.c.objc; path = "NSPredicate+SKAdditions.m"; sourceTree = "<group>"; };
		55D6CFD411B4DD9C00C624F0 /* NSDictionary+SKAdditions.h */ = {isa = PBXFileReference; fileEncoding = 4; lastKnownFileType = sourcecode.c.h; path = "NSDictionary+SKAdditions.h"; sourceTree = "<group>"; };
		55D6CFD511B4DD9C00C624F0 /* NSDictionary+SKAdditions.m */ = {isa = PBXFileReference; fileEncoding = 4; lastKnownFileType = sourcecode.c.objc; path = "NSDictionary+SKAdditions.m"; sourceTree = "<group>"; };
		AA747D9E0F9514B9006C5449 /* StackKit_Prefix.pch */ = {isa = PBXFileReference; fileEncoding = 4; lastKnownFileType = sourcecode.c.h; name = StackKit_Prefix.pch; path = "Other Sources/StackKit_Prefix.pch"; sourceTree = "<group>"; };
		AACBBE490F95108600F1A2B1 /* Foundation.framework */ = {isa = PBXFileReference; lastKnownFileType = wrapper.framework; name = Foundation.framework; path = System/Library/Frameworks/Foundation.framework; sourceTree = SDKROOT; };
		D2AAC07E0554694100DB518D /* libStackKitMobile.a */ = {isa = PBXFileReference; explicitFileType = archive.ar; includeInIndex = 0; path = libStackKitMobile.a; sourceTree = BUILT_PRODUCTS_DIR; };
/* End PBXFileReference section */

/* Begin PBXFrameworksBuildPhase section */
		D2AAC07C0554694100DB518D /* Frameworks */ = {
			isa = PBXFrameworksBuildPhase;
			buildActionMask = 2147483647;
			files = (
				AACBBE4A0F95108600F1A2B1 /* Foundation.framework in Frameworks */,
			);
			runOnlyForDeploymentPostprocessing = 0;
		};
/* End PBXFrameworksBuildPhase section */

/* Begin PBXGroup section */
		034768DFFF38A50411DB9C8B /* Products */ = {
			isa = PBXGroup;
			children = (
				D2AAC07E0554694100DB518D /* libStackKitMobile.a */,
			);
			name = Products;
			sourceTree = "<group>";
		};
		0867D691FE84028FC02AAC07 /* StackKitMobile */ = {
			isa = PBXGroup;
			children = (
				55D6CF9011B4DD9C00C624F0 /* Classes */,
				32C88DFF0371C24200C91783 /* Other Sources */,
				0867D69AFE84028FC02AAC07 /* Frameworks */,
				034768DFFF38A50411DB9C8B /* Products */,
			);
			name = StackKitMobile;
			sourceTree = "<group>";
		};
		0867D69AFE84028FC02AAC07 /* Frameworks */ = {
			isa = PBXGroup;
			children = (
				AACBBE490F95108600F1A2B1 /* Foundation.framework */,
			);
			name = Frameworks;
			sourceTree = "<group>";
		};
		32C88DFF0371C24200C91783 /* Other Sources */ = {
			isa = PBXGroup;
			children = (
				AA747D9E0F9514B9006C5449 /* StackKit_Prefix.pch */,
			);
			name = "Other Sources";
			sourceTree = "<group>";
		};
		5583333F11B765C500CA8D62 /* Endpoints */ = {
			isa = PBXGroup;
			children = (
				5583337811B765C500CA8D62 /* SKBadge endpoints */,
				5583337111B765C500CA8D62 /* SKUser endpoints */,
				5583336A11B765C500CA8D62 /* SKTag endpoints */,
				5583335B11B765C500CA8D62 /* SKQuestion endpoints */,
				5583335211B765C500CA8D62 /* SKAnswer endpoints */,
				5583334511B765C500CA8D62 /* SKComment endpoints */,
				5583334011B765C500CA8D62 /* SKEndpoint.h */,
				5583334111B765C500CA8D62 /* SKEndpoint.m */,
				5583334211B765C500CA8D62 /* SKEndpoint+Private.h */,
				5583334311B765C500CA8D62 /* SKUserActivityEndpoint.h */,
				5583334411B765C500CA8D62 /* SKUserActivityEndpoint.m */,
			);
			name = Endpoints;
			sourceTree = "<group>";
		};
		5583334511B765C500CA8D62 /* SKComment endpoints */ = {
			isa = PBXGroup;
			children = (
				5583334611B765C500CA8D62 /* SKCommentEndpoint.h */,
				5583334711B765C500CA8D62 /* SKCommentEndpoint.m */,
				5583334811B765C500CA8D62 /* SKSpecificCommentEndpoint.h */,
				5583334911B765C500CA8D62 /* SKSpecificCommentEndpoint.m */,
				5583334A11B765C500CA8D62 /* SKUserCommentsEndpoint.h */,
				5583334B11B765C500CA8D62 /* SKUserCommentsEndpoint.m */,
				5583334C11B765C500CA8D62 /* SKCommentsFromUserToUserEndpoint.h */,
				5583334D11B765C500CA8D62 /* SKCommentsFromUserToUserEndpoint.m */,
				5583334E11B765C500CA8D62 /* SKCommentsToUserEndpoint.h */,
				5583334F11B765C500CA8D62 /* SKCommentsToUserEndpoint.m */,
				5583335011B765C500CA8D62 /* SKPostCommentsEndpoint.h */,
				5583335111B765C500CA8D62 /* SKPostCommentsEndpoint.m */,
			);
			name = "SKComment endpoints";
			sourceTree = "<group>";
		};
		5583335211B765C500CA8D62 /* SKAnswer endpoints */ = {
			isa = PBXGroup;
			children = (
				5583335311B765C500CA8D62 /* SKAnswerEndpoint.h */,
				5583335411B765C500CA8D62 /* SKAnswerEndpoint.m */,
				5583335511B765C500CA8D62 /* SKSpecificAnswerEndpoint.h */,
				5583335611B765C500CA8D62 /* SKSpecificAnswerEndpoint.m */,
				5583335711B765C500CA8D62 /* SKQuestionAnswersEndpoint.h */,
				5583335811B765C500CA8D62 /* SKQuestionAnswersEndpoint.m */,
				5583335911B765C500CA8D62 /* SKUserAnswersEndpoint.h */,
				5583335A11B765C500CA8D62 /* SKUserAnswersEndpoint.m */,
			);
			name = "SKAnswer endpoints";
			sourceTree = "<group>";
		};
		5583335B11B765C500CA8D62 /* SKQuestion endpoints */ = {
			isa = PBXGroup;
			children = (
				5583335C11B765C500CA8D62 /* SKQuestionEndpoint.h */,
				5583335D11B765C500CA8D62 /* SKQuestionEndpoint.m */,
				5583340811B806B600CA8D62 /* SKQuestionSearchEndpoint.h */,
				5583340911B806B600CA8D62 /* SKQuestionSearchEndpoint.m */,
				5583335E11B765C500CA8D62 /* SKAllQuestionsEndpoint.h */,
				5583335F11B765C500CA8D62 /* SKAllQuestionsEndpoint.m */,
				5583336011B765C500CA8D62 /* SKUserQuestionsEndpoint.h */,
				5583336111B765C500CA8D62 /* SKUserQuestionsEndpoint.m */,
				5583336211B765C500CA8D62 /* SKSpecificQuestionEndpoint.h */,
				5583336311B765C500CA8D62 /* SKSpecificQuestionEndpoint.m */,
				5583336411B765C500CA8D62 /* SKQuestionsTaggedEndpoint.h */,
				5583336511B765C500CA8D62 /* SKQuestionsTaggedEndpoint.m */,
				5583336611B765C500CA8D62 /* SKUnansweredQuestionsEndpoint.h */,
				5583336711B765C500CA8D62 /* SKUnansweredQuestionsEndpoint.m */,
				5583336811B765C500CA8D62 /* SKUserFavoritedQuestionsEndpoint.h */,
				5583336911B765C500CA8D62 /* SKUserFavoritedQuestionsEndpoint.m */,
			);
			name = "SKQuestion endpoints";
			sourceTree = "<group>";
		};
		5583336A11B765C500CA8D62 /* SKTag endpoints */ = {
			isa = PBXGroup;
			children = (
				5583336B11B765C500CA8D62 /* SKTagEndpoint.h */,
				5583336C11B765C500CA8D62 /* SKTagEndpoint.m */,
				5583336D11B765C500CA8D62 /* SKAllTagsEndpoint.h */,
				5583336E11B765C500CA8D62 /* SKAllTagsEndpoint.m */,
				5583336F11B765C500CA8D62 /* SKUserTagsEndpoint.h */,
				5583337011B765C500CA8D62 /* SKUserTagsEndpoint.m */,
			);
			name = "SKTag endpoints";
			sourceTree = "<group>";
		};
		5583337111B765C500CA8D62 /* SKUser endpoints */ = {
			isa = PBXGroup;
			children = (
				5583337211B765C500CA8D62 /* SKUserEndpoint.h */,
				5583337311B765C500CA8D62 /* SKUserEndpoint.m */,
				5583337411B765C500CA8D62 /* SKAllUsersEndpoint.h */,
				5583337511B765C500CA8D62 /* SKAllUsersEndpoint.m */,
				5583337611B765C500CA8D62 /* SKSpecificUserEndpoint.h */,
				5583337711B765C500CA8D62 /* SKSpecificUserEndpoint.m */,
			);
			name = "SKUser endpoints";
			sourceTree = "<group>";
		};
		5583337811B765C500CA8D62 /* SKBadge endpoints */ = {
			isa = PBXGroup;
			children = (
				5583337911B765C500CA8D62 /* SKBadgeEndpoint.h */,
				5583337A11B765C500CA8D62 /* SKBadgeEndpoint.m */,
				5583337B11B765C500CA8D62 /* SKAllBadgesEndpoint.h */,
				5583337C11B765C500CA8D62 /* SKAllBadgesEndpoint.m */,
				5583337D11B765C500CA8D62 /* SKTagBadgesEndpoint.h */,
				5583337E11B765C500CA8D62 /* SKTagBadgesEndpoint.m */,
				5583337F11B765C500CA8D62 /* SKUserBadgesEndpoint.h */,
				5583338011B765C500CA8D62 /* SKUserBadgesEndpoint.m */,
			);
			name = "SKBadge endpoints";
			sourceTree = "<group>";
		};
		55D6CF9011B4DD9C00C624F0 /* Classes */ = {
			isa = PBXGroup;
			children = (
				55D6CFBF11B4DD9C00C624F0 /* Categories */,
				55D6CFB211B4DD9C00C624F0 /* Posts */,
				55D6CFAF11B4DD9C00C624F0 /* Tag */,
				55D6CFAC11B4DD9C00C624F0 /* Badge */,
				55D6CFA711B4DD9C00C624F0 /* User */,
				55D6CFA211B4DD9C00C624F0 /* Fetch Request */,
				55D6CF9E11B4DD9C00C624F0 /* Site */,
				55D6CF9A11B4DD9C00C624F0 /* Object Base */,
				55D6CF9311B4DD9C00C624F0 /* Constants */,
				5583333F11B765C500CA8D62 /* Endpoints */,
				55D6CF9111B4DD9C00C624F0 /* StackKit.h */,
				55D6CF9211B4DD9C00C624F0 /* StackKit_Internal.h */,
			);
			path = Classes;
			sourceTree = "<group>";
		};
		55D6CF9311B4DD9C00C624F0 /* Constants */ = {
			isa = PBXGroup;
			children = (
				55D6CF9411B4DD9C00C624F0 /* SKConstants.h */,
				55D6CF9511B4DD9C00C624F0 /* SKConstants.m */,
				55D6CF9611B4DD9C00C624F0 /* SKDefinitions.h */,
				55D6CF9711B4DD9C00C624F0 /* SKDefinitions.m */,
				55D6CF9811B4DD9C00C624F0 /* SKFunctions.h */,
				55D6CF9911B4DD9C00C624F0 /* SKFunctions.m */,
			);
			name = Constants;
			sourceTree = "<group>";
		};
		55D6CF9A11B4DD9C00C624F0 /* Object Base */ = {
			isa = PBXGroup;
			children = (
				55D6CF9B11B4DD9C00C624F0 /* SKObject.h */,
				55D6CF9C11B4DD9C00C624F0 /* SKObject.m */,
				55D6CF9D11B4DD9C00C624F0 /* SKObject+Private.h */,
			);
			name = "Object Base";
			sourceTree = "<group>";
		};
		55D6CF9E11B4DD9C00C624F0 /* Site */ = {
			isa = PBXGroup;
			children = (
				55D6CF9F11B4DD9C00C624F0 /* SKSite.h */,
				55D6CFA011B4DD9C00C624F0 /* SKSite.m */,
				558333C411B768D500CA8D62 /* SKSiteDelegate.h */,
				55D6CFA111B4DD9C00C624F0 /* SKSite+Private.h */,
			);
			name = Site;
			sourceTree = "<group>";
		};
		55D6CFA211B4DD9C00C624F0 /* Fetch Request */ = {
			isa = PBXGroup;
			children = (
				55D6CFA311B4DD9C00C624F0 /* SKFetchRequest.h */,
				55D6CFA411B4DD9C00C624F0 /* SKFetchRequest.m */,
				55D6CFA511B4DD9C00C624F0 /* SKFetchRequestDelegate.h */,
				55D6CFA611B4DD9C00C624F0 /* SKFetchRequest+Private.h */,
			);
			name = "Fetch Request";
			sourceTree = "<group>";
		};
		55D6CFA711B4DD9C00C624F0 /* User */ = {
			isa = PBXGroup;
			children = (
				55D6CFA811B4DD9C00C624F0 /* SKUser.h */,
				55D6CFA911B4DD9C00C624F0 /* SKUser.m */,
				55D6CFAA11B4DD9C00C624F0 /* SKUserActivity.h */,
				55D6CFAB11B4DD9C00C624F0 /* SKUserActivity.m */,
			);
			name = User;
			sourceTree = "<group>";
		};
		55D6CFAC11B4DD9C00C624F0 /* Badge */ = {
			isa = PBXGroup;
			children = (
				55D6CFAD11B4DD9C00C624F0 /* SKBadge.h */,
				55D6CFAE11B4DD9C00C624F0 /* SKBadge.m */,
			);
			name = Badge;
			sourceTree = "<group>";
		};
		55D6CFAF11B4DD9C00C624F0 /* Tag */ = {
			isa = PBXGroup;
			children = (
				55D6CFB011B4DD9C00C624F0 /* SKTag.h */,
				55D6CFB111B4DD9C00C624F0 /* SKTag.m */,
			);
			name = Tag;
			sourceTree = "<group>";
		};
		55D6CFB211B4DD9C00C624F0 /* Posts */ = {
			isa = PBXGroup;
			children = (
				55D6CFBC11B4DD9C00C624F0 /* Comments */,
				55D6CFB511B4DD9C00C624F0 /* Q&A */,
				55D6CFB311B4DD9C00C624F0 /* SKPost.h */,
				55D6CFB411B4DD9C00C624F0 /* SKPost.m */,
			);
			name = Posts;
			sourceTree = "<group>";
		};
		55D6CFB511B4DD9C00C624F0 /* Q&A */ = {
			isa = PBXGroup;
			children = (
				55D6CFB611B4DD9C00C624F0 /* SKQAPost.h */,
				55D6CFB711B4DD9C00C624F0 /* SKQAPost.m */,
				55D6CFB811B4DD9C00C624F0 /* SKQuestion.h */,
				55D6CFB911B4DD9C00C624F0 /* SKQuestion.m */,
				55D6CFBA11B4DD9C00C624F0 /* SKAnswer.h */,
				55D6CFBB11B4DD9C00C624F0 /* SKAnswer.m */,
			);
			name = "Q&A";
			sourceTree = "<group>";
		};
		55D6CFBC11B4DD9C00C624F0 /* Comments */ = {
			isa = PBXGroup;
			children = (
				55D6CFBD11B4DD9C00C624F0 /* SKComment.h */,
				55D6CFBE11B4DD9C00C624F0 /* SKComment.m */,
			);
			name = Comments;
			sourceTree = "<group>";
		};
		55D6CFBF11B4DD9C00C624F0 /* Categories */ = {
			isa = PBXGroup;
			children = (
				55D6CFC011B4DD9C00C624F0 /* JSON */,
				55D6CFCE11B4DD9C00C624F0 /* NSNumberFormatter+SKAdditions.h */,
				55D6CFCF11B4DD9C00C624F0 /* NSNumberFormatter+SKAdditions.m */,
				55D6CFD011B4DD9C00C624F0 /* NSDate+SKAdditions.h */,
				55D6CFD111B4DD9C00C624F0 /* NSDate+SKAdditions.m */,
				55D6CFD211B4DD9C00C624F0 /* NSPredicate+SKAdditions.h */,
				55D6CFD311B4DD9C00C624F0 /* NSPredicate+SKAdditions.m */,
				55D6CFD411B4DD9C00C624F0 /* NSDictionary+SKAdditions.h */,
				55D6CFD511B4DD9C00C624F0 /* NSDictionary+SKAdditions.m */,
			);
			name = Categories;
			sourceTree = "<group>";
		};
		55D6CFC011B4DD9C00C624F0 /* JSON */ = {
			isa = PBXGroup;
			children = (
				55D6CFC111B4DD9C00C624F0 /* JSON.h */,
				55D6CFC211B4DD9C00C624F0 /* SKJSON.h */,
				55D6CFC311B4DD9C00C624F0 /* SKJSON.m */,
				55D6CFC411B4DD9C00C624F0 /* NSObject+SKJSON.h */,
				55D6CFC511B4DD9C00C624F0 /* NSObject+SKJSON.m */,
				55D6CFC611B4DD9C00C624F0 /* NSString+SKJSON.h */,
				55D6CFC711B4DD9C00C624F0 /* NSString+SKJSON.m */,
				55D6CFC811B4DD9C00C624F0 /* SKJsonBase.h */,
				55D6CFC911B4DD9C00C624F0 /* SKJsonBase.m */,
				55D6CFCA11B4DD9C00C624F0 /* SKJsonParser.h */,
				55D6CFCB11B4DD9C00C624F0 /* SKJsonParser.m */,
				55D6CFCC11B4DD9C00C624F0 /* SKJsonWriter.h */,
				55D6CFCD11B4DD9C00C624F0 /* SKJsonWriter.m */,
			);
			path = JSON;
			sourceTree = "<group>";
		};
/* End PBXGroup section */

/* Begin PBXHeadersBuildPhase section */
		D2AAC07A0554694100DB518D /* Headers */ = {
			isa = PBXHeadersBuildPhase;
			buildActionMask = 2147483647;
			files = (
				AA747D9F0F9514B9006C5449 /* StackKit_Prefix.pch in Headers */,
				55D6CFD611B4DD9C00C624F0 /* StackKit.h in Headers */,
				55D6CFD711B4DD9C00C624F0 /* StackKit_Internal.h in Headers */,
				55D6CFD811B4DD9C00C624F0 /* SKConstants.h in Headers */,
				55D6CFDA11B4DD9C00C624F0 /* SKDefinitions.h in Headers */,
				55D6CFDC11B4DD9C00C624F0 /* SKFunctions.h in Headers */,
				55D6CFDE11B4DD9C00C624F0 /* SKObject.h in Headers */,
				55D6CFE011B4DD9C00C624F0 /* SKObject+Private.h in Headers */,
				55D6CFE111B4DD9C00C624F0 /* SKSite.h in Headers */,
				55D6CFE311B4DD9C00C624F0 /* SKSite+Private.h in Headers */,
				55D6CFE411B4DD9C00C624F0 /* SKFetchRequest.h in Headers */,
				55D6CFE611B4DD9C00C624F0 /* SKFetchRequestDelegate.h in Headers */,
				55D6CFE711B4DD9C00C624F0 /* SKFetchRequest+Private.h in Headers */,
				55D6CFE811B4DD9C00C624F0 /* SKUser.h in Headers */,
				55D6CFEA11B4DD9C00C624F0 /* SKUserActivity.h in Headers */,
				55D6CFEC11B4DD9C00C624F0 /* SKBadge.h in Headers */,
				55D6CFEE11B4DD9C00C624F0 /* SKTag.h in Headers */,
				55D6CFF011B4DD9C00C624F0 /* SKPost.h in Headers */,
				55D6CFF211B4DD9C00C624F0 /* SKQAPost.h in Headers */,
				55D6CFF411B4DD9C00C624F0 /* SKQuestion.h in Headers */,
				55D6CFF611B4DD9C00C624F0 /* SKAnswer.h in Headers */,
				55D6CFF811B4DD9C00C624F0 /* SKComment.h in Headers */,
				55D6CFFA11B4DD9C00C624F0 /* JSON.h in Headers */,
				55D6CFFB11B4DD9C00C624F0 /* SKJSON.h in Headers */,
				55D6CFFD11B4DD9C00C624F0 /* NSObject+SKJSON.h in Headers */,
				55D6CFFF11B4DD9C00C624F0 /* NSString+SKJSON.h in Headers */,
				55D6D00111B4DD9C00C624F0 /* SKJsonBase.h in Headers */,
				55D6D00311B4DD9C00C624F0 /* SKJsonParser.h in Headers */,
				55D6D00511B4DD9C00C624F0 /* SKJsonWriter.h in Headers */,
				55D6D00711B4DD9C00C624F0 /* NSNumberFormatter+SKAdditions.h in Headers */,
				55D6D00911B4DD9C00C624F0 /* NSDate+SKAdditions.h in Headers */,
				55D6D00B11B4DD9C00C624F0 /* NSPredicate+SKAdditions.h in Headers */,
				55D6D00D11B4DD9C00C624F0 /* NSDictionary+SKAdditions.h in Headers */,
				5583338111B765C500CA8D62 /* SKEndpoint.h in Headers */,
				5583338311B765C500CA8D62 /* SKEndpoint+Private.h in Headers */,
				5583338411B765C500CA8D62 /* SKUserActivityEndpoint.h in Headers */,
				5583338611B765C500CA8D62 /* SKCommentEndpoint.h in Headers */,
				5583338811B765C500CA8D62 /* SKSpecificCommentEndpoint.h in Headers */,
				5583338A11B765C500CA8D62 /* SKUserCommentsEndpoint.h in Headers */,
				5583338C11B765C500CA8D62 /* SKCommentsFromUserToUserEndpoint.h in Headers */,
				5583338E11B765C500CA8D62 /* SKCommentsToUserEndpoint.h in Headers */,
				5583339011B765C500CA8D62 /* SKPostCommentsEndpoint.h in Headers */,
				5583339211B765C500CA8D62 /* SKAnswerEndpoint.h in Headers */,
				5583339411B765C500CA8D62 /* SKSpecificAnswerEndpoint.h in Headers */,
				5583339611B765C500CA8D62 /* SKQuestionAnswersEndpoint.h in Headers */,
				5583339811B765C500CA8D62 /* SKUserAnswersEndpoint.h in Headers */,
				5583339A11B765C500CA8D62 /* SKQuestionEndpoint.h in Headers */,
				5583339C11B765C500CA8D62 /* SKAllQuestionsEndpoint.h in Headers */,
				5583339E11B765C500CA8D62 /* SKUserQuestionsEndpoint.h in Headers */,
				558333A011B765C500CA8D62 /* SKSpecificQuestionEndpoint.h in Headers */,
				558333A211B765C500CA8D62 /* SKQuestionsTaggedEndpoint.h in Headers */,
				558333A411B765C500CA8D62 /* SKUnansweredQuestionsEndpoint.h in Headers */,
				558333A611B765C500CA8D62 /* SKUserFavoritedQuestionsEndpoint.h in Headers */,
				558333A811B765C500CA8D62 /* SKTagEndpoint.h in Headers */,
				558333AA11B765C500CA8D62 /* SKAllTagsEndpoint.h in Headers */,
				558333AC11B765C500CA8D62 /* SKUserTagsEndpoint.h in Headers */,
				558333AE11B765C500CA8D62 /* SKUserEndpoint.h in Headers */,
				558333B011B765C500CA8D62 /* SKAllUsersEndpoint.h in Headers */,
				558333B211B765C500CA8D62 /* SKSpecificUserEndpoint.h in Headers */,
				558333B411B765C500CA8D62 /* SKBadgeEndpoint.h in Headers */,
				558333B611B765C500CA8D62 /* SKAllBadgesEndpoint.h in Headers */,
				558333B811B765C500CA8D62 /* SKTagBadgesEndpoint.h in Headers */,
				558333BA11B765C500CA8D62 /* SKUserBadgesEndpoint.h in Headers */,
				558333C511B768D500CA8D62 /* SKSiteDelegate.h in Headers */,
				5583340A11B806B600CA8D62 /* SKQuestionSearchEndpoint.h in Headers */,
			);
			runOnlyForDeploymentPostprocessing = 0;
		};
/* End PBXHeadersBuildPhase section */

/* Begin PBXNativeTarget section */
		D2AAC07D0554694100DB518D /* StackKitMobile */ = {
			isa = PBXNativeTarget;
			buildConfigurationList = 1DEB921E08733DC00010E9CD /* Build configuration list for PBXNativeTarget "StackKitMobile" */;
			buildPhases = (
				D2AAC07A0554694100DB518D /* Headers */,
				D2AAC07B0554694100DB518D /* Sources */,
				D2AAC07C0554694100DB518D /* Frameworks */,
			);
			buildRules = (
			);
			dependencies = (
			);
			name = StackKitMobile;
			productName = StackKitMobile;
			productReference = D2AAC07E0554694100DB518D /* libStackKitMobile.a */;
			productType = "com.apple.product-type.library.static";
		};
/* End PBXNativeTarget section */

/* Begin PBXProject section */
		0867D690FE84028FC02AAC07 /* Project object */ = {
			isa = PBXProject;
			buildConfigurationList = 1DEB922208733DC00010E9CD /* Build configuration list for PBXProject "StackKitMobile" */;
			compatibilityVersion = "Xcode 3.1";
			hasScannedForEncodings = 1;
			mainGroup = 0867D691FE84028FC02AAC07 /* StackKitMobile */;
			productRefGroup = 034768DFFF38A50411DB9C8B /* Products */;
			projectDirPath = "";
			projectRoot = "";
			targets = (
				D2AAC07D0554694100DB518D /* StackKitMobile */,
			);
		};
/* End PBXProject section */

/* Begin PBXSourcesBuildPhase section */
		D2AAC07B0554694100DB518D /* Sources */ = {
			isa = PBXSourcesBuildPhase;
			buildActionMask = 2147483647;
			files = (
				55D6CFD911B4DD9C00C624F0 /* SKConstants.m in Sources */,
				55D6CFDB11B4DD9C00C624F0 /* SKDefinitions.m in Sources */,
				55D6CFDD11B4DD9C00C624F0 /* SKFunctions.m in Sources */,
				55D6CFDF11B4DD9C00C624F0 /* SKObject.m in Sources */,
				55D6CFE211B4DD9C00C624F0 /* SKSite.m in Sources */,
				55D6CFE511B4DD9C00C624F0 /* SKFetchRequest.m in Sources */,
				55D6CFE911B4DD9C00C624F0 /* SKUser.m in Sources */,
				55D6CFEB11B4DD9C00C624F0 /* SKUserActivity.m in Sources */,
				55D6CFED11B4DD9C00C624F0 /* SKBadge.m in Sources */,
				55D6CFEF11B4DD9C00C624F0 /* SKTag.m in Sources */,
				55D6CFF111B4DD9C00C624F0 /* SKPost.m in Sources */,
				55D6CFF311B4DD9C00C624F0 /* SKQAPost.m in Sources */,
				55D6CFF511B4DD9C00C624F0 /* SKQuestion.m in Sources */,
				55D6CFF711B4DD9C00C624F0 /* SKAnswer.m in Sources */,
				55D6CFF911B4DD9C00C624F0 /* SKComment.m in Sources */,
				55D6CFFC11B4DD9C00C624F0 /* SKJSON.m in Sources */,
				55D6CFFE11B4DD9C00C624F0 /* NSObject+SKJSON.m in Sources */,
				55D6D00011B4DD9C00C624F0 /* NSString+SKJSON.m in Sources */,
				55D6D00211B4DD9C00C624F0 /* SKJsonBase.m in Sources */,
				55D6D00411B4DD9C00C624F0 /* SKJsonParser.m in Sources */,
				55D6D00611B4DD9C00C624F0 /* SKJsonWriter.m in Sources */,
				55D6D00811B4DD9C00C624F0 /* NSNumberFormatter+SKAdditions.m in Sources */,
				55D6D00A11B4DD9C00C624F0 /* NSDate+SKAdditions.m in Sources */,
				55D6D00C11B4DD9C00C624F0 /* NSPredicate+SKAdditions.m in Sources */,
				55D6D00E11B4DD9C00C624F0 /* NSDictionary+SKAdditions.m in Sources */,
				5583338211B765C500CA8D62 /* SKEndpoint.m in Sources */,
				5583338511B765C500CA8D62 /* SKUserActivityEndpoint.m in Sources */,
				5583338711B765C500CA8D62 /* SKCommentEndpoint.m in Sources */,
				5583338911B765C500CA8D62 /* SKSpecificCommentEndpoint.m in Sources */,
				5583338B11B765C500CA8D62 /* SKUserCommentsEndpoint.m in Sources */,
				5583338D11B765C500CA8D62 /* SKCommentsFromUserToUserEndpoint.m in Sources */,
				5583338F11B765C500CA8D62 /* SKCommentsToUserEndpoint.m in Sources */,
				5583339111B765C500CA8D62 /* SKPostCommentsEndpoint.m in Sources */,
				5583339311B765C500CA8D62 /* SKAnswerEndpoint.m in Sources */,
				5583339511B765C500CA8D62 /* SKSpecificAnswerEndpoint.m in Sources */,
				5583339711B765C500CA8D62 /* SKQuestionAnswersEndpoint.m in Sources */,
				5583339911B765C500CA8D62 /* SKUserAnswersEndpoint.m in Sources */,
				5583339B11B765C500CA8D62 /* SKQuestionEndpoint.m in Sources */,
				5583339D11B765C500CA8D62 /* SKAllQuestionsEndpoint.m in Sources */,
				5583339F11B765C500CA8D62 /* SKUserQuestionsEndpoint.m in Sources */,
				558333A111B765C500CA8D62 /* SKSpecificQuestionEndpoint.m in Sources */,
				558333A311B765C500CA8D62 /* SKQuestionsTaggedEndpoint.m in Sources */,
				558333A511B765C500CA8D62 /* SKUnansweredQuestionsEndpoint.m in Sources */,
				558333A711B765C500CA8D62 /* SKUserFavoritedQuestionsEndpoint.m in Sources */,
				558333A911B765C500CA8D62 /* SKTagEndpoint.m in Sources */,
				558333AB11B765C500CA8D62 /* SKAllTagsEndpoint.m in Sources */,
				558333AD11B765C500CA8D62 /* SKUserTagsEndpoint.m in Sources */,
				558333AF11B765C500CA8D62 /* SKUserEndpoint.m in Sources */,
				558333B111B765C500CA8D62 /* SKAllUsersEndpoint.m in Sources */,
				558333B311B765C500CA8D62 /* SKSpecificUserEndpoint.m in Sources */,
				558333B511B765C500CA8D62 /* SKBadgeEndpoint.m in Sources */,
				558333B711B765C500CA8D62 /* SKAllBadgesEndpoint.m in Sources */,
				558333B911B765C500CA8D62 /* SKTagBadgesEndpoint.m in Sources */,
				558333BB11B765C500CA8D62 /* SKUserBadgesEndpoint.m in Sources */,
				5583340B11B806B600CA8D62 /* SKQuestionSearchEndpoint.m in Sources */,
			);
			runOnlyForDeploymentPostprocessing = 0;
		};
/* End PBXSourcesBuildPhase section */

/* Begin XCBuildConfiguration section */
		1DEB921F08733DC00010E9CD /* Debug */ = {
			isa = XCBuildConfiguration;
			buildSettings = {
				ALWAYS_SEARCH_USER_PATHS = NO;
				ARCHS = "$(ARCHS_STANDARD_32_BIT)";
				COPY_PHASE_STRIP = NO;
				DSTROOT = /tmp/StackKitMobile.dst;
				GCC_DYNAMIC_NO_PIC = NO;
				GCC_ENABLE_FIX_AND_CONTINUE = YES;
				GCC_MODEL_TUNING = G5;
				GCC_OPTIMIZATION_LEVEL = 0;
				GCC_PRECOMPILE_PREFIX_HEADER = YES;
				GCC_PREFIX_HEADER = "Other Sources/StackKit_Prefix.pch";
				INSTALL_PATH = /usr/local/lib;
				PRODUCT_NAME = StackKitMobile;
			};
			name = Debug;
		};
		1DEB922008733DC00010E9CD /* Release */ = {
			isa = XCBuildConfiguration;
			buildSettings = {
				ALWAYS_SEARCH_USER_PATHS = NO;
				ARCHS = "$(ARCHS_STANDARD_32_BIT)";
				DSTROOT = /tmp/StackKitMobile.dst;
				GCC_MODEL_TUNING = G5;
				GCC_PRECOMPILE_PREFIX_HEADER = YES;
				GCC_PREFIX_HEADER = "Other Sources/StackKit_Prefix.pch";
				INSTALL_PATH = /usr/local/lib;
				PRODUCT_NAME = StackKitMobile;
			};
			name = Release;
		};
		1DEB922308733DC00010E9CD /* Debug */ = {
			isa = XCBuildConfiguration;
			buildSettings = {
				ARCHS = "$(ARCHS_STANDARD_32_BIT)";
				GCC_C_LANGUAGE_STANDARD = c99;
				GCC_OPTIMIZATION_LEVEL = 0;
				GCC_WARN_ABOUT_RETURN_TYPE = YES;
				GCC_WARN_UNUSED_VARIABLE = YES;
				OTHER_LDFLAGS = "-ObjC";
				PREBINDING = NO;
				SDKROOT = iphoneos3.2;
			};
			name = Debug;
		};
		1DEB922408733DC00010E9CD /* Release */ = {
			isa = XCBuildConfiguration;
			buildSettings = {
				ARCHS = "$(ARCHS_STANDARD_32_BIT)";
				GCC_C_LANGUAGE_STANDARD = c99;
				GCC_WARN_ABOUT_RETURN_TYPE = YES;
				GCC_WARN_UNUSED_VARIABLE = YES;
				OTHER_LDFLAGS = "-ObjC";
				PREBINDING = NO;
				SDKROOT = iphoneos3.2;
			};
			name = Release;
		};
/* End XCBuildConfiguration section */

/* Begin XCConfigurationList section */
		1DEB921E08733DC00010E9CD /* Build configuration list for PBXNativeTarget "StackKitMobile" */ = {
			isa = XCConfigurationList;
			buildConfigurations = (
				1DEB921F08733DC00010E9CD /* Debug */,
				1DEB922008733DC00010E9CD /* Release */,
			);
			defaultConfigurationIsVisible = 0;
			defaultConfigurationName = Release;
		};
		1DEB922208733DC00010E9CD /* Build configuration list for PBXProject "StackKitMobile" */ = {
			isa = XCConfigurationList;
			buildConfigurations = (
				1DEB922308733DC00010E9CD /* Debug */,
				1DEB922408733DC00010E9CD /* Release */,
			);
			defaultConfigurationIsVisible = 0;
			defaultConfigurationName = Release;
		};
/* End XCConfigurationList section */
	};
	rootObject = 0867D690FE84028FC02AAC07 /* Project object */;
}
