// !$*UTF8*$!
{
	archiveVersion = 1;
	classes = {
	};
	objectVersion = 45;
	objects = {

/* Begin PBXBuildFile section */
		4C5BF9A611E0F1ED001E0996 /* SKCallback.h in Headers */ = {isa = PBXBuildFile; fileRef = 4C5BF9A411E0F1ED001E0996 /* SKCallback.h */; };
		4C5BF9A711E0F1ED001E0996 /* SKCallback.m in Sources */ = {isa = PBXBuildFile; fileRef = 4C5BF9A511E0F1ED001E0996 /* SKCallback.m */; };
		4C5BF9B411E0F3E3001E0996 /* SKConstants_Internal.h in Headers */ = {isa = PBXBuildFile; fileRef = 4C5BF9B311E0F3E3001E0996 /* SKConstants_Internal.h */; };
		551B042212E82E5500BF14BC /* SKRequestBuilder.h in Headers */ = {isa = PBXBuildFile; fileRef = 551B03E512E82E5500BF14BC /* SKRequestBuilder.h */; };
		551B042312E82E5500BF14BC /* SKRequestBuilder.m in Sources */ = {isa = PBXBuildFile; fileRef = 551B03E612E82E5500BF14BC /* SKRequestBuilder.m */; };
		551B042412E82E5500BF14BC /* _SKConcreteRequestBuilder.h in Headers */ = {isa = PBXBuildFile; fileRef = 551B03E812E82E5500BF14BC /* _SKConcreteRequestBuilder.h */; };
		551B042512E82E5500BF14BC /* _SKConcreteRequestBuilder.m in Sources */ = {isa = PBXBuildFile; fileRef = 551B03E912E82E5500BF14BC /* _SKConcreteRequestBuilder.m */; };
		551B042612E82E5500BF14BC /* _SKRequestBuilderTags.h in Headers */ = {isa = PBXBuildFile; fileRef = 551B03EB12E82E5500BF14BC /* _SKRequestBuilderTags.h */; };
		551B042712E82E5500BF14BC /* _SKRequestBuilderTags.m in Sources */ = {isa = PBXBuildFile; fileRef = 551B03EC12E82E5500BF14BC /* _SKRequestBuilderTags.m */; };
		551B042812E82E5500BF14BC /* _SKRequestBuilderUserTags.h in Headers */ = {isa = PBXBuildFile; fileRef = 551B03ED12E82E5500BF14BC /* _SKRequestBuilderUserTags.h */; };
		551B042912E82E5500BF14BC /* _SKRequestBuilderUserTags.m in Sources */ = {isa = PBXBuildFile; fileRef = 551B03EE12E82E5500BF14BC /* _SKRequestBuilderUserTags.m */; };
		551B042A12E82E5500BF14BC /* _SKRequestBuilderQuestions.h in Headers */ = {isa = PBXBuildFile; fileRef = 551B03F012E82E5500BF14BC /* _SKRequestBuilderQuestions.h */; };
		551B042B12E82E5500BF14BC /* _SKRequestBuilderQuestions.m in Sources */ = {isa = PBXBuildFile; fileRef = 551B03F112E82E5500BF14BC /* _SKRequestBuilderQuestions.m */; };
		551B042C12E82E5500BF14BC /* _SKRequestBuilderQuestionsByID.h in Headers */ = {isa = PBXBuildFile; fileRef = 551B03F212E82E5500BF14BC /* _SKRequestBuilderQuestionsByID.h */; };
		551B042D12E82E5500BF14BC /* _SKRequestBuilderQuestionsByID.m in Sources */ = {isa = PBXBuildFile; fileRef = 551B03F312E82E5500BF14BC /* _SKRequestBuilderQuestionsByID.m */; };
		551B042E12E82E5500BF14BC /* _SKRequestBuilderUnansweredQuestions.h in Headers */ = {isa = PBXBuildFile; fileRef = 551B03F412E82E5500BF14BC /* _SKRequestBuilderUnansweredQuestions.h */; };
		551B042F12E82E5500BF14BC /* _SKRequestBuilderUnansweredQuestions.m in Sources */ = {isa = PBXBuildFile; fileRef = 551B03F512E82E5500BF14BC /* _SKRequestBuilderUnansweredQuestions.m */; };
		551B043012E82E5500BF14BC /* _SKRequestBuilderQuestionSearch.h in Headers */ = {isa = PBXBuildFile; fileRef = 551B03F612E82E5500BF14BC /* _SKRequestBuilderQuestionSearch.h */; };
		551B043112E82E5500BF14BC /* _SKRequestBuilderQuestionSearch.m in Sources */ = {isa = PBXBuildFile; fileRef = 551B03F712E82E5500BF14BC /* _SKRequestBuilderQuestionSearch.m */; };
		551B043212E82E5500BF14BC /* _SKRequestBuilderFavoritedQuestions.h in Headers */ = {isa = PBXBuildFile; fileRef = 551B03F812E82E5500BF14BC /* _SKRequestBuilderFavoritedQuestions.h */; };
		551B043312E82E5500BF14BC /* _SKRequestBuilderFavoritedQuestions.m in Sources */ = {isa = PBXBuildFile; fileRef = 551B03F912E82E5500BF14BC /* _SKRequestBuilderFavoritedQuestions.m */; };
		551B043412E82E5500BF14BC /* _SKRequestBuilderQuestionsByUser.h in Headers */ = {isa = PBXBuildFile; fileRef = 551B03FA12E82E5500BF14BC /* _SKRequestBuilderQuestionsByUser.h */; };
		551B043512E82E5500BF14BC /* _SKRequestBuilderQuestionsByUser.m in Sources */ = {isa = PBXBuildFile; fileRef = 551B03FB12E82E5500BF14BC /* _SKRequestBuilderQuestionsByUser.m */; };
		551B043612E82E5500BF14BC /* _SKRequestBuilderAnswersByID.h in Headers */ = {isa = PBXBuildFile; fileRef = 551B03FD12E82E5500BF14BC /* _SKRequestBuilderAnswersByID.h */; };
		551B043712E82E5500BF14BC /* _SKRequestBuilderAnswersByID.m in Sources */ = {isa = PBXBuildFile; fileRef = 551B03FE12E82E5500BF14BC /* _SKRequestBuilderAnswersByID.m */; };
		551B043812E82E5500BF14BC /* _SKRequestBuilderAnswersForQuestion.h in Headers */ = {isa = PBXBuildFile; fileRef = 551B03FF12E82E5500BF14BC /* _SKRequestBuilderAnswersForQuestion.h */; };
		551B043912E82E5500BF14BC /* _SKRequestBuilderAnswersForQuestion.m in Sources */ = {isa = PBXBuildFile; fileRef = 551B040012E82E5500BF14BC /* _SKRequestBuilderAnswersForQuestion.m */; };
		551B043A12E82E5500BF14BC /* _SKRequestBuilderAnswersForUser.h in Headers */ = {isa = PBXBuildFile; fileRef = 551B040112E82E5500BF14BC /* _SKRequestBuilderAnswersForUser.h */; };
		551B043B12E82E5500BF14BC /* _SKRequestBuilderAnswersForUser.m in Sources */ = {isa = PBXBuildFile; fileRef = 551B040212E82E5500BF14BC /* _SKRequestBuilderAnswersForUser.m */; };
		551B043C12E82E5600BF14BC /* _SKRequestBuilderCommentsForAnswer.h in Headers */ = {isa = PBXBuildFile; fileRef = 551B040412E82E5500BF14BC /* _SKRequestBuilderCommentsForAnswer.h */; };
		551B043D12E82E5600BF14BC /* _SKRequestBuilderCommentsForAnswer.m in Sources */ = {isa = PBXBuildFile; fileRef = 551B040512E82E5500BF14BC /* _SKRequestBuilderCommentsForAnswer.m */; };
		551B043E12E82E5600BF14BC /* _SKRequestBuilderCommentsByID.h in Headers */ = {isa = PBXBuildFile; fileRef = 551B040612E82E5500BF14BC /* _SKRequestBuilderCommentsByID.h */; };
		551B043F12E82E5600BF14BC /* _SKRequestBuilderCommentsByID.m in Sources */ = {isa = PBXBuildFile; fileRef = 551B040712E82E5500BF14BC /* _SKRequestBuilderCommentsByID.m */; };
		551B044012E82E5600BF14BC /* _SKRequestBuilderCommentsForQuestion.h in Headers */ = {isa = PBXBuildFile; fileRef = 551B040812E82E5500BF14BC /* _SKRequestBuilderCommentsForQuestion.h */; };
		551B044112E82E5600BF14BC /* _SKRequestBuilderCommentsForQuestion.m in Sources */ = {isa = PBXBuildFile; fileRef = 551B040912E82E5500BF14BC /* _SKRequestBuilderCommentsForQuestion.m */; };
		551B044212E82E5600BF14BC /* _SKRequestBuilderCommentsByUser.h in Headers */ = {isa = PBXBuildFile; fileRef = 551B040A12E82E5500BF14BC /* _SKRequestBuilderCommentsByUser.h */; };
		551B044312E82E5600BF14BC /* _SKRequestBuilderCommentsByUser.m in Sources */ = {isa = PBXBuildFile; fileRef = 551B040B12E82E5500BF14BC /* _SKRequestBuilderCommentsByUser.m */; };
		551B044412E82E5600BF14BC /* _SKRequestBuilderCommentsFromUserToUser.h in Headers */ = {isa = PBXBuildFile; fileRef = 551B040C12E82E5500BF14BC /* _SKRequestBuilderCommentsFromUserToUser.h */; };
		551B044512E82E5600BF14BC /* _SKRequestBuilderCommentsFromUserToUser.m in Sources */ = {isa = PBXBuildFile; fileRef = 551B040D12E82E5500BF14BC /* _SKRequestBuilderCommentsFromUserToUser.m */; };
		551B044612E82E5600BF14BC /* _SKRequestBuilderCommentsToUser.h in Headers */ = {isa = PBXBuildFile; fileRef = 551B040E12E82E5500BF14BC /* _SKRequestBuilderCommentsToUser.h */; };
		551B044712E82E5600BF14BC /* _SKRequestBuilderCommentsToUser.m in Sources */ = {isa = PBXBuildFile; fileRef = 551B040F12E82E5500BF14BC /* _SKRequestBuilderCommentsToUser.m */; };
		551B044812E82E5600BF14BC /* _SKRequestBuilderUsersWithBadge.h in Headers */ = {isa = PBXBuildFile; fileRef = 551B041112E82E5500BF14BC /* _SKRequestBuilderUsersWithBadge.h */; };
		551B044912E82E5600BF14BC /* _SKRequestBuilderUsersWithBadge.m in Sources */ = {isa = PBXBuildFile; fileRef = 551B041212E82E5500BF14BC /* _SKRequestBuilderUsersWithBadge.m */; };
		551B044A12E82E5600BF14BC /* _SKRequestBuilderUsers.h in Headers */ = {isa = PBXBuildFile; fileRef = 551B041312E82E5500BF14BC /* _SKRequestBuilderUsers.h */; };
		551B044B12E82E5600BF14BC /* _SKRequestBuilderUsers.m in Sources */ = {isa = PBXBuildFile; fileRef = 551B041412E82E5500BF14BC /* _SKRequestBuilderUsers.m */; };
		551B044C12E82E5600BF14BC /* _SKRequestBuilderUsersByID.h in Headers */ = {isa = PBXBuildFile; fileRef = 551B041512E82E5500BF14BC /* _SKRequestBuilderUsersByID.h */; };
		551B044D12E82E5600BF14BC /* _SKRequestBuilderUsersByID.m in Sources */ = {isa = PBXBuildFile; fileRef = 551B041612E82E5500BF14BC /* _SKRequestBuilderUsersByID.m */; };
		551B044E12E82E5600BF14BC /* _SKRequestBuilderUserModerators.h in Headers */ = {isa = PBXBuildFile; fileRef = 551B041712E82E5500BF14BC /* _SKRequestBuilderUserModerators.h */; };
		551B044F12E82E5600BF14BC /* _SKRequestBuilderUserModerators.m in Sources */ = {isa = PBXBuildFile; fileRef = 551B041812E82E5500BF14BC /* _SKRequestBuilderUserModerators.m */; };
		551B045012E82E5600BF14BC /* _SKRequestBuilderAllBadges.h in Headers */ = {isa = PBXBuildFile; fileRef = 551B041A12E82E5500BF14BC /* _SKRequestBuilderAllBadges.h */; };
		551B045112E82E5600BF14BC /* _SKRequestBuilderAllBadges.m in Sources */ = {isa = PBXBuildFile; fileRef = 551B041B12E82E5500BF14BC /* _SKRequestBuilderAllBadges.m */; };
		551B045212E82E5600BF14BC /* _SKRequestBuilderNameBadges.h in Headers */ = {isa = PBXBuildFile; fileRef = 551B041C12E82E5500BF14BC /* _SKRequestBuilderNameBadges.h */; };
		551B045312E82E5600BF14BC /* _SKRequestBuilderNameBadges.m in Sources */ = {isa = PBXBuildFile; fileRef = 551B041D12E82E5500BF14BC /* _SKRequestBuilderNameBadges.m */; };
		551B045412E82E5600BF14BC /* _SKRequestBuilderTagBadges.h in Headers */ = {isa = PBXBuildFile; fileRef = 551B041E12E82E5500BF14BC /* _SKRequestBuilderTagBadges.h */; };
		551B045512E82E5600BF14BC /* _SKRequestBuilderTagBadges.m in Sources */ = {isa = PBXBuildFile; fileRef = 551B041F12E82E5500BF14BC /* _SKRequestBuilderTagBadges.m */; };
		551B045612E82E5600BF14BC /* _SKRequestBuilderBadgesForUser.h in Headers */ = {isa = PBXBuildFile; fileRef = 551B042012E82E5500BF14BC /* _SKRequestBuilderBadgesForUser.h */; };
		551B045712E82E5600BF14BC /* _SKRequestBuilderBadgesForUser.m in Sources */ = {isa = PBXBuildFile; fileRef = 551B042112E82E5500BF14BC /* _SKRequestBuilderBadgesForUser.m */; };
		558333C511B768D500CA8D62 /* SKSiteDelegate.h in Headers */ = {isa = PBXBuildFile; fileRef = 558333C411B768D500CA8D62 /* SKSiteDelegate.h */; };
		55D6CFD611B4DD9C00C624F0 /* StackKit.h in Headers */ = {isa = PBXBuildFile; fileRef = 55D6CF9111B4DD9C00C624F0 /* StackKit.h */; };
		55D6CFD711B4DD9C00C624F0 /* StackKit_Internal.h in Headers */ = {isa = PBXBuildFile; fileRef = 55D6CF9211B4DD9C00C624F0 /* StackKit_Internal.h */; };
		55D6CFD811B4DD9C00C624F0 /* SKConstants.h in Headers */ = {isa = PBXBuildFile; fileRef = 55D6CF9411B4DD9C00C624F0 /* SKConstants.h */; };
		55D6CFD911B4DD9C00C624F0 /* SKConstants.m in Sources */ = {isa = PBXBuildFile; fileRef = 55D6CF9511B4DD9C00C624F0 /* SKConstants.m */; };
		55D6CFDA11B4DD9C00C624F0 /* SKDefinitions.h in Headers */ = {isa = PBXBuildFile; fileRef = 55D6CF9611B4DD9C00C624F0 /* SKDefinitions.h */; };
		55D6CFDB11B4DD9C00C624F0 /* SKDefinitions.m in Sources */ = {isa = PBXBuildFile; fileRef = 55D6CF9711B4DD9C00C624F0 /* SKDefinitions.m */; };
		55D6CFDC11B4DD9C00C624F0 /* SKFunctions.h in Headers */ = {isa = PBXBuildFile; fileRef = 55D6CF9811B4DD9C00C624F0 /* SKFunctions.h */; };
		55D6CFDD11B4DD9C00C624F0 /* SKFunctions.m in Sources */ = {isa = PBXBuildFile; fileRef = 55D6CF9911B4DD9C00C624F0 /* SKFunctions.m */; };
		55D6CFDE11B4DD9C00C624F0 /* SKObject.h in Headers */ = {isa = PBXBuildFile; fileRef = 55D6CF9B11B4DD9C00C624F0 /* SKObject.h */; };
		55D6CFDF11B4DD9C00C624F0 /* SKObject.m in Sources */ = {isa = PBXBuildFile; fileRef = 55D6CF9C11B4DD9C00C624F0 /* SKObject.m */; };
		55D6CFE011B4DD9C00C624F0 /* SKObject+Private.h in Headers */ = {isa = PBXBuildFile; fileRef = 55D6CF9D11B4DD9C00C624F0 /* SKObject+Private.h */; };
		55D6CFE111B4DD9C00C624F0 /* SKSite.h in Headers */ = {isa = PBXBuildFile; fileRef = 55D6CF9F11B4DD9C00C624F0 /* SKSite.h */; };
		55D6CFE211B4DD9C00C624F0 /* SKSite.m in Sources */ = {isa = PBXBuildFile; fileRef = 55D6CFA011B4DD9C00C624F0 /* SKSite.m */; };
		55D6CFE311B4DD9C00C624F0 /* SKSite+Private.h in Headers */ = {isa = PBXBuildFile; fileRef = 55D6CFA111B4DD9C00C624F0 /* SKSite+Private.h */; };
		55D6CFE411B4DD9C00C624F0 /* SKFetchRequest.h in Headers */ = {isa = PBXBuildFile; fileRef = 55D6CFA311B4DD9C00C624F0 /* SKFetchRequest.h */; };
		55D6CFE511B4DD9C00C624F0 /* SKFetchRequest.m in Sources */ = {isa = PBXBuildFile; fileRef = 55D6CFA411B4DD9C00C624F0 /* SKFetchRequest.m */; };
		55D6CFE611B4DD9C00C624F0 /* SKFetchRequestDelegate.h in Headers */ = {isa = PBXBuildFile; fileRef = 55D6CFA511B4DD9C00C624F0 /* SKFetchRequestDelegate.h */; };
		55D6CFE711B4DD9C00C624F0 /* SKFetchRequest+Private.h in Headers */ = {isa = PBXBuildFile; fileRef = 55D6CFA611B4DD9C00C624F0 /* SKFetchRequest+Private.h */; };
		55D6CFE811B4DD9C00C624F0 /* SKUser.h in Headers */ = {isa = PBXBuildFile; fileRef = 55D6CFA811B4DD9C00C624F0 /* SKUser.h */; };
		55D6CFE911B4DD9C00C624F0 /* SKUser.m in Sources */ = {isa = PBXBuildFile; fileRef = 55D6CFA911B4DD9C00C624F0 /* SKUser.m */; };
		55D6CFEA11B4DD9C00C624F0 /* SKUserActivity.h in Headers */ = {isa = PBXBuildFile; fileRef = 55D6CFAA11B4DD9C00C624F0 /* SKUserActivity.h */; };
		55D6CFEB11B4DD9C00C624F0 /* SKUserActivity.m in Sources */ = {isa = PBXBuildFile; fileRef = 55D6CFAB11B4DD9C00C624F0 /* SKUserActivity.m */; };
		55D6CFEC11B4DD9C00C624F0 /* SKBadge.h in Headers */ = {isa = PBXBuildFile; fileRef = 55D6CFAD11B4DD9C00C624F0 /* SKBadge.h */; };
		55D6CFED11B4DD9C00C624F0 /* SKBadge.m in Sources */ = {isa = PBXBuildFile; fileRef = 55D6CFAE11B4DD9C00C624F0 /* SKBadge.m */; };
		55D6CFEE11B4DD9C00C624F0 /* SKTag.h in Headers */ = {isa = PBXBuildFile; fileRef = 55D6CFB011B4DD9C00C624F0 /* SKTag.h */; };
		55D6CFEF11B4DD9C00C624F0 /* SKTag.m in Sources */ = {isa = PBXBuildFile; fileRef = 55D6CFB111B4DD9C00C624F0 /* SKTag.m */; };
		55D6CFF011B4DD9C00C624F0 /* SKPost.h in Headers */ = {isa = PBXBuildFile; fileRef = 55D6CFB311B4DD9C00C624F0 /* SKPost.h */; };
		55D6CFF111B4DD9C00C624F0 /* SKPost.m in Sources */ = {isa = PBXBuildFile; fileRef = 55D6CFB411B4DD9C00C624F0 /* SKPost.m */; };
		55D6CFF211B4DD9C00C624F0 /* SKQAPost.h in Headers */ = {isa = PBXBuildFile; fileRef = 55D6CFB611B4DD9C00C624F0 /* SKQAPost.h */; };
		55D6CFF311B4DD9C00C624F0 /* SKQAPost.m in Sources */ = {isa = PBXBuildFile; fileRef = 55D6CFB711B4DD9C00C624F0 /* SKQAPost.m */; };
		55D6CFF411B4DD9C00C624F0 /* SKQuestion.h in Headers */ = {isa = PBXBuildFile; fileRef = 55D6CFB811B4DD9C00C624F0 /* SKQuestion.h */; };
		55D6CFF511B4DD9C00C624F0 /* SKQuestion.m in Sources */ = {isa = PBXBuildFile; fileRef = 55D6CFB911B4DD9C00C624F0 /* SKQuestion.m */; };
		55D6CFF611B4DD9C00C624F0 /* SKAnswer.h in Headers */ = {isa = PBXBuildFile; fileRef = 55D6CFBA11B4DD9C00C624F0 /* SKAnswer.h */; };
		55D6CFF711B4DD9C00C624F0 /* SKAnswer.m in Sources */ = {isa = PBXBuildFile; fileRef = 55D6CFBB11B4DD9C00C624F0 /* SKAnswer.m */; };
		55D6CFF811B4DD9C00C624F0 /* SKComment.h in Headers */ = {isa = PBXBuildFile; fileRef = 55D6CFBD11B4DD9C00C624F0 /* SKComment.h */; };
		55D6CFF911B4DD9C00C624F0 /* SKComment.m in Sources */ = {isa = PBXBuildFile; fileRef = 55D6CFBE11B4DD9C00C624F0 /* SKComment.m */; };
		55D6CFFA11B4DD9C00C624F0 /* JSON.h in Headers */ = {isa = PBXBuildFile; fileRef = 55D6CFC111B4DD9C00C624F0 /* JSON.h */; };
		55D6CFFB11B4DD9C00C624F0 /* SKJSON.h in Headers */ = {isa = PBXBuildFile; fileRef = 55D6CFC211B4DD9C00C624F0 /* SKJSON.h */; };
		55D6CFFC11B4DD9C00C624F0 /* SKJSON.m in Sources */ = {isa = PBXBuildFile; fileRef = 55D6CFC311B4DD9C00C624F0 /* SKJSON.m */; };
		55D6CFFD11B4DD9C00C624F0 /* NSObject+SKJSON.h in Headers */ = {isa = PBXBuildFile; fileRef = 55D6CFC411B4DD9C00C624F0 /* NSObject+SKJSON.h */; };
		55D6CFFE11B4DD9C00C624F0 /* NSObject+SKJSON.m in Sources */ = {isa = PBXBuildFile; fileRef = 55D6CFC511B4DD9C00C624F0 /* NSObject+SKJSON.m */; };
		55D6CFFF11B4DD9C00C624F0 /* NSString+SKJSON.h in Headers */ = {isa = PBXBuildFile; fileRef = 55D6CFC611B4DD9C00C624F0 /* NSString+SKJSON.h */; };
		55D6D00011B4DD9C00C624F0 /* NSString+SKJSON.m in Sources */ = {isa = PBXBuildFile; fileRef = 55D6CFC711B4DD9C00C624F0 /* NSString+SKJSON.m */; };
		55D6D00111B4DD9C00C624F0 /* SKJsonBase.h in Headers */ = {isa = PBXBuildFile; fileRef = 55D6CFC811B4DD9C00C624F0 /* SKJsonBase.h */; };
		55D6D00211B4DD9C00C624F0 /* SKJsonBase.m in Sources */ = {isa = PBXBuildFile; fileRef = 55D6CFC911B4DD9C00C624F0 /* SKJsonBase.m */; };
		55D6D00311B4DD9C00C624F0 /* SKJsonParser.h in Headers */ = {isa = PBXBuildFile; fileRef = 55D6CFCA11B4DD9C00C624F0 /* SKJsonParser.h */; };
		55D6D00411B4DD9C00C624F0 /* SKJsonParser.m in Sources */ = {isa = PBXBuildFile; fileRef = 55D6CFCB11B4DD9C00C624F0 /* SKJsonParser.m */; };
		55D6D00511B4DD9C00C624F0 /* SKJsonWriter.h in Headers */ = {isa = PBXBuildFile; fileRef = 55D6CFCC11B4DD9C00C624F0 /* SKJsonWriter.h */; };
		55D6D00611B4DD9C00C624F0 /* SKJsonWriter.m in Sources */ = {isa = PBXBuildFile; fileRef = 55D6CFCD11B4DD9C00C624F0 /* SKJsonWriter.m */; };
		55D6D00711B4DD9C00C624F0 /* NSNumberFormatter+SKAdditions.h in Headers */ = {isa = PBXBuildFile; fileRef = 55D6CFCE11B4DD9C00C624F0 /* NSNumberFormatter+SKAdditions.h */; };
		55D6D00811B4DD9C00C624F0 /* NSNumberFormatter+SKAdditions.m in Sources */ = {isa = PBXBuildFile; fileRef = 55D6CFCF11B4DD9C00C624F0 /* NSNumberFormatter+SKAdditions.m */; };
		55D6D00911B4DD9C00C624F0 /* NSDate+SKAdditions.h in Headers */ = {isa = PBXBuildFile; fileRef = 55D6CFD011B4DD9C00C624F0 /* NSDate+SKAdditions.h */; };
		55D6D00A11B4DD9C00C624F0 /* NSDate+SKAdditions.m in Sources */ = {isa = PBXBuildFile; fileRef = 55D6CFD111B4DD9C00C624F0 /* NSDate+SKAdditions.m */; };
		55D6D00B11B4DD9C00C624F0 /* NSPredicate+SKAdditions.h in Headers */ = {isa = PBXBuildFile; fileRef = 55D6CFD211B4DD9C00C624F0 /* NSPredicate+SKAdditions.h */; };
		55D6D00C11B4DD9C00C624F0 /* NSPredicate+SKAdditions.m in Sources */ = {isa = PBXBuildFile; fileRef = 55D6CFD311B4DD9C00C624F0 /* NSPredicate+SKAdditions.m */; };
		55D6D00D11B4DD9C00C624F0 /* NSDictionary+SKAdditions.h in Headers */ = {isa = PBXBuildFile; fileRef = 55D6CFD411B4DD9C00C624F0 /* NSDictionary+SKAdditions.h */; };
		55D6D00E11B4DD9C00C624F0 /* NSDictionary+SKAdditions.m in Sources */ = {isa = PBXBuildFile; fileRef = 55D6CFD511B4DD9C00C624F0 /* NSDictionary+SKAdditions.m */; };
		AA747D9F0F9514B9006C5449 /* StackKit_Prefix.pch in Headers */ = {isa = PBXBuildFile; fileRef = AA747D9E0F9514B9006C5449 /* StackKit_Prefix.pch */; };
		AACBBE4A0F95108600F1A2B1 /* Foundation.framework in Frameworks */ = {isa = PBXBuildFile; fileRef = AACBBE490F95108600F1A2B1 /* Foundation.framework */; };
		AE7070C61301A07E00594D9F /* NSString+SKAdditions.h in Headers */ = {isa = PBXBuildFile; fileRef = AE7070C41301A07E00594D9F /* NSString+SKAdditions.h */; };
		AE7070C71301A07E00594D9F /* NSString+SKAdditions.m in Sources */ = {isa = PBXBuildFile; fileRef = AE7070C51301A07E00594D9F /* NSString+SKAdditions.m */; };
/* End PBXBuildFile section */

/* Begin PBXFileReference section */
		4C5BF9A411E0F1ED001E0996 /* SKCallback.h */ = {isa = PBXFileReference; fileEncoding = 4; lastKnownFileType = sourcecode.c.h; path = SKCallback.h; sourceTree = "<group>"; };
		4C5BF9A511E0F1ED001E0996 /* SKCallback.m */ = {isa = PBXFileReference; fileEncoding = 4; lastKnownFileType = sourcecode.c.objc; path = SKCallback.m; sourceTree = "<group>"; };
		4C5BF9B311E0F3E3001E0996 /* SKConstants_Internal.h */ = {isa = PBXFileReference; fileEncoding = 4; lastKnownFileType = sourcecode.c.h; path = SKConstants_Internal.h; sourceTree = "<group>"; };
		551B03E512E82E5500BF14BC /* SKRequestBuilder.h */ = {isa = PBXFileReference; fileEncoding = 4; lastKnownFileType = sourcecode.c.h; path = SKRequestBuilder.h; sourceTree = "<group>"; };
		551B03E612E82E5500BF14BC /* SKRequestBuilder.m */ = {isa = PBXFileReference; fileEncoding = 4; lastKnownFileType = sourcecode.c.objc; path = SKRequestBuilder.m; sourceTree = "<group>"; };
		551B03E812E82E5500BF14BC /* _SKConcreteRequestBuilder.h */ = {isa = PBXFileReference; fileEncoding = 4; lastKnownFileType = sourcecode.c.h; path = _SKConcreteRequestBuilder.h; sourceTree = "<group>"; };
		551B03E912E82E5500BF14BC /* _SKConcreteRequestBuilder.m */ = {isa = PBXFileReference; fileEncoding = 4; lastKnownFileType = sourcecode.c.objc; path = _SKConcreteRequestBuilder.m; sourceTree = "<group>"; };
		551B03EB12E82E5500BF14BC /* _SKRequestBuilderTags.h */ = {isa = PBXFileReference; fileEncoding = 4; lastKnownFileType = sourcecode.c.h; path = _SKRequestBuilderTags.h; sourceTree = "<group>"; };
		551B03EC12E82E5500BF14BC /* _SKRequestBuilderTags.m */ = {isa = PBXFileReference; fileEncoding = 4; lastKnownFileType = sourcecode.c.objc; path = _SKRequestBuilderTags.m; sourceTree = "<group>"; };
		551B03ED12E82E5500BF14BC /* _SKRequestBuilderUserTags.h */ = {isa = PBXFileReference; fileEncoding = 4; lastKnownFileType = sourcecode.c.h; path = _SKRequestBuilderUserTags.h; sourceTree = "<group>"; };
		551B03EE12E82E5500BF14BC /* _SKRequestBuilderUserTags.m */ = {isa = PBXFileReference; fileEncoding = 4; lastKnownFileType = sourcecode.c.objc; path = _SKRequestBuilderUserTags.m; sourceTree = "<group>"; };
		551B03F012E82E5500BF14BC /* _SKRequestBuilderQuestions.h */ = {isa = PBXFileReference; fileEncoding = 4; lastKnownFileType = sourcecode.c.h; path = _SKRequestBuilderQuestions.h; sourceTree = "<group>"; };
		551B03F112E82E5500BF14BC /* _SKRequestBuilderQuestions.m */ = {isa = PBXFileReference; fileEncoding = 4; lastKnownFileType = sourcecode.c.objc; path = _SKRequestBuilderQuestions.m; sourceTree = "<group>"; };
		551B03F212E82E5500BF14BC /* _SKRequestBuilderQuestionsByID.h */ = {isa = PBXFileReference; fileEncoding = 4; lastKnownFileType = sourcecode.c.h; path = _SKRequestBuilderQuestionsByID.h; sourceTree = "<group>"; };
		551B03F312E82E5500BF14BC /* _SKRequestBuilderQuestionsByID.m */ = {isa = PBXFileReference; fileEncoding = 4; lastKnownFileType = sourcecode.c.objc; path = _SKRequestBuilderQuestionsByID.m; sourceTree = "<group>"; };
		551B03F412E82E5500BF14BC /* _SKRequestBuilderUnansweredQuestions.h */ = {isa = PBXFileReference; fileEncoding = 4; lastKnownFileType = sourcecode.c.h; path = _SKRequestBuilderUnansweredQuestions.h; sourceTree = "<group>"; };
		551B03F512E82E5500BF14BC /* _SKRequestBuilderUnansweredQuestions.m */ = {isa = PBXFileReference; fileEncoding = 4; lastKnownFileType = sourcecode.c.objc; path = _SKRequestBuilderUnansweredQuestions.m; sourceTree = "<group>"; };
		551B03F612E82E5500BF14BC /* _SKRequestBuilderQuestionSearch.h */ = {isa = PBXFileReference; fileEncoding = 4; lastKnownFileType = sourcecode.c.h; path = _SKRequestBuilderQuestionSearch.h; sourceTree = "<group>"; };
		551B03F712E82E5500BF14BC /* _SKRequestBuilderQuestionSearch.m */ = {isa = PBXFileReference; fileEncoding = 4; lastKnownFileType = sourcecode.c.objc; path = _SKRequestBuilderQuestionSearch.m; sourceTree = "<group>"; };
		551B03F812E82E5500BF14BC /* _SKRequestBuilderFavoritedQuestions.h */ = {isa = PBXFileReference; fileEncoding = 4; lastKnownFileType = sourcecode.c.h; path = _SKRequestBuilderFavoritedQuestions.h; sourceTree = "<group>"; };
		551B03F912E82E5500BF14BC /* _SKRequestBuilderFavoritedQuestions.m */ = {isa = PBXFileReference; fileEncoding = 4; lastKnownFileType = sourcecode.c.objc; path = _SKRequestBuilderFavoritedQuestions.m; sourceTree = "<group>"; };
		551B03FA12E82E5500BF14BC /* _SKRequestBuilderQuestionsByUser.h */ = {isa = PBXFileReference; fileEncoding = 4; lastKnownFileType = sourcecode.c.h; path = _SKRequestBuilderQuestionsByUser.h; sourceTree = "<group>"; };
		551B03FB12E82E5500BF14BC /* _SKRequestBuilderQuestionsByUser.m */ = {isa = PBXFileReference; fileEncoding = 4; lastKnownFileType = sourcecode.c.objc; path = _SKRequestBuilderQuestionsByUser.m; sourceTree = "<group>"; };
		551B03FD12E82E5500BF14BC /* _SKRequestBuilderAnswersByID.h */ = {isa = PBXFileReference; fileEncoding = 4; lastKnownFileType = sourcecode.c.h; path = _SKRequestBuilderAnswersByID.h; sourceTree = "<group>"; };
		551B03FE12E82E5500BF14BC /* _SKRequestBuilderAnswersByID.m */ = {isa = PBXFileReference; fileEncoding = 4; lastKnownFileType = sourcecode.c.objc; path = _SKRequestBuilderAnswersByID.m; sourceTree = "<group>"; };
		551B03FF12E82E5500BF14BC /* _SKRequestBuilderAnswersForQuestion.h */ = {isa = PBXFileReference; fileEncoding = 4; lastKnownFileType = sourcecode.c.h; path = _SKRequestBuilderAnswersForQuestion.h; sourceTree = "<group>"; };
		551B040012E82E5500BF14BC /* _SKRequestBuilderAnswersForQuestion.m */ = {isa = PBXFileReference; fileEncoding = 4; lastKnownFileType = sourcecode.c.objc; path = _SKRequestBuilderAnswersForQuestion.m; sourceTree = "<group>"; };
		551B040112E82E5500BF14BC /* _SKRequestBuilderAnswersForUser.h */ = {isa = PBXFileReference; fileEncoding = 4; lastKnownFileType = sourcecode.c.h; path = _SKRequestBuilderAnswersForUser.h; sourceTree = "<group>"; };
		551B040212E82E5500BF14BC /* _SKRequestBuilderAnswersForUser.m */ = {isa = PBXFileReference; fileEncoding = 4; lastKnownFileType = sourcecode.c.objc; path = _SKRequestBuilderAnswersForUser.m; sourceTree = "<group>"; };
		551B040412E82E5500BF14BC /* _SKRequestBuilderCommentsForAnswer.h */ = {isa = PBXFileReference; fileEncoding = 4; lastKnownFileType = sourcecode.c.h; path = _SKRequestBuilderCommentsForAnswer.h; sourceTree = "<group>"; };
		551B040512E82E5500BF14BC /* _SKRequestBuilderCommentsForAnswer.m */ = {isa = PBXFileReference; fileEncoding = 4; lastKnownFileType = sourcecode.c.objc; path = _SKRequestBuilderCommentsForAnswer.m; sourceTree = "<group>"; };
		551B040612E82E5500BF14BC /* _SKRequestBuilderCommentsByID.h */ = {isa = PBXFileReference; fileEncoding = 4; lastKnownFileType = sourcecode.c.h; path = _SKRequestBuilderCommentsByID.h; sourceTree = "<group>"; };
		551B040712E82E5500BF14BC /* _SKRequestBuilderCommentsByID.m */ = {isa = PBXFileReference; fileEncoding = 4; lastKnownFileType = sourcecode.c.objc; path = _SKRequestBuilderCommentsByID.m; sourceTree = "<group>"; };
		551B040812E82E5500BF14BC /* _SKRequestBuilderCommentsForQuestion.h */ = {isa = PBXFileReference; fileEncoding = 4; lastKnownFileType = sourcecode.c.h; path = _SKRequestBuilderCommentsForQuestion.h; sourceTree = "<group>"; };
		551B040912E82E5500BF14BC /* _SKRequestBuilderCommentsForQuestion.m */ = {isa = PBXFileReference; fileEncoding = 4; lastKnownFileType = sourcecode.c.objc; path = _SKRequestBuilderCommentsForQuestion.m; sourceTree = "<group>"; };
		551B040A12E82E5500BF14BC /* _SKRequestBuilderCommentsByUser.h */ = {isa = PBXFileReference; fileEncoding = 4; lastKnownFileType = sourcecode.c.h; path = _SKRequestBuilderCommentsByUser.h; sourceTree = "<group>"; };
		551B040B12E82E5500BF14BC /* _SKRequestBuilderCommentsByUser.m */ = {isa = PBXFileReference; fileEncoding = 4; lastKnownFileType = sourcecode.c.objc; path = _SKRequestBuilderCommentsByUser.m; sourceTree = "<group>"; };
		551B040C12E82E5500BF14BC /* _SKRequestBuilderCommentsFromUserToUser.h */ = {isa = PBXFileReference; fileEncoding = 4; lastKnownFileType = sourcecode.c.h; path = _SKRequestBuilderCommentsFromUserToUser.h; sourceTree = "<group>"; };
		551B040D12E82E5500BF14BC /* _SKRequestBuilderCommentsFromUserToUser.m */ = {isa = PBXFileReference; fileEncoding = 4; lastKnownFileType = sourcecode.c.objc; path = _SKRequestBuilderCommentsFromUserToUser.m; sourceTree = "<group>"; };
		551B040E12E82E5500BF14BC /* _SKRequestBuilderCommentsToUser.h */ = {isa = PBXFileReference; fileEncoding = 4; lastKnownFileType = sourcecode.c.h; path = _SKRequestBuilderCommentsToUser.h; sourceTree = "<group>"; };
		551B040F12E82E5500BF14BC /* _SKRequestBuilderCommentsToUser.m */ = {isa = PBXFileReference; fileEncoding = 4; lastKnownFileType = sourcecode.c.objc; path = _SKRequestBuilderCommentsToUser.m; sourceTree = "<group>"; };
		551B041112E82E5500BF14BC /* _SKRequestBuilderUsersWithBadge.h */ = {isa = PBXFileReference; fileEncoding = 4; lastKnownFileType = sourcecode.c.h; path = _SKRequestBuilderUsersWithBadge.h; sourceTree = "<group>"; };
		551B041212E82E5500BF14BC /* _SKRequestBuilderUsersWithBadge.m */ = {isa = PBXFileReference; fileEncoding = 4; lastKnownFileType = sourcecode.c.objc; path = _SKRequestBuilderUsersWithBadge.m; sourceTree = "<group>"; };
		551B041312E82E5500BF14BC /* _SKRequestBuilderUsers.h */ = {isa = PBXFileReference; fileEncoding = 4; lastKnownFileType = sourcecode.c.h; path = _SKRequestBuilderUsers.h; sourceTree = "<group>"; };
		551B041412E82E5500BF14BC /* _SKRequestBuilderUsers.m */ = {isa = PBXFileReference; fileEncoding = 4; lastKnownFileType = sourcecode.c.objc; path = _SKRequestBuilderUsers.m; sourceTree = "<group>"; };
		551B041512E82E5500BF14BC /* _SKRequestBuilderUsersByID.h */ = {isa = PBXFileReference; fileEncoding = 4; lastKnownFileType = sourcecode.c.h; path = _SKRequestBuilderUsersByID.h; sourceTree = "<group>"; };
		551B041612E82E5500BF14BC /* _SKRequestBuilderUsersByID.m */ = {isa = PBXFileReference; fileEncoding = 4; lastKnownFileType = sourcecode.c.objc; path = _SKRequestBuilderUsersByID.m; sourceTree = "<group>"; };
		551B041712E82E5500BF14BC /* _SKRequestBuilderUserModerators.h */ = {isa = PBXFileReference; fileEncoding = 4; lastKnownFileType = sourcecode.c.h; path = _SKRequestBuilderUserModerators.h; sourceTree = "<group>"; };
		551B041812E82E5500BF14BC /* _SKRequestBuilderUserModerators.m */ = {isa = PBXFileReference; fileEncoding = 4; lastKnownFileType = sourcecode.c.objc; path = _SKRequestBuilderUserModerators.m; sourceTree = "<group>"; };
		551B041A12E82E5500BF14BC /* _SKRequestBuilderAllBadges.h */ = {isa = PBXFileReference; fileEncoding = 4; lastKnownFileType = sourcecode.c.h; path = _SKRequestBuilderAllBadges.h; sourceTree = "<group>"; };
		551B041B12E82E5500BF14BC /* _SKRequestBuilderAllBadges.m */ = {isa = PBXFileReference; fileEncoding = 4; lastKnownFileType = sourcecode.c.objc; path = _SKRequestBuilderAllBadges.m; sourceTree = "<group>"; };
		551B041C12E82E5500BF14BC /* _SKRequestBuilderNameBadges.h */ = {isa = PBXFileReference; fileEncoding = 4; lastKnownFileType = sourcecode.c.h; path = _SKRequestBuilderNameBadges.h; sourceTree = "<group>"; };
		551B041D12E82E5500BF14BC /* _SKRequestBuilderNameBadges.m */ = {isa = PBXFileReference; fileEncoding = 4; lastKnownFileType = sourcecode.c.objc; path = _SKRequestBuilderNameBadges.m; sourceTree = "<group>"; };
		551B041E12E82E5500BF14BC /* _SKRequestBuilderTagBadges.h */ = {isa = PBXFileReference; fileEncoding = 4; lastKnownFileType = sourcecode.c.h; path = _SKRequestBuilderTagBadges.h; sourceTree = "<group>"; };
		551B041F12E82E5500BF14BC /* _SKRequestBuilderTagBadges.m */ = {isa = PBXFileReference; fileEncoding = 4; lastKnownFileType = sourcecode.c.objc; path = _SKRequestBuilderTagBadges.m; sourceTree = "<group>"; };
		551B042012E82E5500BF14BC /* _SKRequestBuilderBadgesForUser.h */ = {isa = PBXFileReference; fileEncoding = 4; lastKnownFileType = sourcecode.c.h; path = _SKRequestBuilderBadgesForUser.h; sourceTree = "<group>"; };
		551B042112E82E5500BF14BC /* _SKRequestBuilderBadgesForUser.m */ = {isa = PBXFileReference; fileEncoding = 4; lastKnownFileType = sourcecode.c.objc; path = _SKRequestBuilderBadgesForUser.m; sourceTree = "<group>"; };
		558333C411B768D500CA8D62 /* SKSiteDelegate.h */ = {isa = PBXFileReference; fileEncoding = 4; lastKnownFileType = sourcecode.c.h; path = SKSiteDelegate.h; sourceTree = "<group>"; };
		55D6CF9111B4DD9C00C624F0 /* StackKit.h */ = {isa = PBXFileReference; fileEncoding = 4; lastKnownFileType = sourcecode.c.h; path = StackKit.h; sourceTree = "<group>"; };
		55D6CF9211B4DD9C00C624F0 /* StackKit_Internal.h */ = {isa = PBXFileReference; fileEncoding = 4; lastKnownFileType = sourcecode.c.h; path = StackKit_Internal.h; sourceTree = "<group>"; };
		55D6CF9411B4DD9C00C624F0 /* SKConstants.h */ = {isa = PBXFileReference; fileEncoding = 4; lastKnownFileType = sourcecode.c.h; path = SKConstants.h; sourceTree = "<group>"; };
		55D6CF9511B4DD9C00C624F0 /* SKConstants.m */ = {isa = PBXFileReference; fileEncoding = 4; lastKnownFileType = sourcecode.c.objc; path = SKConstants.m; sourceTree = "<group>"; };
		55D6CF9611B4DD9C00C624F0 /* SKDefinitions.h */ = {isa = PBXFileReference; fileEncoding = 4; lastKnownFileType = sourcecode.c.h; path = SKDefinitions.h; sourceTree = "<group>"; };
		55D6CF9711B4DD9C00C624F0 /* SKDefinitions.m */ = {isa = PBXFileReference; fileEncoding = 4; lastKnownFileType = sourcecode.c.objc; path = SKDefinitions.m; sourceTree = "<group>"; };
		55D6CF9811B4DD9C00C624F0 /* SKFunctions.h */ = {isa = PBXFileReference; fileEncoding = 4; lastKnownFileType = sourcecode.c.h; path = SKFunctions.h; sourceTree = "<group>"; };
		55D6CF9911B4DD9C00C624F0 /* SKFunctions.m */ = {isa = PBXFileReference; fileEncoding = 4; lastKnownFileType = sourcecode.c.objc; path = SKFunctions.m; sourceTree = "<group>"; };
		55D6CF9B11B4DD9C00C624F0 /* SKObject.h */ = {isa = PBXFileReference; fileEncoding = 4; lastKnownFileType = sourcecode.c.h; path = SKObject.h; sourceTree = "<group>"; };
		55D6CF9C11B4DD9C00C624F0 /* SKObject.m */ = {isa = PBXFileReference; fileEncoding = 4; lastKnownFileType = sourcecode.c.objc; path = SKObject.m; sourceTree = "<group>"; };
		55D6CF9D11B4DD9C00C624F0 /* SKObject+Private.h */ = {isa = PBXFileReference; fileEncoding = 4; lastKnownFileType = sourcecode.c.h; path = "SKObject+Private.h"; sourceTree = "<group>"; };
		55D6CF9F11B4DD9C00C624F0 /* SKSite.h */ = {isa = PBXFileReference; fileEncoding = 4; lastKnownFileType = sourcecode.c.h; path = SKSite.h; sourceTree = "<group>"; };
		55D6CFA011B4DD9C00C624F0 /* SKSite.m */ = {isa = PBXFileReference; fileEncoding = 4; lastKnownFileType = sourcecode.c.objc; path = SKSite.m; sourceTree = "<group>"; };
		55D6CFA111B4DD9C00C624F0 /* SKSite+Private.h */ = {isa = PBXFileReference; fileEncoding = 4; lastKnownFileType = sourcecode.c.h; path = "SKSite+Private.h"; sourceTree = "<group>"; };
		55D6CFA311B4DD9C00C624F0 /* SKFetchRequest.h */ = {isa = PBXFileReference; fileEncoding = 4; lastKnownFileType = sourcecode.c.h; path = SKFetchRequest.h; sourceTree = "<group>"; };
		55D6CFA411B4DD9C00C624F0 /* SKFetchRequest.m */ = {isa = PBXFileReference; fileEncoding = 4; lastKnownFileType = sourcecode.c.objc; path = SKFetchRequest.m; sourceTree = "<group>"; };
		55D6CFA511B4DD9C00C624F0 /* SKFetchRequestDelegate.h */ = {isa = PBXFileReference; fileEncoding = 4; lastKnownFileType = sourcecode.c.h; path = SKFetchRequestDelegate.h; sourceTree = "<group>"; };
		55D6CFA611B4DD9C00C624F0 /* SKFetchRequest+Private.h */ = {isa = PBXFileReference; fileEncoding = 4; lastKnownFileType = sourcecode.c.h; path = "SKFetchRequest+Private.h"; sourceTree = "<group>"; };
		55D6CFA811B4DD9C00C624F0 /* SKUser.h */ = {isa = PBXFileReference; fileEncoding = 4; lastKnownFileType = sourcecode.c.h; path = SKUser.h; sourceTree = "<group>"; };
		55D6CFA911B4DD9C00C624F0 /* SKUser.m */ = {isa = PBXFileReference; fileEncoding = 4; lastKnownFileType = sourcecode.c.objc; path = SKUser.m; sourceTree = "<group>"; };
		55D6CFAA11B4DD9C00C624F0 /* SKUserActivity.h */ = {isa = PBXFileReference; fileEncoding = 4; lastKnownFileType = sourcecode.c.h; path = SKUserActivity.h; sourceTree = "<group>"; };
		55D6CFAB11B4DD9C00C624F0 /* SKUserActivity.m */ = {isa = PBXFileReference; fileEncoding = 4; lastKnownFileType = sourcecode.c.objc; path = SKUserActivity.m; sourceTree = "<group>"; };
		55D6CFAD11B4DD9C00C624F0 /* SKBadge.h */ = {isa = PBXFileReference; fileEncoding = 4; lastKnownFileType = sourcecode.c.h; path = SKBadge.h; sourceTree = "<group>"; };
		55D6CFAE11B4DD9C00C624F0 /* SKBadge.m */ = {isa = PBXFileReference; fileEncoding = 4; lastKnownFileType = sourcecode.c.objc; path = SKBadge.m; sourceTree = "<group>"; };
		55D6CFB011B4DD9C00C624F0 /* SKTag.h */ = {isa = PBXFileReference; fileEncoding = 4; lastKnownFileType = sourcecode.c.h; path = SKTag.h; sourceTree = "<group>"; };
		55D6CFB111B4DD9C00C624F0 /* SKTag.m */ = {isa = PBXFileReference; fileEncoding = 4; lastKnownFileType = sourcecode.c.objc; path = SKTag.m; sourceTree = "<group>"; };
		55D6CFB311B4DD9C00C624F0 /* SKPost.h */ = {isa = PBXFileReference; fileEncoding = 4; lastKnownFileType = sourcecode.c.h; path = SKPost.h; sourceTree = "<group>"; };
		55D6CFB411B4DD9C00C624F0 /* SKPost.m */ = {isa = PBXFileReference; fileEncoding = 4; lastKnownFileType = sourcecode.c.objc; path = SKPost.m; sourceTree = "<group>"; };
		55D6CFB611B4DD9C00C624F0 /* SKQAPost.h */ = {isa = PBXFileReference; fileEncoding = 4; lastKnownFileType = sourcecode.c.h; path = SKQAPost.h; sourceTree = "<group>"; };
		55D6CFB711B4DD9C00C624F0 /* SKQAPost.m */ = {isa = PBXFileReference; fileEncoding = 4; lastKnownFileType = sourcecode.c.objc; path = SKQAPost.m; sourceTree = "<group>"; };
		55D6CFB811B4DD9C00C624F0 /* SKQuestion.h */ = {isa = PBXFileReference; fileEncoding = 4; lastKnownFileType = sourcecode.c.h; path = SKQuestion.h; sourceTree = "<group>"; };
		55D6CFB911B4DD9C00C624F0 /* SKQuestion.m */ = {isa = PBXFileReference; fileEncoding = 4; lastKnownFileType = sourcecode.c.objc; path = SKQuestion.m; sourceTree = "<group>"; };
		55D6CFBA11B4DD9C00C624F0 /* SKAnswer.h */ = {isa = PBXFileReference; fileEncoding = 4; lastKnownFileType = sourcecode.c.h; path = SKAnswer.h; sourceTree = "<group>"; };
		55D6CFBB11B4DD9C00C624F0 /* SKAnswer.m */ = {isa = PBXFileReference; fileEncoding = 4; lastKnownFileType = sourcecode.c.objc; path = SKAnswer.m; sourceTree = "<group>"; };
		55D6CFBD11B4DD9C00C624F0 /* SKComment.h */ = {isa = PBXFileReference; fileEncoding = 4; lastKnownFileType = sourcecode.c.h; path = SKComment.h; sourceTree = "<group>"; };
		55D6CFBE11B4DD9C00C624F0 /* SKComment.m */ = {isa = PBXFileReference; fileEncoding = 4; lastKnownFileType = sourcecode.c.objc; path = SKComment.m; sourceTree = "<group>"; };
		55D6CFC111B4DD9C00C624F0 /* JSON.h */ = {isa = PBXFileReference; fileEncoding = 4; lastKnownFileType = sourcecode.c.h; path = JSON.h; sourceTree = "<group>"; };
		55D6CFC211B4DD9C00C624F0 /* SKJSON.h */ = {isa = PBXFileReference; fileEncoding = 4; lastKnownFileType = sourcecode.c.h; path = SKJSON.h; sourceTree = "<group>"; };
		55D6CFC311B4DD9C00C624F0 /* SKJSON.m */ = {isa = PBXFileReference; fileEncoding = 4; lastKnownFileType = sourcecode.c.objc; path = SKJSON.m; sourceTree = "<group>"; };
		55D6CFC411B4DD9C00C624F0 /* NSObject+SKJSON.h */ = {isa = PBXFileReference; fileEncoding = 4; lastKnownFileType = sourcecode.c.h; path = "NSObject+SKJSON.h"; sourceTree = "<group>"; };
		55D6CFC511B4DD9C00C624F0 /* NSObject+SKJSON.m */ = {isa = PBXFileReference; fileEncoding = 4; lastKnownFileType = sourcecode.c.objc; path = "NSObject+SKJSON.m"; sourceTree = "<group>"; };
		55D6CFC611B4DD9C00C624F0 /* NSString+SKJSON.h */ = {isa = PBXFileReference; fileEncoding = 4; lastKnownFileType = sourcecode.c.h; path = "NSString+SKJSON.h"; sourceTree = "<group>"; };
		55D6CFC711B4DD9C00C624F0 /* NSString+SKJSON.m */ = {isa = PBXFileReference; fileEncoding = 4; lastKnownFileType = sourcecode.c.objc; path = "NSString+SKJSON.m"; sourceTree = "<group>"; };
		55D6CFC811B4DD9C00C624F0 /* SKJsonBase.h */ = {isa = PBXFileReference; fileEncoding = 4; lastKnownFileType = sourcecode.c.h; path = SKJsonBase.h; sourceTree = "<group>"; };
		55D6CFC911B4DD9C00C624F0 /* SKJsonBase.m */ = {isa = PBXFileReference; fileEncoding = 4; lastKnownFileType = sourcecode.c.objc; path = SKJsonBase.m; sourceTree = "<group>"; };
		55D6CFCA11B4DD9C00C624F0 /* SKJsonParser.h */ = {isa = PBXFileReference; fileEncoding = 4; lastKnownFileType = sourcecode.c.h; path = SKJsonParser.h; sourceTree = "<group>"; };
		55D6CFCB11B4DD9C00C624F0 /* SKJsonParser.m */ = {isa = PBXFileReference; fileEncoding = 4; lastKnownFileType = sourcecode.c.objc; path = SKJsonParser.m; sourceTree = "<group>"; };
		55D6CFCC11B4DD9C00C624F0 /* SKJsonWriter.h */ = {isa = PBXFileReference; fileEncoding = 4; lastKnownFileType = sourcecode.c.h; path = SKJsonWriter.h; sourceTree = "<group>"; };
		55D6CFCD11B4DD9C00C624F0 /* SKJsonWriter.m */ = {isa = PBXFileReference; fileEncoding = 4; lastKnownFileType = sourcecode.c.objc; path = SKJsonWriter.m; sourceTree = "<group>"; };
		55D6CFCE11B4DD9C00C624F0 /* NSNumberFormatter+SKAdditions.h */ = {isa = PBXFileReference; fileEncoding = 4; lastKnownFileType = sourcecode.c.h; path = "NSNumberFormatter+SKAdditions.h"; sourceTree = "<group>"; };
		55D6CFCF11B4DD9C00C624F0 /* NSNumberFormatter+SKAdditions.m */ = {isa = PBXFileReference; fileEncoding = 4; lastKnownFileType = sourcecode.c.objc; path = "NSNumberFormatter+SKAdditions.m"; sourceTree = "<group>"; };
		55D6CFD011B4DD9C00C624F0 /* NSDate+SKAdditions.h */ = {isa = PBXFileReference; fileEncoding = 4; lastKnownFileType = sourcecode.c.h; path = "NSDate+SKAdditions.h"; sourceTree = "<group>"; };
		55D6CFD111B4DD9C00C624F0 /* NSDate+SKAdditions.m */ = {isa = PBXFileReference; fileEncoding = 4; lastKnownFileType = sourcecode.c.objc; path = "NSDate+SKAdditions.m"; sourceTree = "<group>"; };
		55D6CFD211B4DD9C00C624F0 /* NSPredicate+SKAdditions.h */ = {isa = PBXFileReference; fileEncoding = 4; lastKnownFileType = sourcecode.c.h; path = "NSPredicate+SKAdditions.h"; sourceTree = "<group>"; };
		55D6CFD311B4DD9C00C624F0 /* NSPredicate+SKAdditions.m */ = {isa = PBXFileReference; fileEncoding = 4; lastKnownFileType = sourcecode.c.objc; path = "NSPredicate+SKAdditions.m"; sourceTree = "<group>"; };
		55D6CFD411B4DD9C00C624F0 /* NSDictionary+SKAdditions.h */ = {isa = PBXFileReference; fileEncoding = 4; lastKnownFileType = sourcecode.c.h; path = "NSDictionary+SKAdditions.h"; sourceTree = "<group>"; };
		55D6CFD511B4DD9C00C624F0 /* NSDictionary+SKAdditions.m */ = {isa = PBXFileReference; fileEncoding = 4; lastKnownFileType = sourcecode.c.objc; path = "NSDictionary+SKAdditions.m"; sourceTree = "<group>"; };
		AA747D9E0F9514B9006C5449 /* StackKit_Prefix.pch */ = {isa = PBXFileReference; fileEncoding = 4; lastKnownFileType = sourcecode.c.h; name = StackKit_Prefix.pch; path = "Other Sources/StackKit_Prefix.pch"; sourceTree = "<group>"; };
		AACBBE490F95108600F1A2B1 /* Foundation.framework */ = {isa = PBXFileReference; lastKnownFileType = wrapper.framework; name = Foundation.framework; path = System/Library/Frameworks/Foundation.framework; sourceTree = SDKROOT; };
		AE7070C41301A07E00594D9F /* NSString+SKAdditions.h */ = {isa = PBXFileReference; fileEncoding = 4; lastKnownFileType = sourcecode.c.h; path = "NSString+SKAdditions.h"; sourceTree = "<group>"; };
		AE7070C51301A07E00594D9F /* NSString+SKAdditions.m */ = {isa = PBXFileReference; fileEncoding = 4; lastKnownFileType = sourcecode.c.objc; path = "NSString+SKAdditions.m"; sourceTree = "<group>"; };
		D2AAC07E0554694100DB518D /* libStackKitMobile.a */ = {isa = PBXFileReference; explicitFileType = archive.ar; includeInIndex = 0; path = libStackKitMobile.a; sourceTree = BUILT_PRODUCTS_DIR; };
/* End PBXFileReference section */

/* Begin PBXFrameworksBuildPhase section */
		D2AAC07C0554694100DB518D /* Frameworks */ = {
			isa = PBXFrameworksBuildPhase;
			buildActionMask = 2147483647;
			files = (
				AACBBE4A0F95108600F1A2B1 /* Foundation.framework in Frameworks */,
			);
			runOnlyForDeploymentPostprocessing = 0;
		};
/* End PBXFrameworksBuildPhase section */

/* Begin PBXGroup section */
		034768DFFF38A50411DB9C8B /* Products */ = {
			isa = PBXGroup;
			children = (
				D2AAC07E0554694100DB518D /* libStackKitMobile.a */,
			);
			name = Products;
			sourceTree = "<group>";
		};
		0867D691FE84028FC02AAC07 /* StackKitMobile */ = {
			isa = PBXGroup;
			children = (
				55D6CF9011B4DD9C00C624F0 /* Classes */,
				32C88DFF0371C24200C91783 /* Other Sources */,
				0867D69AFE84028FC02AAC07 /* Frameworks */,
				034768DFFF38A50411DB9C8B /* Products */,
			);
			name = StackKitMobile;
			sourceTree = "<group>";
		};
		0867D69AFE84028FC02AAC07 /* Frameworks */ = {
			isa = PBXGroup;
			children = (
				AACBBE490F95108600F1A2B1 /* Foundation.framework */,
			);
			name = Frameworks;
			sourceTree = "<group>";
		};
		32C88DFF0371C24200C91783 /* Other Sources */ = {
			isa = PBXGroup;
			children = (
				AA747D9E0F9514B9006C5449 /* StackKit_Prefix.pch */,
			);
			name = "Other Sources";
			sourceTree = "<group>";
		};
		4C5BF9AD11E0F347001E0996 /* Callbacks */ = {
			isa = PBXGroup;
			children = (
				4C5BF9A411E0F1ED001E0996 /* SKCallback.h */,
				4C5BF9A511E0F1ED001E0996 /* SKCallback.m */,
			);
			name = Callbacks;
			sourceTree = "<group>";
		};
		551B03E412E82E5500BF14BC /* Request Builder */ = {
			isa = PBXGroup;
			children = (
				551B03E712E82E5500BF14BC /* Builders */,
				551B03E512E82E5500BF14BC /* SKRequestBuilder.h */,
				551B03E612E82E5500BF14BC /* SKRequestBuilder.m */,
			);
			name = "Request Builder";
			sourceTree = "<group>";
		};
		551B03E712E82E5500BF14BC /* Builders */ = {
			isa = PBXGroup;
			children = (
				551B041912E82E5500BF14BC /* Badges */,
				551B041012E82E5500BF14BC /* Users */,
				551B040312E82E5500BF14BC /* Comments */,
				551B03FC12E82E5500BF14BC /* Answers */,
				551B03EF12E82E5500BF14BC /* Questions */,
				551B03EA12E82E5500BF14BC /* Tags */,
				551B03E812E82E5500BF14BC /* _SKConcreteRequestBuilder.h */,
				551B03E912E82E5500BF14BC /* _SKConcreteRequestBuilder.m */,
			);
			name = Builders;
			sourceTree = "<group>";
		};
		551B03EA12E82E5500BF14BC /* Tags */ = {
			isa = PBXGroup;
			children = (
				551B03EB12E82E5500BF14BC /* _SKRequestBuilderTags.h */,
				551B03EC12E82E5500BF14BC /* _SKRequestBuilderTags.m */,
				551B03ED12E82E5500BF14BC /* _SKRequestBuilderUserTags.h */,
				551B03EE12E82E5500BF14BC /* _SKRequestBuilderUserTags.m */,
			);
			name = Tags;
			sourceTree = "<group>";
		};
		551B03EF12E82E5500BF14BC /* Questions */ = {
			isa = PBXGroup;
			children = (
				551B03F012E82E5500BF14BC /* _SKRequestBuilderQuestions.h */,
				551B03F112E82E5500BF14BC /* _SKRequestBuilderQuestions.m */,
				551B03F212E82E5500BF14BC /* _SKRequestBuilderQuestionsByID.h */,
				551B03F312E82E5500BF14BC /* _SKRequestBuilderQuestionsByID.m */,
				551B03F412E82E5500BF14BC /* _SKRequestBuilderUnansweredQuestions.h */,
				551B03F512E82E5500BF14BC /* _SKRequestBuilderUnansweredQuestions.m */,
				551B03F612E82E5500BF14BC /* _SKRequestBuilderQuestionSearch.h */,
				551B03F712E82E5500BF14BC /* _SKRequestBuilderQuestionSearch.m */,
				551B03F812E82E5500BF14BC /* _SKRequestBuilderFavoritedQuestions.h */,
				551B03F912E82E5500BF14BC /* _SKRequestBuilderFavoritedQuestions.m */,
				551B03FA12E82E5500BF14BC /* _SKRequestBuilderQuestionsByUser.h */,
				551B03FB12E82E5500BF14BC /* _SKRequestBuilderQuestionsByUser.m */,
			);
			name = Questions;
			sourceTree = "<group>";
		};
		551B03FC12E82E5500BF14BC /* Answers */ = {
			isa = PBXGroup;
			children = (
				551B03FD12E82E5500BF14BC /* _SKRequestBuilderAnswersByID.h */,
				551B03FE12E82E5500BF14BC /* _SKRequestBuilderAnswersByID.m */,
				551B03FF12E82E5500BF14BC /* _SKRequestBuilderAnswersForQuestion.h */,
				551B040012E82E5500BF14BC /* _SKRequestBuilderAnswersForQuestion.m */,
				551B040112E82E5500BF14BC /* _SKRequestBuilderAnswersForUser.h */,
				551B040212E82E5500BF14BC /* _SKRequestBuilderAnswersForUser.m */,
			);
			name = Answers;
			sourceTree = "<group>";
		};
		551B040312E82E5500BF14BC /* Comments */ = {
			isa = PBXGroup;
			children = (
				551B040412E82E5500BF14BC /* _SKRequestBuilderCommentsForAnswer.h */,
				551B040512E82E5500BF14BC /* _SKRequestBuilderCommentsForAnswer.m */,
				551B040612E82E5500BF14BC /* _SKRequestBuilderCommentsByID.h */,
				551B040712E82E5500BF14BC /* _SKRequestBuilderCommentsByID.m */,
				551B040812E82E5500BF14BC /* _SKRequestBuilderCommentsForQuestion.h */,
				551B040912E82E5500BF14BC /* _SKRequestBuilderCommentsForQuestion.m */,
				551B040A12E82E5500BF14BC /* _SKRequestBuilderCommentsByUser.h */,
				551B040B12E82E5500BF14BC /* _SKRequestBuilderCommentsByUser.m */,
				551B040C12E82E5500BF14BC /* _SKRequestBuilderCommentsFromUserToUser.h */,
				551B040D12E82E5500BF14BC /* _SKRequestBuilderCommentsFromUserToUser.m */,
				551B040E12E82E5500BF14BC /* _SKRequestBuilderCommentsToUser.h */,
				551B040F12E82E5500BF14BC /* _SKRequestBuilderCommentsToUser.m */,
			);
			name = Comments;
			sourceTree = "<group>";
		};
		551B041012E82E5500BF14BC /* Users */ = {
			isa = PBXGroup;
			children = (
				551B041112E82E5500BF14BC /* _SKRequestBuilderUsersWithBadge.h */,
				551B041212E82E5500BF14BC /* _SKRequestBuilderUsersWithBadge.m */,
				551B041312E82E5500BF14BC /* _SKRequestBuilderUsers.h */,
				551B041412E82E5500BF14BC /* _SKRequestBuilderUsers.m */,
				551B041512E82E5500BF14BC /* _SKRequestBuilderUsersByID.h */,
				551B041612E82E5500BF14BC /* _SKRequestBuilderUsersByID.m */,
				551B041712E82E5500BF14BC /* _SKRequestBuilderUserModerators.h */,
				551B041812E82E5500BF14BC /* _SKRequestBuilderUserModerators.m */,
			);
			name = Users;
			sourceTree = "<group>";
		};
		551B041912E82E5500BF14BC /* Badges */ = {
			isa = PBXGroup;
			children = (
				551B041A12E82E5500BF14BC /* _SKRequestBuilderAllBadges.h */,
				551B041B12E82E5500BF14BC /* _SKRequestBuilderAllBadges.m */,
				551B041C12E82E5500BF14BC /* _SKRequestBuilderNameBadges.h */,
				551B041D12E82E5500BF14BC /* _SKRequestBuilderNameBadges.m */,
				551B041E12E82E5500BF14BC /* _SKRequestBuilderTagBadges.h */,
				551B041F12E82E5500BF14BC /* _SKRequestBuilderTagBadges.m */,
				551B042012E82E5500BF14BC /* _SKRequestBuilderBadgesForUser.h */,
				551B042112E82E5500BF14BC /* _SKRequestBuilderBadgesForUser.m */,
			);
			name = Badges;
			sourceTree = "<group>";
		};
		55D6CF9011B4DD9C00C624F0 /* Classes */ = {
			isa = PBXGroup;
			children = (
				55D6CFBF11B4DD9C00C624F0 /* Categories */,
				55D6CFB211B4DD9C00C624F0 /* Posts */,
				55D6CFAF11B4DD9C00C624F0 /* Tag */,
				55D6CFAC11B4DD9C00C624F0 /* Badge */,
				55D6CFA711B4DD9C00C624F0 /* User */,
				55D6CFA211B4DD9C00C624F0 /* Fetch Request */,
				4C5BF9AD11E0F347001E0996 /* Callbacks */,
				55D6CF9E11B4DD9C00C624F0 /* Site */,
				55D6CF9A11B4DD9C00C624F0 /* Object Base */,
				55D6CF9311B4DD9C00C624F0 /* Constants */,
				551B03E412E82E5500BF14BC /* Request Builder */,
				55D6CF9111B4DD9C00C624F0 /* StackKit.h */,
				55D6CF9211B4DD9C00C624F0 /* StackKit_Internal.h */,
			);
			path = Classes;
			sourceTree = "<group>";
		};
		55D6CF9311B4DD9C00C624F0 /* Constants */ = {
			isa = PBXGroup;
			children = (
				55D6CF9411B4DD9C00C624F0 /* SKConstants.h */,
				4C5BF9B311E0F3E3001E0996 /* SKConstants_Internal.h */,
				55D6CF9511B4DD9C00C624F0 /* SKConstants.m */,
				55D6CF9611B4DD9C00C624F0 /* SKDefinitions.h */,
				55D6CF9711B4DD9C00C624F0 /* SKDefinitions.m */,
				55D6CF9811B4DD9C00C624F0 /* SKFunctions.h */,
				55D6CF9911B4DD9C00C624F0 /* SKFunctions.m */,
			);
			name = Constants;
			sourceTree = "<group>";
		};
		55D6CF9A11B4DD9C00C624F0 /* Object Base */ = {
			isa = PBXGroup;
			children = (
				55D6CF9B11B4DD9C00C624F0 /* SKObject.h */,
				55D6CF9C11B4DD9C00C624F0 /* SKObject.m */,
				55D6CF9D11B4DD9C00C624F0 /* SKObject+Private.h */,
			);
			name = "Object Base";
			sourceTree = "<group>";
		};
		55D6CF9E11B4DD9C00C624F0 /* Site */ = {
			isa = PBXGroup;
			children = (
				55D6CF9F11B4DD9C00C624F0 /* SKSite.h */,
				55D6CFA011B4DD9C00C624F0 /* SKSite.m */,
				558333C411B768D500CA8D62 /* SKSiteDelegate.h */,
				55D6CFA111B4DD9C00C624F0 /* SKSite+Private.h */,
			);
			name = Site;
			sourceTree = "<group>";
		};
		55D6CFA211B4DD9C00C624F0 /* Fetch Request */ = {
			isa = PBXGroup;
			children = (
				55D6CFA311B4DD9C00C624F0 /* SKFetchRequest.h */,
				55D6CFA411B4DD9C00C624F0 /* SKFetchRequest.m */,
				55D6CFA511B4DD9C00C624F0 /* SKFetchRequestDelegate.h */,
				55D6CFA611B4DD9C00C624F0 /* SKFetchRequest+Private.h */,
			);
			name = "Fetch Request";
			sourceTree = "<group>";
		};
		55D6CFA711B4DD9C00C624F0 /* User */ = {
			isa = PBXGroup;
			children = (
				55D6CFA811B4DD9C00C624F0 /* SKUser.h */,
				55D6CFA911B4DD9C00C624F0 /* SKUser.m */,
				55D6CFAA11B4DD9C00C624F0 /* SKUserActivity.h */,
				55D6CFAB11B4DD9C00C624F0 /* SKUserActivity.m */,
			);
			name = User;
			sourceTree = "<group>";
		};
		55D6CFAC11B4DD9C00C624F0 /* Badge */ = {
			isa = PBXGroup;
			children = (
				55D6CFAD11B4DD9C00C624F0 /* SKBadge.h */,
				55D6CFAE11B4DD9C00C624F0 /* SKBadge.m */,
			);
			name = Badge;
			sourceTree = "<group>";
		};
		55D6CFAF11B4DD9C00C624F0 /* Tag */ = {
			isa = PBXGroup;
			children = (
				55D6CFB011B4DD9C00C624F0 /* SKTag.h */,
				55D6CFB111B4DD9C00C624F0 /* SKTag.m */,
			);
			name = Tag;
			sourceTree = "<group>";
		};
		55D6CFB211B4DD9C00C624F0 /* Posts */ = {
			isa = PBXGroup;
			children = (
				55D6CFBC11B4DD9C00C624F0 /* Comments */,
				55D6CFB511B4DD9C00C624F0 /* Q&A */,
				55D6CFB311B4DD9C00C624F0 /* SKPost.h */,
				55D6CFB411B4DD9C00C624F0 /* SKPost.m */,
			);
			name = Posts;
			sourceTree = "<group>";
		};
		55D6CFB511B4DD9C00C624F0 /* Q&A */ = {
			isa = PBXGroup;
			children = (
				55D6CFB611B4DD9C00C624F0 /* SKQAPost.h */,
				55D6CFB711B4DD9C00C624F0 /* SKQAPost.m */,
				55D6CFB811B4DD9C00C624F0 /* SKQuestion.h */,
				55D6CFB911B4DD9C00C624F0 /* SKQuestion.m */,
				55D6CFBA11B4DD9C00C624F0 /* SKAnswer.h */,
				55D6CFBB11B4DD9C00C624F0 /* SKAnswer.m */,
			);
			name = "Q&A";
			sourceTree = "<group>";
		};
		55D6CFBC11B4DD9C00C624F0 /* Comments */ = {
			isa = PBXGroup;
			children = (
				55D6CFBD11B4DD9C00C624F0 /* SKComment.h */,
				55D6CFBE11B4DD9C00C624F0 /* SKComment.m */,
			);
			name = Comments;
			sourceTree = "<group>";
		};
		55D6CFBF11B4DD9C00C624F0 /* Categories */ = {
			isa = PBXGroup;
			children = (
				AE7070C41301A07E00594D9F /* NSString+SKAdditions.h */,
				AE7070C51301A07E00594D9F /* NSString+SKAdditions.m */,
				55D6CFC011B4DD9C00C624F0 /* JSON */,
				55D6CFCE11B4DD9C00C624F0 /* NSNumberFormatter+SKAdditions.h */,
				55D6CFCF11B4DD9C00C624F0 /* NSNumberFormatter+SKAdditions.m */,
				55D6CFD011B4DD9C00C624F0 /* NSDate+SKAdditions.h */,
				55D6CFD111B4DD9C00C624F0 /* NSDate+SKAdditions.m */,
				55D6CFD211B4DD9C00C624F0 /* NSPredicate+SKAdditions.h */,
				55D6CFD311B4DD9C00C624F0 /* NSPredicate+SKAdditions.m */,
				55D6CFD411B4DD9C00C624F0 /* NSDictionary+SKAdditions.h */,
				55D6CFD511B4DD9C00C624F0 /* NSDictionary+SKAdditions.m */,
			);
			name = Categories;
			sourceTree = "<group>";
		};
		55D6CFC011B4DD9C00C624F0 /* JSON */ = {
			isa = PBXGroup;
			children = (
				55D6CFC111B4DD9C00C624F0 /* JSON.h */,
				55D6CFC211B4DD9C00C624F0 /* SKJSON.h */,
				55D6CFC311B4DD9C00C624F0 /* SKJSON.m */,
				55D6CFC411B4DD9C00C624F0 /* NSObject+SKJSON.h */,
				55D6CFC511B4DD9C00C624F0 /* NSObject+SKJSON.m */,
				55D6CFC611B4DD9C00C624F0 /* NSString+SKJSON.h */,
				55D6CFC711B4DD9C00C624F0 /* NSString+SKJSON.m */,
				55D6CFC811B4DD9C00C624F0 /* SKJsonBase.h */,
				55D6CFC911B4DD9C00C624F0 /* SKJsonBase.m */,
				55D6CFCA11B4DD9C00C624F0 /* SKJsonParser.h */,
				55D6CFCB11B4DD9C00C624F0 /* SKJsonParser.m */,
				55D6CFCC11B4DD9C00C624F0 /* SKJsonWriter.h */,
				55D6CFCD11B4DD9C00C624F0 /* SKJsonWriter.m */,
			);
			path = JSON;
			sourceTree = "<group>";
		};
/* End PBXGroup section */

/* Begin PBXHeadersBuildPhase section */
		D2AAC07A0554694100DB518D /* Headers */ = {
			isa = PBXHeadersBuildPhase;
			buildActionMask = 2147483647;
			files = (
				AA747D9F0F9514B9006C5449 /* StackKit_Prefix.pch in Headers */,
				55D6CFD611B4DD9C00C624F0 /* StackKit.h in Headers */,
				55D6CFD711B4DD9C00C624F0 /* StackKit_Internal.h in Headers */,
				55D6CFD811B4DD9C00C624F0 /* SKConstants.h in Headers */,
				55D6CFDA11B4DD9C00C624F0 /* SKDefinitions.h in Headers */,
				55D6CFDC11B4DD9C00C624F0 /* SKFunctions.h in Headers */,
				55D6CFDE11B4DD9C00C624F0 /* SKObject.h in Headers */,
				55D6CFE011B4DD9C00C624F0 /* SKObject+Private.h in Headers */,
				55D6CFE111B4DD9C00C624F0 /* SKSite.h in Headers */,
				55D6CFE311B4DD9C00C624F0 /* SKSite+Private.h in Headers */,
				55D6CFE411B4DD9C00C624F0 /* SKFetchRequest.h in Headers */,
				55D6CFE611B4DD9C00C624F0 /* SKFetchRequestDelegate.h in Headers */,
				55D6CFE711B4DD9C00C624F0 /* SKFetchRequest+Private.h in Headers */,
				55D6CFE811B4DD9C00C624F0 /* SKUser.h in Headers */,
				55D6CFEA11B4DD9C00C624F0 /* SKUserActivity.h in Headers */,
				55D6CFEC11B4DD9C00C624F0 /* SKBadge.h in Headers */,
				55D6CFEE11B4DD9C00C624F0 /* SKTag.h in Headers */,
				55D6CFF011B4DD9C00C624F0 /* SKPost.h in Headers */,
				55D6CFF211B4DD9C00C624F0 /* SKQAPost.h in Headers */,
				55D6CFF411B4DD9C00C624F0 /* SKQuestion.h in Headers */,
				55D6CFF611B4DD9C00C624F0 /* SKAnswer.h in Headers */,
				55D6CFF811B4DD9C00C624F0 /* SKComment.h in Headers */,
				55D6CFFA11B4DD9C00C624F0 /* JSON.h in Headers */,
				55D6CFFB11B4DD9C00C624F0 /* SKJSON.h in Headers */,
				55D6CFFD11B4DD9C00C624F0 /* NSObject+SKJSON.h in Headers */,
				55D6CFFF11B4DD9C00C624F0 /* NSString+SKJSON.h in Headers */,
				55D6D00111B4DD9C00C624F0 /* SKJsonBase.h in Headers */,
				55D6D00311B4DD9C00C624F0 /* SKJsonParser.h in Headers */,
				55D6D00511B4DD9C00C624F0 /* SKJsonWriter.h in Headers */,
				55D6D00711B4DD9C00C624F0 /* NSNumberFormatter+SKAdditions.h in Headers */,
				55D6D00911B4DD9C00C624F0 /* NSDate+SKAdditions.h in Headers */,
				55D6D00B11B4DD9C00C624F0 /* NSPredicate+SKAdditions.h in Headers */,
				55D6D00D11B4DD9C00C624F0 /* NSDictionary+SKAdditions.h in Headers */,
				558333C511B768D500CA8D62 /* SKSiteDelegate.h in Headers */,
				4C5BF9A611E0F1ED001E0996 /* SKCallback.h in Headers */,
				4C5BF9B411E0F3E3001E0996 /* SKConstants_Internal.h in Headers */,
				551B042212E82E5500BF14BC /* SKRequestBuilder.h in Headers */,
				551B042412E82E5500BF14BC /* _SKConcreteRequestBuilder.h in Headers */,
				551B042612E82E5500BF14BC /* _SKRequestBuilderTags.h in Headers */,
				551B042812E82E5500BF14BC /* _SKRequestBuilderUserTags.h in Headers */,
				551B042A12E82E5500BF14BC /* _SKRequestBuilderQuestions.h in Headers */,
				551B042C12E82E5500BF14BC /* _SKRequestBuilderQuestionsByID.h in Headers */,
				551B042E12E82E5500BF14BC /* _SKRequestBuilderUnansweredQuestions.h in Headers */,
				551B043012E82E5500BF14BC /* _SKRequestBuilderQuestionSearch.h in Headers */,
				551B043212E82E5500BF14BC /* _SKRequestBuilderFavoritedQuestions.h in Headers */,
				551B043412E82E5500BF14BC /* _SKRequestBuilderQuestionsByUser.h in Headers */,
				551B043612E82E5500BF14BC /* _SKRequestBuilderAnswersByID.h in Headers */,
				551B043812E82E5500BF14BC /* _SKRequestBuilderAnswersForQuestion.h in Headers */,
				551B043A12E82E5500BF14BC /* _SKRequestBuilderAnswersForUser.h in Headers */,
				551B043C12E82E5600BF14BC /* _SKRequestBuilderCommentsForAnswer.h in Headers */,
				551B043E12E82E5600BF14BC /* _SKRequestBuilderCommentsByID.h in Headers */,
				551B044012E82E5600BF14BC /* _SKRequestBuilderCommentsForQuestion.h in Headers */,
				551B044212E82E5600BF14BC /* _SKRequestBuilderCommentsByUser.h in Headers */,
				551B044412E82E5600BF14BC /* _SKRequestBuilderCommentsFromUserToUser.h in Headers */,
				551B044612E82E5600BF14BC /* _SKRequestBuilderCommentsToUser.h in Headers */,
				551B044812E82E5600BF14BC /* _SKRequestBuilderUsersWithBadge.h in Headers */,
				551B044A12E82E5600BF14BC /* _SKRequestBuilderUsers.h in Headers */,
				551B044C12E82E5600BF14BC /* _SKRequestBuilderUsersByID.h in Headers */,
				551B044E12E82E5600BF14BC /* _SKRequestBuilderUserModerators.h in Headers */,
				551B045012E82E5600BF14BC /* _SKRequestBuilderAllBadges.h in Headers */,
				551B045212E82E5600BF14BC /* _SKRequestBuilderNameBadges.h in Headers */,
				551B045412E82E5600BF14BC /* _SKRequestBuilderTagBadges.h in Headers */,
				551B045612E82E5600BF14BC /* _SKRequestBuilderBadgesForUser.h in Headers */,
				AE7070C61301A07E00594D9F /* NSString+SKAdditions.h in Headers */,
			);
			runOnlyForDeploymentPostprocessing = 0;
		};
/* End PBXHeadersBuildPhase section */

/* Begin PBXNativeTarget section */
		D2AAC07D0554694100DB518D /* StackKitMobile */ = {
			isa = PBXNativeTarget;
			buildConfigurationList = 1DEB921E08733DC00010E9CD /* Build configuration list for PBXNativeTarget "StackKitMobile" */;
			buildPhases = (
				D2AAC07A0554694100DB518D /* Headers */,
				D2AAC07B0554694100DB518D /* Sources */,
				D2AAC07C0554694100DB518D /* Frameworks */,
			);
			buildRules = (
			);
			dependencies = (
			);
			name = StackKitMobile;
			productName = StackKitMobile;
			productReference = D2AAC07E0554694100DB518D /* libStackKitMobile.a */;
			productType = "com.apple.product-type.library.static";
		};
/* End PBXNativeTarget section */

/* Begin PBXProject section */
		0867D690FE84028FC02AAC07 /* Project object */ = {
			isa = PBXProject;
			buildConfigurationList = 1DEB922208733DC00010E9CD /* Build configuration list for PBXProject "StackKitMobile" */;
			compatibilityVersion = "Xcode 3.1";
			developmentRegion = English;
			hasScannedForEncodings = 1;
			knownRegions = (
				English,
				Japanese,
				French,
				German,
			);
			mainGroup = 0867D691FE84028FC02AAC07 /* StackKitMobile */;
			productRefGroup = 034768DFFF38A50411DB9C8B /* Products */;
			projectDirPath = "";
			projectRoot = "";
			targets = (
				D2AAC07D0554694100DB518D /* StackKitMobile */,
			);
		};
/* End PBXProject section */

/* Begin PBXSourcesBuildPhase section */
		D2AAC07B0554694100DB518D /* Sources */ = {
			isa = PBXSourcesBuildPhase;
			buildActionMask = 2147483647;
			files = (
				55D6CFD911B4DD9C00C624F0 /* SKConstants.m in Sources */,
				55D6CFDB11B4DD9C00C624F0 /* SKDefinitions.m in Sources */,
				55D6CFDD11B4DD9C00C624F0 /* SKFunctions.m in Sources */,
				55D6CFDF11B4DD9C00C624F0 /* SKObject.m in Sources */,
				55D6CFE211B4DD9C00C624F0 /* SKSite.m in Sources */,
				55D6CFE511B4DD9C00C624F0 /* SKFetchRequest.m in Sources */,
				55D6CFE911B4DD9C00C624F0 /* SKUser.m in Sources */,
				55D6CFEB11B4DD9C00C624F0 /* SKUserActivity.m in Sources */,
				55D6CFED11B4DD9C00C624F0 /* SKBadge.m in Sources */,
				55D6CFEF11B4DD9C00C624F0 /* SKTag.m in Sources */,
				55D6CFF111B4DD9C00C624F0 /* SKPost.m in Sources */,
				55D6CFF311B4DD9C00C624F0 /* SKQAPost.m in Sources */,
				55D6CFF511B4DD9C00C624F0 /* SKQuestion.m in Sources */,
				55D6CFF711B4DD9C00C624F0 /* SKAnswer.m in Sources */,
				55D6CFF911B4DD9C00C624F0 /* SKComment.m in Sources */,
				55D6CFFC11B4DD9C00C624F0 /* SKJSON.m in Sources */,
				55D6CFFE11B4DD9C00C624F0 /* NSObject+SKJSON.m in Sources */,
				55D6D00011B4DD9C00C624F0 /* NSString+SKJSON.m in Sources */,
				55D6D00211B4DD9C00C624F0 /* SKJsonBase.m in Sources */,
				55D6D00411B4DD9C00C624F0 /* SKJsonParser.m in Sources */,
				55D6D00611B4DD9C00C624F0 /* SKJsonWriter.m in Sources */,
				55D6D00811B4DD9C00C624F0 /* NSNumberFormatter+SKAdditions.m in Sources */,
				55D6D00A11B4DD9C00C624F0 /* NSDate+SKAdditions.m in Sources */,
				55D6D00C11B4DD9C00C624F0 /* NSPredicate+SKAdditions.m in Sources */,
				55D6D00E11B4DD9C00C624F0 /* NSDictionary+SKAdditions.m in Sources */,
				4C5BF9A711E0F1ED001E0996 /* SKCallback.m in Sources */,
				551B042312E82E5500BF14BC /* SKRequestBuilder.m in Sources */,
				551B042512E82E5500BF14BC /* _SKConcreteRequestBuilder.m in Sources */,
				551B042712E82E5500BF14BC /* _SKRequestBuilderTags.m in Sources */,
				551B042912E82E5500BF14BC /* _SKRequestBuilderUserTags.m in Sources */,
				551B042B12E82E5500BF14BC /* _SKRequestBuilderQuestions.m in Sources */,
				551B042D12E82E5500BF14BC /* _SKRequestBuilderQuestionsByID.m in Sources */,
				551B042F12E82E5500BF14BC /* _SKRequestBuilderUnansweredQuestions.m in Sources */,
				551B043112E82E5500BF14BC /* _SKRequestBuilderQuestionSearch.m in Sources */,
				551B043312E82E5500BF14BC /* _SKRequestBuilderFavoritedQuestions.m in Sources */,
				551B043512E82E5500BF14BC /* _SKRequestBuilderQuestionsByUser.m in Sources */,
				551B043712E82E5500BF14BC /* _SKRequestBuilderAnswersByID.m in Sources */,
				551B043912E82E5500BF14BC /* _SKRequestBuilderAnswersForQuestion.m in Sources */,
				551B043B12E82E5500BF14BC /* _SKRequestBuilderAnswersForUser.m in Sources */,
				551B043D12E82E5600BF14BC /* _SKRequestBuilderCommentsForAnswer.m in Sources */,
				551B043F12E82E5600BF14BC /* _SKRequestBuilderCommentsByID.m in Sources */,
				551B044112E82E5600BF14BC /* _SKRequestBuilderCommentsForQuestion.m in Sources */,
				551B044312E82E5600BF14BC /* _SKRequestBuilderCommentsByUser.m in Sources */,
				551B044512E82E5600BF14BC /* _SKRequestBuilderCommentsFromUserToUser.m in Sources */,
				551B044712E82E5600BF14BC /* _SKRequestBuilderCommentsToUser.m in Sources */,
				551B044912E82E5600BF14BC /* _SKRequestBuilderUsersWithBadge.m in Sources */,
				551B044B12E82E5600BF14BC /* _SKRequestBuilderUsers.m in Sources */,
				551B044D12E82E5600BF14BC /* _SKRequestBuilderUsersByID.m in Sources */,
				551B044F12E82E5600BF14BC /* _SKRequestBuilderUserModerators.m in Sources */,
				551B045112E82E5600BF14BC /* _SKRequestBuilderAllBadges.m in Sources */,
				551B045312E82E5600BF14BC /* _SKRequestBuilderNameBadges.m in Sources */,
				551B045512E82E5600BF14BC /* _SKRequestBuilderTagBadges.m in Sources */,
				551B045712E82E5600BF14BC /* _SKRequestBuilderBadgesForUser.m in Sources */,
				AE7070C71301A07E00594D9F /* NSString+SKAdditions.m in Sources */,
			);
			runOnlyForDeploymentPostprocessing = 0;
		};
/* End PBXSourcesBuildPhase section */

/* Begin XCBuildConfiguration section */
		1DEB921F08733DC00010E9CD /* Debug */ = {
			isa = XCBuildConfiguration;
			buildSettings = {
				ALWAYS_SEARCH_USER_PATHS = NO;
				COPY_PHASE_STRIP = NO;
				DSTROOT = /tmp/StackKitMobile.dst;
				GCC_DYNAMIC_NO_PIC = NO;
				GCC_ENABLE_FIX_AND_CONTINUE = YES;
				GCC_OPTIMIZATION_LEVEL = 0;
				GCC_PRECOMPILE_PREFIX_HEADER = YES;
				INSTALL_PATH = /usr/local/lib;
				PRODUCT_NAME = StackKitMobile;
			};
			name = Debug;
		};
		1DEB922008733DC00010E9CD /* Release */ = {
			isa = XCBuildConfiguration;
			buildSettings = {
				ALWAYS_SEARCH_USER_PATHS = NO;
				DSTROOT = /tmp/StackKitMobile.dst;
				GCC_PRECOMPILE_PREFIX_HEADER = YES;
				INSTALL_PATH = /usr/local/lib;
				PRODUCT_NAME = StackKitMobile;
			};
			name = Release;
		};
		1DEB922308733DC00010E9CD /* Debug */ = {
			isa = XCBuildConfiguration;
			buildSettings = {
				ARCHS = "$(ARCHS_STANDARD_32_BIT)";
				GCC_C_LANGUAGE_STANDARD = c99;
				GCC_OPTIMIZATION_LEVEL = 0;
				GCC_PRECOMPILE_PREFIX_HEADER = YES;
				GCC_PREFIX_HEADER = "Other Sources/StackKit_Prefix.pch";
				GCC_VERSION = com.apple.compilers.llvmgcc42;
				GCC_WARN_ABOUT_RETURN_TYPE = YES;
				GCC_WARN_UNUSED_VARIABLE = YES;
				OTHER_LDFLAGS = "-ObjC";
				PREBINDING = NO;
				SDKROOT = iphoneos;
			};
			name = Debug;
		};
		1DEB922408733DC00010E9CD /* Release */ = {
			isa = XCBuildConfiguration;
			buildSettings = {
				ARCHS = "$(ARCHS_STANDARD_32_BIT)";
				GCC_C_LANGUAGE_STANDARD = c99;
				GCC_PRECOMPILE_PREFIX_HEADER = YES;
				GCC_PREFIX_HEADER = "Other Sources/StackKit_Prefix.pch";
				GCC_VERSION = com.apple.compilers.llvmgcc42;
				GCC_WARN_ABOUT_RETURN_TYPE = YES;
				GCC_WARN_UNUSED_VARIABLE = YES;
				OTHER_LDFLAGS = "-ObjC";
				PREBINDING = NO;
				SDKROOT = iphoneos;
			};
			name = Release;
		};
/* End XCBuildConfiguration section */

/* Begin XCConfigurationList section */
		1DEB921E08733DC00010E9CD /* Build configuration list for PBXNativeTarget "StackKitMobile" */ = {
			isa = XCConfigurationList;
			buildConfigurations = (
				1DEB921F08733DC00010E9CD /* Debug */,
				1DEB922008733DC00010E9CD /* Release */,
			);
			defaultConfigurationIsVisible = 0;
			defaultConfigurationName = Release;
		};
		1DEB922208733DC00010E9CD /* Build configuration list for PBXProject "StackKitMobile" */ = {
			isa = XCConfigurationList;
			buildConfigurations = (
				1DEB922308733DC00010E9CD /* Debug */,
				1DEB922408733DC00010E9CD /* Release */,
			);
			defaultConfigurationIsVisible = 0;
			defaultConfigurationName = Release;
		};
/* End XCConfigurationList section */
	};
	rootObject = 0867D690FE84028FC02AAC07 /* Project object */;
}
